// !$*UTF8*$!
{
	archiveVersion = 1;
	classes = {
	};
	objectVersion = 46;
	objects = {

/* Begin PBXBuildFile section */
		0207DA581B56EA530066E2B4 /* Images.xcassets in Resources */ = {isa = PBXBuildFile; fileRef = 0207DA571B56EA530066E2B4 /* Images.xcassets */; };
		08FFF26852F14AACAD61CBFC /* WebAppConfiguration.swift in Sources */ = {isa = PBXBuildFile; fileRef = 9920EE34FA584D1F997D32A4 /* WebAppConfiguration.swift */; };
		097F829C3D42417FB1324B17 /* GCDWebServerStreamedResponse.m in Sources */ = {isa = PBXBuildFile; fileRef = B9F7D7BEB15B4003B168BC7C /* GCDWebServerStreamedResponse.m */; };
		0C25462B0E6542AEA1CDA477 /* AssetBundle.swift in Sources */ = {isa = PBXBuildFile; fileRef = 658F155D358F40B58D781573 /* AssetBundle.swift */; };
		0C9DBF1ABE384210954CBC5B /* AudioToolbox.framework in Frameworks */ = {isa = PBXBuildFile; fileRef = 9AA325DA5AE94AB5A624B228 /* AudioToolbox.framework */; settings = {ATTRIBUTES = (Weak, ); }; };
		0DD8221BA0FE4C17A1C520FA /* UIApplication+APPLocalNotification.m in Sources */ = {isa = PBXBuildFile; fileRef = 3A3B5F0BA9AB4BD0B08F0F9A /* UIApplication+APPLocalNotification.m */; };
		1475CBC47C8E46F598743F6E /* CDVWKWebViewUIDelegate.m in Sources */ = {isa = PBXBuildFile; fileRef = 01002A2F9C8745E2B4B4ACBF /* CDVWKWebViewUIDelegate.m */; };
		162511BF25D441D1A8D67F92 /* GCDWebServerURLEncodedFormRequest.m in Sources */ = {isa = PBXBuildFile; fileRef = AD637B357A554A638370063B /* GCDWebServerURLEncodedFormRequest.m */; };
		1A6DF76E9FF64BF9ADCF502C /* CDVVibration.m in Sources */ = {isa = PBXBuildFile; fileRef = 4671298C8F7F481B97EC3C6A /* CDVVibration.m */; };
		1D3623260D0F684500981E51 /* AppDelegate.m in Sources */ = {isa = PBXBuildFile; fileRef = 1D3623250D0F684500981E51 /* AppDelegate.m */; };
		1D4659A93CB94506A018B916 /* GCDWebServer.m in Sources */ = {isa = PBXBuildFile; fileRef = 39668CBCEC124FB59643C66F /* GCDWebServer.m */; };
		1D60589B0D05DD56006BFB54 /* main.m in Sources */ = {isa = PBXBuildFile; fileRef = 29B97316FDCFA39411CA2CEA /* main.m */; };
		1E83C145C7424EC9AD32B00F /* AppDelegate+notification.m in Sources */ = {isa = PBXBuildFile; fileRef = EECFE03795644C9A8E9F9CBD /* AppDelegate+notification.m */; };
		2435C3ECC9F04A4AA61B4DBD /* METRandomValueGenerator.m in Sources */ = {isa = PBXBuildFile; fileRef = 1B4D327881E445BD87DBB570 /* METRandomValueGenerator.m */; };
		2630D861A569454E992431E9 /* GCDWebServerFunctions.m in Sources */ = {isa = PBXBuildFile; fileRef = C63AADAF3AE843498ED03099 /* GCDWebServerFunctions.m */; };
		2793438F8974488EA969DCE4 /* METPlugin.m in Sources */ = {isa = PBXBuildFile; fileRef = 53E6ABE541FD4D86AAECF53C /* METPlugin.m */; };
		2CA186C490B44F2A9F0B611D /* CDVWKWebViewEngine.m in Sources */ = {isa = PBXBuildFile; fileRef = B501DE20C3464ACA97B7C14E /* CDVWKWebViewEngine.m */; };
		301BF552109A68D80062928A /* libCordova.a in Frameworks */ = {isa = PBXBuildFile; fileRef = 301BF535109A57CC0062928A /* libCordova.a */; };
		302D95F114D2391D003F00A1 /* MainViewController.m in Sources */ = {isa = PBXBuildFile; fileRef = 302D95EF14D2391D003F00A1 /* MainViewController.m */; };
		302D95F214D2391D003F00A1 /* MainViewController.xib in Resources */ = {isa = PBXBuildFile; fileRef = 302D95F014D2391D003F00A1 /* MainViewController.xib */; };
		3047A5121AB8059700498E2A /* build-debug.xcconfig in Resources */ = {isa = PBXBuildFile; fileRef = 3047A50F1AB8059700498E2A /* build-debug.xcconfig */; };
		3047A5131AB8059700498E2A /* build-release.xcconfig in Resources */ = {isa = PBXBuildFile; fileRef = 3047A5101AB8059700498E2A /* build-release.xcconfig */; };
		3047A5141AB8059700498E2A /* build.xcconfig in Resources */ = {isa = PBXBuildFile; fileRef = 3047A5111AB8059700498E2A /* build.xcconfig */; };
		35312549C81E49AD8EEEA039 /* METRetryStrategy.m in Sources */ = {isa = PBXBuildFile; fileRef = A4A0609D7E9A4BBE8AB45EE3 /* METRetryStrategy.m */; };
		388EB287E0E34A2BB0239148 /* AssetManifest.swift in Sources */ = {isa = PBXBuildFile; fileRef = 2A602955967A42FA8A263452 /* AssetManifest.swift */; };
		3B94CBE92C8D4FA1ADF3AD40 /* GCDWebServerRequest.m in Sources */ = {isa = PBXBuildFile; fileRef = 33A564BBD9244F879415A506 /* GCDWebServerRequest.m */; };
		4014984A8A044670A69069DA /* WebKit.framework in Frameworks */ = {isa = PBXBuildFile; fileRef = 939ACDA3E61649D5A8F49EF3 /* WebKit.framework */; settings = {ATTRIBUTES = (Weak, ); }; };
		4623AA0D76894107A8A021AA /* GCDWebServerFileRequest.m in Sources */ = {isa = PBXBuildFile; fileRef = F7DADA0EEFF6495E90C5B686 /* GCDWebServerFileRequest.m */; };
		553F797BAC2C4D23966FAA83 /* CDVDevice.m in Sources */ = {isa = PBXBuildFile; fileRef = ED12E2DA952E40C6A60C9C2D /* CDVDevice.m */; };
		5FA1B8AA47FF4364B9A5D208 /* GCDWebServerMultiPartFormRequest.m in Sources */ = {isa = PBXBuildFile; fileRef = CED47FB1CFCE4D21BF036C0B /* GCDWebServerMultiPartFormRequest.m */; };
		6A5C44A809B84F989E614F60 /* UILocalNotification+APPLocalNotification.m in Sources */ = {isa = PBXBuildFile; fileRef = C349AB92F6594C8183F49DAF /* UILocalNotification+APPLocalNotification.m */; };
		6D51332D9CCB4B6CB88E9404 /* Utility.swift in Sources */ = {isa = PBXBuildFile; fileRef = B118649ECD6E48049FB678A2 /* Utility.swift */; };
		7276E216858747B4B928446A /* APPLocalNotification.m in Sources */ = {isa = PBXBuildFile; fileRef = 410655C5BF5F41069AB3859B /* APPLocalNotification.m */; };
		783A6C2B03D44AB0957331F4 /* CDVNotification.bundle in Resources */ = {isa = PBXBuildFile; fileRef = 8380F9E7E28F434C982C9920 /* CDVNotification.bundle */; };
		786850A2498D4D3597CFD221 /* PushPlugin.m in Sources */ = {isa = PBXBuildFile; fileRef = FD030C11EFD74113BB74B374 /* PushPlugin.m */; };
		7FC81CB50D014FDB9921EDA6 /* CDVNotification.m in Sources */ = {isa = PBXBuildFile; fileRef = 73B4BE41A8194F45AC442FBB /* CDVNotification.m */; };
		81530E4C54B149A58FAB94B8 /* WebAppLocalServer.swift in Sources */ = {isa = PBXBuildFile; fileRef = B6933C59084E4F2588DD8E9A /* WebAppLocalServer.swift */; };
		831B55DAAB9149D4B0B956CB /* APPLocalNotificationOptions.m in Sources */ = {isa = PBXBuildFile; fileRef = A7796D3055844E44A06B390B /* APPLocalNotificationOptions.m */; };
		8D8D3AA251CB4F5E84D8D716 /* GCDWebServerResponse.m in Sources */ = {isa = PBXBuildFile; fileRef = 037CA838FEF6420192464E51 /* GCDWebServerResponse.m */; };
		9F19EFBCBF0C41AB84E12407 /* AppDelegate+APPAppEvent.m in Sources */ = {isa = PBXBuildFile; fileRef = F9583441FD9C4073A5327D6F /* AppDelegate+APPAppEvent.m */; };
		9F3F5CEF25564ABB8C6613B4 /* AssetBundleDownloader.swift in Sources */ = {isa = PBXBuildFile; fileRef = 99A2D0E540CF4798A1CF7FD5 /* AssetBundleDownloader.swift */; };
		A1960352925544BD95EEE60F /* Errors.swift in Sources */ = {isa = PBXBuildFile; fileRef = 7BE648F2A00C43C2AD5230E7 /* Errors.swift */; };
		A9FF0CD837B64244A08399B0 /* GCDWebServerErrorResponse.m in Sources */ = {isa = PBXBuildFile; fileRef = DC73AF42852D4A96AF8555AC /* GCDWebServerErrorResponse.m */; };
		AFB53B7B44864750873BE4ED /* CDVSplashScreen.m in Sources */ = {isa = PBXBuildFile; fileRef = D4E821A12BEA45219DF05807 /* CDVSplashScreen.m */; };
		BD04FEA9491842EDAE3D25AC /* Asset.swift in Sources */ = {isa = PBXBuildFile; fileRef = 589A6687FEC84FDE99822E8D /* Asset.swift */; };
		C20D4FEB1F9B4D1FA8711DD7 /* CDVStatusBar.m in Sources */ = {isa = PBXBuildFile; fileRef = 94CE34C0FA73499FA594AA2F /* CDVStatusBar.m */; };
		C40804D43EA34CC9B54AD975 /* CDVPlugin+APPAppEvent.m in Sources */ = {isa = PBXBuildFile; fileRef = 2730CF243859470DAA22DC7D /* CDVPlugin+APPAppEvent.m */; };
		C85B6A46FF1F4FED88E782CC /* GCDWebServerDataRequest.m in Sources */ = {isa = PBXBuildFile; fileRef = E7434AC1B34B4E08B7058EE6 /* GCDWebServerDataRequest.m */; };
		CE4BAA5C103B468F8FA6C26B /* GCDWebServerConnection.m in Sources */ = {isa = PBXBuildFile; fileRef = AEEF918B82EB4785A276A8C7 /* GCDWebServerConnection.m */; };
		D791257D019D4883896D522D /* libz.dylib in Frameworks */ = {isa = PBXBuildFile; fileRef = B77F053011C84C14A4595372 /* libz.dylib */; };
		DDC385524DFD4C2BACD3B861 /* GCDWebServerDataResponse.m in Sources */ = {isa = PBXBuildFile; fileRef = B79165EE8A5143B5846F85B2 /* GCDWebServerDataResponse.m */; };
		E67AB92CE146473D866CBADA /* GCDWebServerFileResponse.m in Sources */ = {isa = PBXBuildFile; fileRef = BAF4C5F12C14439CB526398E /* GCDWebServerFileResponse.m */; };
		E750BD2CC5674A9E871EC742 /* CDVViewController+SplashScreen.m in Sources */ = {isa = PBXBuildFile; fileRef = 42E8E2B62941489994A119D6 /* CDVViewController+SplashScreen.m */; };
		E88E41D928DD4DF48624B29E /* CDVLogger.m in Sources */ = {isa = PBXBuildFile; fileRef = 016105CF775A4C4596AE3AEF /* CDVLogger.m */; };
		ECC841F3DC834CB29D99C792 /* METTimer.m in Sources */ = {isa = PBXBuildFile; fileRef = 5D98EFB0BAC34A34AAC3E3F6 /* METTimer.m */; };
		F68E8A512E7745D491185D48 /* CFNetwork.framework in Frameworks */ = {isa = PBXBuildFile; fileRef = 22B7768891D541E7ADCC26C1 /* CFNetwork.framework */; };
		F9068DE59D304E2EA5B0294C /* METNetworkReachabilityManager.m in Sources */ = {isa = PBXBuildFile; fileRef = 294EEDDEAE4143CE8F72033F /* METNetworkReachabilityManager.m */; };
		FB80FAFCA6CA40BC8A9FFC63 /* AssetBundleManager.swift in Sources */ = {isa = PBXBuildFile; fileRef = 90AC899FB8ED4C8FB8569AAC /* AssetBundleManager.swift */; };
/* End PBXBuildFile section */

/* Begin PBXContainerItemProxy section */
		301BF534109A57CC0062928A /* PBXContainerItemProxy */ = {
			isa = PBXContainerItemProxy;
			containerPortal = 301BF52D109A57CC0062928A /* CordovaLib.xcodeproj */;
			proxyType = 2;
			remoteGlobalIDString = D2AAC07E0554694100DB518D;
			remoteInfo = CordovaLib;
		};
		301BF550109A68C00062928A /* PBXContainerItemProxy */ = {
			isa = PBXContainerItemProxy;
			containerPortal = 301BF52D109A57CC0062928A /* CordovaLib.xcodeproj */;
			proxyType = 1;
			remoteGlobalIDString = D2AAC07D0554694100DB518D;
			remoteInfo = CordovaLib;
		};
/* End PBXContainerItemProxy section */

/* Begin PBXFileReference section */
		01002A2F9C8745E2B4B4ACBF /* CDVWKWebViewUIDelegate.m */ = {isa = PBXFileReference; explicitFileType = undefined; fileEncoding = 4; includeInIndex = 0; lastKnownFileType = sourcecode.c.objc; name = CDVWKWebViewUIDelegate.m; path = "cordova-plugin-wkwebview-engine/CDVWKWebViewUIDelegate.m"; sourceTree = "<group>"; };
		016105CF775A4C4596AE3AEF /* CDVLogger.m */ = {isa = PBXFileReference; explicitFileType = undefined; fileEncoding = 4; includeInIndex = 0; lastKnownFileType = sourcecode.c.objc; name = CDVLogger.m; path = "cordova-plugin-console/CDVLogger.m"; sourceTree = "<group>"; };
		0207DA571B56EA530066E2B4 /* Images.xcassets */ = {isa = PBXFileReference; lastKnownFileType = folder.assetcatalog; name = Images.xcassets; path = "My Happy Blood/Images.xcassets"; sourceTree = SOURCE_ROOT; };
		026740CE006B451F987C5463 /* APPLocalNotificationOptions.h */ = {isa = PBXFileReference; explicitFileType = undefined; fileEncoding = 4; includeInIndex = 0; lastKnownFileType = sourcecode.c.h; name = APPLocalNotificationOptions.h; path = "de.appplant.cordova.plugin.local-notification/APPLocalNotificationOptions.h"; sourceTree = "<group>"; };
		037CA838FEF6420192464E51 /* GCDWebServerResponse.m */ = {isa = PBXFileReference; explicitFileType = undefined; fileEncoding = 4; includeInIndex = 0; lastKnownFileType = sourcecode.c.objc; name = GCDWebServerResponse.m; path = "cordova-plugin-meteor-webapp/GCDWebServerResponse.m"; sourceTree = "<group>"; };
		1B4D327881E445BD87DBB570 /* METRandomValueGenerator.m */ = {isa = PBXFileReference; explicitFileType = undefined; fileEncoding = 4; includeInIndex = 0; lastKnownFileType = sourcecode.c.objc; name = METRandomValueGenerator.m; path = "cordova-plugin-meteor-webapp/METRandomValueGenerator.m"; sourceTree = "<group>"; };
		1D3623240D0F684500981E51 /* AppDelegate.h */ = {isa = PBXFileReference; fileEncoding = 4; lastKnownFileType = sourcecode.c.h; path = AppDelegate.h; sourceTree = "<group>"; };
		1D3623250D0F684500981E51 /* AppDelegate.m */ = {isa = PBXFileReference; fileEncoding = 4; lastKnownFileType = sourcecode.c.objc; path = AppDelegate.m; sourceTree = "<group>"; };
		1D6058910D05DD3D006BFB54 /* My Happy Blood.app */ = {isa = PBXFileReference; explicitFileType = wrapper.application; includeInIndex = 0; path = "My Happy Blood.app"; sourceTree = BUILT_PRODUCTS_DIR; };
		22B7768891D541E7ADCC26C1 /* CFNetwork.framework */ = {isa = PBXFileReference; explicitFileType = undefined; fileEncoding = 9; includeInIndex = 0; lastKnownFileType = wrapper.framework; name = CFNetwork.framework; path = System/Library/Frameworks/CFNetwork.framework; sourceTree = SDKROOT; };
		2730CF243859470DAA22DC7D /* CDVPlugin+APPAppEvent.m */ = {isa = PBXFileReference; explicitFileType = undefined; fileEncoding = 4; includeInIndex = 0; lastKnownFileType = sourcecode.c.objc; name = "CDVPlugin+APPAppEvent.m"; path = "cordova-plugin-app-event/CDVPlugin+APPAppEvent.m"; sourceTree = "<group>"; };
		294EEDDEAE4143CE8F72033F /* METNetworkReachabilityManager.m */ = {isa = PBXFileReference; explicitFileType = undefined; fileEncoding = 4; includeInIndex = 0; lastKnownFileType = sourcecode.c.objc; name = METNetworkReachabilityManager.m; path = "cordova-plugin-meteor-webapp/METNetworkReachabilityManager.m"; sourceTree = "<group>"; };
		29B97316FDCFA39411CA2CEA /* main.m */ = {isa = PBXFileReference; fileEncoding = 4; lastKnownFileType = sourcecode.c.objc; path = main.m; sourceTree = "<group>"; };
		2A5D9B3B4E79444D82DF2DD6 /* GCDWebServer.h */ = {isa = PBXFileReference; explicitFileType = undefined; fileEncoding = 4; includeInIndex = 0; lastKnownFileType = sourcecode.c.h; name = GCDWebServer.h; path = "cordova-plugin-meteor-webapp/GCDWebServer.h"; sourceTree = "<group>"; };
		2A602955967A42FA8A263452 /* AssetManifest.swift */ = {isa = PBXFileReference; explicitFileType = undefined; fileEncoding = 4; includeInIndex = 0; lastKnownFileType = sourcecode.swift; name = AssetManifest.swift; path = "cordova-plugin-meteor-webapp/AssetManifest.swift"; sourceTree = "<group>"; };
		301BF52D109A57CC0062928A /* CordovaLib.xcodeproj */ = {isa = PBXFileReference; lastKnownFileType = "wrapper.pb-project"; name = CordovaLib.xcodeproj; path = CordovaLib/CordovaLib.xcodeproj; sourceTree = "<group>"; };
		301BF56E109A69640062928A /* www */ = {isa = PBXFileReference; lastKnownFileType = folder; path = www; sourceTree = SOURCE_ROOT; };
		302D95EE14D2391D003F00A1 /* MainViewController.h */ = {isa = PBXFileReference; fileEncoding = 4; lastKnownFileType = sourcecode.c.h; path = MainViewController.h; sourceTree = "<group>"; };
		302D95EF14D2391D003F00A1 /* MainViewController.m */ = {isa = PBXFileReference; fileEncoding = 4; lastKnownFileType = sourcecode.c.objc; path = MainViewController.m; sourceTree = "<group>"; };
		302D95F014D2391D003F00A1 /* MainViewController.xib */ = {isa = PBXFileReference; fileEncoding = 4; lastKnownFileType = file.xib; path = MainViewController.xib; sourceTree = "<group>"; };
		3047A50F1AB8059700498E2A /* build-debug.xcconfig */ = {isa = PBXFileReference; fileEncoding = 4; lastKnownFileType = text.xcconfig; name = "build-debug.xcconfig"; path = "cordova/build-debug.xcconfig"; sourceTree = SOURCE_ROOT; };
		3047A5101AB8059700498E2A /* build-release.xcconfig */ = {isa = PBXFileReference; fileEncoding = 4; lastKnownFileType = text.xcconfig; name = "build-release.xcconfig"; path = "cordova/build-release.xcconfig"; sourceTree = SOURCE_ROOT; };
		3047A5111AB8059700498E2A /* build.xcconfig */ = {isa = PBXFileReference; fileEncoding = 4; lastKnownFileType = text.xcconfig; name = build.xcconfig; path = cordova/build.xcconfig; sourceTree = SOURCE_ROOT; };
		32CA4F630368D1EE00C91783 /* My Happy Blood-Prefix.pch */ = {isa = PBXFileReference; fileEncoding = 4; lastKnownFileType = sourcecode.c.h; path = "My Happy Blood-Prefix.pch"; sourceTree = "<group>"; };
		33A564BBD9244F879415A506 /* GCDWebServerRequest.m */ = {isa = PBXFileReference; explicitFileType = undefined; fileEncoding = 4; includeInIndex = 0; lastKnownFileType = sourcecode.c.objc; name = GCDWebServerRequest.m; path = "cordova-plugin-meteor-webapp/GCDWebServerRequest.m"; sourceTree = "<group>"; };
		39668CBCEC124FB59643C66F /* GCDWebServer.m */ = {isa = PBXFileReference; explicitFileType = undefined; fileEncoding = 4; includeInIndex = 0; lastKnownFileType = sourcecode.c.objc; name = GCDWebServer.m; path = "cordova-plugin-meteor-webapp/GCDWebServer.m"; sourceTree = "<group>"; };
		39CA7AD5EC834D0B80A661EC /* GCDWebServerDataRequest.h */ = {isa = PBXFileReference; explicitFileType = undefined; fileEncoding = 4; includeInIndex = 0; lastKnownFileType = sourcecode.c.h; name = GCDWebServerDataRequest.h; path = "cordova-plugin-meteor-webapp/GCDWebServerDataRequest.h"; sourceTree = "<group>"; };
		39ED767B85074431912C8644 /* GCDWebServerErrorResponse.h */ = {isa = PBXFileReference; explicitFileType = undefined; fileEncoding = 4; includeInIndex = 0; lastKnownFileType = sourcecode.c.h; name = GCDWebServerErrorResponse.h; path = "cordova-plugin-meteor-webapp/GCDWebServerErrorResponse.h"; sourceTree = "<group>"; };
		3A0986E2E4FE4C4E99FE9E59 /* METRandomValueGenerator.h */ = {isa = PBXFileReference; explicitFileType = undefined; fileEncoding = 4; includeInIndex = 0; lastKnownFileType = sourcecode.c.h; name = METRandomValueGenerator.h; path = "cordova-plugin-meteor-webapp/METRandomValueGenerator.h"; sourceTree = "<group>"; };
		3A3B5F0BA9AB4BD0B08F0F9A /* UIApplication+APPLocalNotification.m */ = {isa = PBXFileReference; explicitFileType = undefined; fileEncoding = 4; includeInIndex = 0; lastKnownFileType = sourcecode.c.objc; name = "UIApplication+APPLocalNotification.m"; path = "de.appplant.cordova.plugin.local-notification/UIApplication+APPLocalNotification.m"; sourceTree = "<group>"; };
		3BCD1D2B69CF4663A06938DB /* APPAppEventDelegate.h */ = {isa = PBXFileReference; explicitFileType = undefined; fileEncoding = 4; includeInIndex = 0; lastKnownFileType = sourcecode.c.h; name = APPAppEventDelegate.h; path = "cordova-plugin-app-event/APPAppEventDelegate.h"; sourceTree = "<group>"; };
		410655C5BF5F41069AB3859B /* APPLocalNotification.m */ = {isa = PBXFileReference; explicitFileType = undefined; fileEncoding = 4; includeInIndex = 0; lastKnownFileType = sourcecode.c.objc; name = APPLocalNotification.m; path = "de.appplant.cordova.plugin.local-notification/APPLocalNotification.m"; sourceTree = "<group>"; };
		42114F3D6C814673A390B00E /* CDVWKWebViewEngine.h */ = {isa = PBXFileReference; explicitFileType = undefined; fileEncoding = 4; includeInIndex = 0; lastKnownFileType = sourcecode.c.h; name = CDVWKWebViewEngine.h; path = "cordova-plugin-wkwebview-engine/CDVWKWebViewEngine.h"; sourceTree = "<group>"; };
		42E8E2B62941489994A119D6 /* CDVViewController+SplashScreen.m */ = {isa = PBXFileReference; explicitFileType = undefined; fileEncoding = 4; includeInIndex = 0; lastKnownFileType = sourcecode.c.objc; name = "CDVViewController+SplashScreen.m"; path = "cordova-plugin-splashscreen/CDVViewController+SplashScreen.m"; sourceTree = "<group>"; };
		453813CE0D4845C8A38FE69B /* METNetworkReachabilityManager.h */ = {isa = PBXFileReference; explicitFileType = undefined; fileEncoding = 4; includeInIndex = 0; lastKnownFileType = sourcecode.c.h; name = METNetworkReachabilityManager.h; path = "cordova-plugin-meteor-webapp/METNetworkReachabilityManager.h"; sourceTree = "<group>"; };
		45CDD5FC7FB143408520CA84 /* METTimer.h */ = {isa = PBXFileReference; explicitFileType = undefined; fileEncoding = 4; includeInIndex = 0; lastKnownFileType = sourcecode.c.h; name = METTimer.h; path = "cordova-plugin-meteor-webapp/METTimer.h"; sourceTree = "<group>"; };
		4671298C8F7F481B97EC3C6A /* CDVVibration.m */ = {isa = PBXFileReference; explicitFileType = undefined; fileEncoding = 4; includeInIndex = 0; lastKnownFileType = sourcecode.c.objc; name = CDVVibration.m; path = "cordova-plugin-vibration/CDVVibration.m"; sourceTree = "<group>"; };
		4A18D33CDC7A4838A72B7C7E /* cordova-plugin-meteor-webapp-Bridging-Header.h */ = {isa = PBXFileReference; explicitFileType = undefined; fileEncoding = 4; includeInIndex = 0; lastKnownFileType = sourcecode.c.h; name = "cordova-plugin-meteor-webapp-Bridging-Header.h"; path = "cordova-plugin-meteor-webapp/cordova-plugin-meteor-webapp-Bridging-Header.h"; sourceTree = "<group>"; };
		4AD9B5D3470C4A21AA16326E /* GCDWebServerConnection.h */ = {isa = PBXFileReference; explicitFileType = undefined; fileEncoding = 4; includeInIndex = 0; lastKnownFileType = sourcecode.c.h; name = GCDWebServerConnection.h; path = "cordova-plugin-meteor-webapp/GCDWebServerConnection.h"; sourceTree = "<group>"; };
		50E7BCE1ABC24E37AE134A36 /* GCDWebServerDataResponse.h */ = {isa = PBXFileReference; explicitFileType = undefined; fileEncoding = 4; includeInIndex = 0; lastKnownFileType = sourcecode.c.h; name = GCDWebServerDataResponse.h; path = "cordova-plugin-meteor-webapp/GCDWebServerDataResponse.h"; sourceTree = "<group>"; };
		532B030DD272443D9A121281 /* AppDelegate+APPAppEvent.h */ = {isa = PBXFileReference; explicitFileType = undefined; fileEncoding = 4; includeInIndex = 0; lastKnownFileType = sourcecode.c.h; name = "AppDelegate+APPAppEvent.h"; path = "cordova-plugin-app-event/AppDelegate+APPAppEvent.h"; sourceTree = "<group>"; };
		53E6ABE541FD4D86AAECF53C /* METPlugin.m */ = {isa = PBXFileReference; explicitFileType = undefined; fileEncoding = 4; includeInIndex = 0; lastKnownFileType = sourcecode.c.objc; name = METPlugin.m; path = "cordova-plugin-meteor-webapp/METPlugin.m"; sourceTree = "<group>"; };
		5437C6C08E4F4063B33E5C09 /* CDVWKWebViewUIDelegate.h */ = {isa = PBXFileReference; explicitFileType = undefined; fileEncoding = 4; includeInIndex = 0; lastKnownFileType = sourcecode.c.h; name = CDVWKWebViewUIDelegate.h; path = "cordova-plugin-wkwebview-engine/CDVWKWebViewUIDelegate.h"; sourceTree = "<group>"; };
		589A6687FEC84FDE99822E8D /* Asset.swift */ = {isa = PBXFileReference; explicitFileType = undefined; fileEncoding = 4; includeInIndex = 0; lastKnownFileType = sourcecode.swift; name = Asset.swift; path = "cordova-plugin-meteor-webapp/Asset.swift"; sourceTree = "<group>"; };
		5D1A020D6B7C4A09B608872A /* GCDWebServerURLEncodedFormRequest.h */ = {isa = PBXFileReference; explicitFileType = undefined; fileEncoding = 4; includeInIndex = 0; lastKnownFileType = sourcecode.c.h; name = GCDWebServerURLEncodedFormRequest.h; path = "cordova-plugin-meteor-webapp/GCDWebServerURLEncodedFormRequest.h"; sourceTree = "<group>"; };
		5D98EFB0BAC34A34AAC3E3F6 /* METTimer.m */ = {isa = PBXFileReference; explicitFileType = undefined; fileEncoding = 4; includeInIndex = 0; lastKnownFileType = sourcecode.c.objc; name = METTimer.m; path = "cordova-plugin-meteor-webapp/METTimer.m"; sourceTree = "<group>"; };
		658F155D358F40B58D781573 /* AssetBundle.swift */ = {isa = PBXFileReference; explicitFileType = undefined; fileEncoding = 4; includeInIndex = 0; lastKnownFileType = sourcecode.swift; name = AssetBundle.swift; path = "cordova-plugin-meteor-webapp/AssetBundle.swift"; sourceTree = "<group>"; };
		69BB3513784044C4A1D4CD8F /* GCDWebServerFileResponse.h */ = {isa = PBXFileReference; explicitFileType = undefined; fileEncoding = 4; includeInIndex = 0; lastKnownFileType = sourcecode.c.h; name = GCDWebServerFileResponse.h; path = "cordova-plugin-meteor-webapp/GCDWebServerFileResponse.h"; sourceTree = "<group>"; };
		6B078A64C2A240189FD39B66 /* GCDWebServerResponse.h */ = {isa = PBXFileReference; explicitFileType = undefined; fileEncoding = 4; includeInIndex = 0; lastKnownFileType = sourcecode.c.h; name = GCDWebServerResponse.h; path = "cordova-plugin-meteor-webapp/GCDWebServerResponse.h"; sourceTree = "<group>"; };
		6FF036C1746D49FE82EB00E8 /* CDVPlugin+APPAppEvent.h */ = {isa = PBXFileReference; explicitFileType = undefined; fileEncoding = 4; includeInIndex = 0; lastKnownFileType = sourcecode.c.h; name = "CDVPlugin+APPAppEvent.h"; path = "cordova-plugin-app-event/CDVPlugin+APPAppEvent.h"; sourceTree = "<group>"; };
		733E40035219462CA18DC4C9 /* APPLocalNotification.h */ = {isa = PBXFileReference; explicitFileType = undefined; fileEncoding = 4; includeInIndex = 0; lastKnownFileType = sourcecode.c.h; name = APPLocalNotification.h; path = "de.appplant.cordova.plugin.local-notification/APPLocalNotification.h"; sourceTree = "<group>"; };
		73B4BE41A8194F45AC442FBB /* CDVNotification.m */ = {isa = PBXFileReference; explicitFileType = undefined; fileEncoding = 4; includeInIndex = 0; lastKnownFileType = sourcecode.c.objc; name = CDVNotification.m; path = "cordova-plugin-dialogs/CDVNotification.m"; sourceTree = "<group>"; };
		7BE648F2A00C43C2AD5230E7 /* Errors.swift */ = {isa = PBXFileReference; explicitFileType = undefined; fileEncoding = 4; includeInIndex = 0; lastKnownFileType = sourcecode.swift; name = Errors.swift; path = "cordova-plugin-meteor-webapp/Errors.swift"; sourceTree = "<group>"; };
		830EBB317C014F6892346B89 /* CDVStatusBar.h */ = {isa = PBXFileReference; explicitFileType = undefined; fileEncoding = 4; includeInIndex = 0; lastKnownFileType = sourcecode.c.h; name = CDVStatusBar.h; path = "cordova-plugin-statusbar/CDVStatusBar.h"; sourceTree = "<group>"; };
		8380F9E7E28F434C982C9920 /* CDVNotification.bundle */ = {isa = PBXFileReference; explicitFileType = undefined; fileEncoding = 9; includeInIndex = 0; lastKnownFileType = "wrapper.plug-in"; path = CDVNotification.bundle; sourceTree = "<group>"; };
		8453C57937B34E3780C68D13 /* GCDWebServerStreamedResponse.h */ = {isa = PBXFileReference; explicitFileType = undefined; fileEncoding = 4; includeInIndex = 0; lastKnownFileType = sourcecode.c.h; name = GCDWebServerStreamedResponse.h; path = "cordova-plugin-meteor-webapp/GCDWebServerStreamedResponse.h"; sourceTree = "<group>"; };
		87BEEC37E2D947D282493B00 /* GCDWebServerHTTPStatusCodes.h */ = {isa = PBXFileReference; explicitFileType = undefined; fileEncoding = 4; includeInIndex = 0; lastKnownFileType = sourcecode.c.h; name = GCDWebServerHTTPStatusCodes.h; path = "cordova-plugin-meteor-webapp/GCDWebServerHTTPStatusCodes.h"; sourceTree = "<group>"; };
		8C5899FC007A46BD99958377 /* CDVSplashScreen.h */ = {isa = PBXFileReference; explicitFileType = undefined; fileEncoding = 4; includeInIndex = 0; lastKnownFileType = sourcecode.c.h; name = CDVSplashScreen.h; path = "cordova-plugin-splashscreen/CDVSplashScreen.h"; sourceTree = "<group>"; };
		8CBD378BD3DB43D7BC9C6597 /* CDVVibration.h */ = {isa = PBXFileReference; explicitFileType = undefined; fileEncoding = 4; includeInIndex = 0; lastKnownFileType = sourcecode.c.h; name = CDVVibration.h; path = "cordova-plugin-vibration/CDVVibration.h"; sourceTree = "<group>"; };
		8CD181648A5B4341ADC12298 /* UILocalNotification+APPLocalNotification.h */ = {isa = PBXFileReference; explicitFileType = undefined; fileEncoding = 4; includeInIndex = 0; lastKnownFileType = sourcecode.c.h; name = "UILocalNotification+APPLocalNotification.h"; path = "de.appplant.cordova.plugin.local-notification/UILocalNotification+APPLocalNotification.h"; sourceTree = "<group>"; };
		8D1107310486CEB800E47090 /* My Happy Blood-Info.plist */ = {isa = PBXFileReference; fileEncoding = 4; lastKnownFileType = text.plist.xml; name = "My Happy Blood-Info.plist"; path = "My Happy Blood/My Happy Blood-Info.plist"; plistStructureDefinitionIdentifier = "com.apple.xcode.plist.structure-definition.iphone.info-plist"; sourceTree = SOURCE_ROOT; };
		8D5E393E214F447EBEAAF921 /* UIApplication+APPLocalNotification.h */ = {isa = PBXFileReference; explicitFileType = undefined; fileEncoding = 4; includeInIndex = 0; lastKnownFileType = sourcecode.c.h; name = "UIApplication+APPLocalNotification.h"; path = "de.appplant.cordova.plugin.local-notification/UIApplication+APPLocalNotification.h"; sourceTree = "<group>"; };
		90AC899FB8ED4C8FB8569AAC /* AssetBundleManager.swift */ = {isa = PBXFileReference; explicitFileType = undefined; fileEncoding = 4; includeInIndex = 0; lastKnownFileType = sourcecode.swift; name = AssetBundleManager.swift; path = "cordova-plugin-meteor-webapp/AssetBundleManager.swift"; sourceTree = "<group>"; };
		939ACDA3E61649D5A8F49EF3 /* WebKit.framework */ = {isa = PBXFileReference; explicitFileType = undefined; fileEncoding = 9; includeInIndex = 0; lastKnownFileType = wrapper.framework; name = WebKit.framework; path = System/Library/Frameworks/WebKit.framework; sourceTree = SDKROOT; };
		94CE34C0FA73499FA594AA2F /* CDVStatusBar.m */ = {isa = PBXFileReference; explicitFileType = undefined; fileEncoding = 4; includeInIndex = 0; lastKnownFileType = sourcecode.c.objc; name = CDVStatusBar.m; path = "cordova-plugin-statusbar/CDVStatusBar.m"; sourceTree = "<group>"; };
		9920EE34FA584D1F997D32A4 /* WebAppConfiguration.swift */ = {isa = PBXFileReference; explicitFileType = undefined; fileEncoding = 4; includeInIndex = 0; lastKnownFileType = sourcecode.swift; name = WebAppConfiguration.swift; path = "cordova-plugin-meteor-webapp/WebAppConfiguration.swift"; sourceTree = "<group>"; };
		99A2D0E540CF4798A1CF7FD5 /* AssetBundleDownloader.swift */ = {isa = PBXFileReference; explicitFileType = undefined; fileEncoding = 4; includeInIndex = 0; lastKnownFileType = sourcecode.swift; name = AssetBundleDownloader.swift; path = "cordova-plugin-meteor-webapp/AssetBundleDownloader.swift"; sourceTree = "<group>"; };
		9AA325DA5AE94AB5A624B228 /* AudioToolbox.framework */ = {isa = PBXFileReference; explicitFileType = undefined; fileEncoding = 9; includeInIndex = 0; lastKnownFileType = wrapper.framework; name = AudioToolbox.framework; path = System/Library/Frameworks/AudioToolbox.framework; sourceTree = SDKROOT; };
		A4A0609D7E9A4BBE8AB45EE3 /* METRetryStrategy.m */ = {isa = PBXFileReference; explicitFileType = undefined; fileEncoding = 4; includeInIndex = 0; lastKnownFileType = sourcecode.c.objc; name = METRetryStrategy.m; path = "cordova-plugin-meteor-webapp/METRetryStrategy.m"; sourceTree = "<group>"; };
		A660BA57003E4202B3902EE6 /* CDVNotification.h */ = {isa = PBXFileReference; explicitFileType = undefined; fileEncoding = 4; includeInIndex = 0; lastKnownFileType = sourcecode.c.h; name = CDVNotification.h; path = "cordova-plugin-dialogs/CDVNotification.h"; sourceTree = "<group>"; };
		A7796D3055844E44A06B390B /* APPLocalNotificationOptions.m */ = {isa = PBXFileReference; explicitFileType = undefined; fileEncoding = 4; includeInIndex = 0; lastKnownFileType = sourcecode.c.objc; name = APPLocalNotificationOptions.m; path = "de.appplant.cordova.plugin.local-notification/APPLocalNotificationOptions.m"; sourceTree = "<group>"; };
		AB4999F8C2CD45348FCD5333 /* GCDWebServerFunctions.h */ = {isa = PBXFileReference; explicitFileType = undefined; fileEncoding = 4; includeInIndex = 0; lastKnownFileType = sourcecode.c.h; name = GCDWebServerFunctions.h; path = "cordova-plugin-meteor-webapp/GCDWebServerFunctions.h"; sourceTree = "<group>"; };
		ACC002353D564A6EBF3C593F /* GCDWebServerFileRequest.h */ = {isa = PBXFileReference; explicitFileType = undefined; fileEncoding = 4; includeInIndex = 0; lastKnownFileType = sourcecode.c.h; name = GCDWebServerFileRequest.h; path = "cordova-plugin-meteor-webapp/GCDWebServerFileRequest.h"; sourceTree = "<group>"; };
		AD637B357A554A638370063B /* GCDWebServerURLEncodedFormRequest.m */ = {isa = PBXFileReference; explicitFileType = undefined; fileEncoding = 4; includeInIndex = 0; lastKnownFileType = sourcecode.c.objc; name = GCDWebServerURLEncodedFormRequest.m; path = "cordova-plugin-meteor-webapp/GCDWebServerURLEncodedFormRequest.m"; sourceTree = "<group>"; };
		AEEF918B82EB4785A276A8C7 /* GCDWebServerConnection.m */ = {isa = PBXFileReference; explicitFileType = undefined; fileEncoding = 4; includeInIndex = 0; lastKnownFileType = sourcecode.c.objc; name = GCDWebServerConnection.m; path = "cordova-plugin-meteor-webapp/GCDWebServerConnection.m"; sourceTree = "<group>"; };
		B118649ECD6E48049FB678A2 /* Utility.swift */ = {isa = PBXFileReference; explicitFileType = undefined; fileEncoding = 4; includeInIndex = 0; lastKnownFileType = sourcecode.swift; name = Utility.swift; path = "cordova-plugin-meteor-webapp/Utility.swift"; sourceTree = "<group>"; };
		B19B28E5CD63489099AE2F56 /* METPlugin.h */ = {isa = PBXFileReference; explicitFileType = undefined; fileEncoding = 4; includeInIndex = 0; lastKnownFileType = sourcecode.c.h; name = METPlugin.h; path = "cordova-plugin-meteor-webapp/METPlugin.h"; sourceTree = "<group>"; };
		B2AB4699267E42788DCBAECD /* AppDelegate+notification.h */ = {isa = PBXFileReference; explicitFileType = undefined; fileEncoding = 4; includeInIndex = 0; lastKnownFileType = sourcecode.c.h; name = "AppDelegate+notification.h"; path = "phonegap-plugin-push/AppDelegate+notification.h"; sourceTree = "<group>"; };
		B501DE20C3464ACA97B7C14E /* CDVWKWebViewEngine.m */ = {isa = PBXFileReference; explicitFileType = undefined; fileEncoding = 4; includeInIndex = 0; lastKnownFileType = sourcecode.c.objc; name = CDVWKWebViewEngine.m; path = "cordova-plugin-wkwebview-engine/CDVWKWebViewEngine.m"; sourceTree = "<group>"; };
		B6933C59084E4F2588DD8E9A /* WebAppLocalServer.swift */ = {isa = PBXFileReference; explicitFileType = undefined; fileEncoding = 4; includeInIndex = 0; lastKnownFileType = sourcecode.swift; name = WebAppLocalServer.swift; path = "cordova-plugin-meteor-webapp/WebAppLocalServer.swift"; sourceTree = "<group>"; };
		B77F053011C84C14A4595372 /* libz.dylib */ = {isa = PBXFileReference; explicitFileType = undefined; fileEncoding = 9; includeInIndex = 0; lastKnownFileType = "compiled.mach-o.dylib"; name = libz.dylib; path = usr/lib/libz.dylib; sourceTree = SDKROOT; };
		B79165EE8A5143B5846F85B2 /* GCDWebServerDataResponse.m */ = {isa = PBXFileReference; explicitFileType = undefined; fileEncoding = 4; includeInIndex = 0; lastKnownFileType = sourcecode.c.objc; name = GCDWebServerDataResponse.m; path = "cordova-plugin-meteor-webapp/GCDWebServerDataResponse.m"; sourceTree = "<group>"; };
		B870D8DBCD134168A2BB1AB9 /* CDVViewController+SplashScreen.h */ = {isa = PBXFileReference; explicitFileType = undefined; fileEncoding = 4; includeInIndex = 0; lastKnownFileType = sourcecode.c.h; name = "CDVViewController+SplashScreen.h"; path = "cordova-plugin-splashscreen/CDVViewController+SplashScreen.h"; sourceTree = "<group>"; };
		B9F7D7BEB15B4003B168BC7C /* GCDWebServerStreamedResponse.m */ = {isa = PBXFileReference; explicitFileType = undefined; fileEncoding = 4; includeInIndex = 0; lastKnownFileType = sourcecode.c.objc; name = GCDWebServerStreamedResponse.m; path = "cordova-plugin-meteor-webapp/GCDWebServerStreamedResponse.m"; sourceTree = "<group>"; };
		BA7C2D1C275342C6A4B88BDB /* CDVLogger.h */ = {isa = PBXFileReference; explicitFileType = undefined; fileEncoding = 4; includeInIndex = 0; lastKnownFileType = sourcecode.c.h; name = CDVLogger.h; path = "cordova-plugin-console/CDVLogger.h"; sourceTree = "<group>"; };
		BAF4C5F12C14439CB526398E /* GCDWebServerFileResponse.m */ = {isa = PBXFileReference; explicitFileType = undefined; fileEncoding = 4; includeInIndex = 0; lastKnownFileType = sourcecode.c.objc; name = GCDWebServerFileResponse.m; path = "cordova-plugin-meteor-webapp/GCDWebServerFileResponse.m"; sourceTree = "<group>"; };
		C158E70048C540F48067BE58 /* GCDWebServerPrivate.h */ = {isa = PBXFileReference; explicitFileType = undefined; fileEncoding = 4; includeInIndex = 0; lastKnownFileType = sourcecode.c.h; name = GCDWebServerPrivate.h; path = "cordova-plugin-meteor-webapp/GCDWebServerPrivate.h"; sourceTree = "<group>"; };
		C349AB92F6594C8183F49DAF /* UILocalNotification+APPLocalNotification.m */ = {isa = PBXFileReference; explicitFileType = undefined; fileEncoding = 4; includeInIndex = 0; lastKnownFileType = sourcecode.c.objc; name = "UILocalNotification+APPLocalNotification.m"; path = "de.appplant.cordova.plugin.local-notification/UILocalNotification+APPLocalNotification.m"; sourceTree = "<group>"; };
		C63AADAF3AE843498ED03099 /* GCDWebServerFunctions.m */ = {isa = PBXFileReference; explicitFileType = undefined; fileEncoding = 4; includeInIndex = 0; lastKnownFileType = sourcecode.c.objc; name = GCDWebServerFunctions.m; path = "cordova-plugin-meteor-webapp/GCDWebServerFunctions.m"; sourceTree = "<group>"; };
		CED47FB1CFCE4D21BF036C0B /* GCDWebServerMultiPartFormRequest.m */ = {isa = PBXFileReference; explicitFileType = undefined; fileEncoding = 4; includeInIndex = 0; lastKnownFileType = sourcecode.c.objc; name = GCDWebServerMultiPartFormRequest.m; path = "cordova-plugin-meteor-webapp/GCDWebServerMultiPartFormRequest.m"; sourceTree = "<group>"; };
		D49294B76853417086D59A0D /* PushPlugin.h */ = {isa = PBXFileReference; explicitFileType = undefined; fileEncoding = 4; includeInIndex = 0; lastKnownFileType = sourcecode.c.h; name = PushPlugin.h; path = "phonegap-plugin-push/PushPlugin.h"; sourceTree = "<group>"; };
		D4E821A12BEA45219DF05807 /* CDVSplashScreen.m */ = {isa = PBXFileReference; explicitFileType = undefined; fileEncoding = 4; includeInIndex = 0; lastKnownFileType = sourcecode.c.objc; name = CDVSplashScreen.m; path = "cordova-plugin-splashscreen/CDVSplashScreen.m"; sourceTree = "<group>"; };
		DA1A747264FE4AA3B2FA91D8 /* GCDWebServerMultiPartFormRequest.h */ = {isa = PBXFileReference; explicitFileType = undefined; fileEncoding = 4; includeInIndex = 0; lastKnownFileType = sourcecode.c.h; name = GCDWebServerMultiPartFormRequest.h; path = "cordova-plugin-meteor-webapp/GCDWebServerMultiPartFormRequest.h"; sourceTree = "<group>"; };
		DC73AF42852D4A96AF8555AC /* GCDWebServerErrorResponse.m */ = {isa = PBXFileReference; explicitFileType = undefined; fileEncoding = 4; includeInIndex = 0; lastKnownFileType = sourcecode.c.objc; name = GCDWebServerErrorResponse.m; path = "cordova-plugin-meteor-webapp/GCDWebServerErrorResponse.m"; sourceTree = "<group>"; };
		E0E3F24436024D868E9B414C /* CDVDevice.h */ = {isa = PBXFileReference; explicitFileType = undefined; fileEncoding = 4; includeInIndex = 0; lastKnownFileType = sourcecode.c.h; name = CDVDevice.h; path = "cordova-plugin-device/CDVDevice.h"; sourceTree = "<group>"; };
		E67C64722F784D15BB5BB8C9 /* GCDWebServerRequest.h */ = {isa = PBXFileReference; explicitFileType = undefined; fileEncoding = 4; includeInIndex = 0; lastKnownFileType = sourcecode.c.h; name = GCDWebServerRequest.h; path = "cordova-plugin-meteor-webapp/GCDWebServerRequest.h"; sourceTree = "<group>"; };
		E7434AC1B34B4E08B7058EE6 /* GCDWebServerDataRequest.m */ = {isa = PBXFileReference; explicitFileType = undefined; fileEncoding = 4; includeInIndex = 0; lastKnownFileType = sourcecode.c.objc; name = GCDWebServerDataRequest.m; path = "cordova-plugin-meteor-webapp/GCDWebServerDataRequest.m"; sourceTree = "<group>"; };
		EB87FDF31871DA8E0020F90C /* www */ = {isa = PBXFileReference; lastKnownFileType = folder; name = www; path = ../../www; sourceTree = "<group>"; };
		EB87FDF41871DAF40020F90C /* config.xml */ = {isa = PBXFileReference; lastKnownFileType = text.xml; name = config.xml; path = ../../config.xml; sourceTree = "<group>"; };
		ED12E2DA952E40C6A60C9C2D /* CDVDevice.m */ = {isa = PBXFileReference; explicitFileType = undefined; fileEncoding = 4; includeInIndex = 0; lastKnownFileType = sourcecode.c.objc; name = CDVDevice.m; path = "cordova-plugin-device/CDVDevice.m"; sourceTree = "<group>"; };
		ED33DF2A687741AEAF9F8254 /* Bridging-Header.h */ = {isa = PBXFileReference; fileEncoding = 4; lastKnownFileType = sourcecode.c.h; path = "Bridging-Header.h"; sourceTree = "<group>"; };
		EECFE03795644C9A8E9F9CBD /* AppDelegate+notification.m */ = {isa = PBXFileReference; explicitFileType = undefined; fileEncoding = 4; includeInIndex = 0; lastKnownFileType = sourcecode.c.objc; name = "AppDelegate+notification.m"; path = "phonegap-plugin-push/AppDelegate+notification.m"; sourceTree = "<group>"; };
		F7DADA0EEFF6495E90C5B686 /* GCDWebServerFileRequest.m */ = {isa = PBXFileReference; explicitFileType = undefined; fileEncoding = 4; includeInIndex = 0; lastKnownFileType = sourcecode.c.objc; name = GCDWebServerFileRequest.m; path = "cordova-plugin-meteor-webapp/GCDWebServerFileRequest.m"; sourceTree = "<group>"; };
		F840E1F0165FE0F500CFE078 /* config.xml */ = {isa = PBXFileReference; lastKnownFileType = text.xml; name = config.xml; path = "My Happy Blood/config.xml"; sourceTree = "<group>"; };
		F9583441FD9C4073A5327D6F /* AppDelegate+APPAppEvent.m */ = {isa = PBXFileReference; explicitFileType = undefined; fileEncoding = 4; includeInIndex = 0; lastKnownFileType = sourcecode.c.objc; name = "AppDelegate+APPAppEvent.m"; path = "cordova-plugin-app-event/AppDelegate+APPAppEvent.m"; sourceTree = "<group>"; };
		FD030C11EFD74113BB74B374 /* PushPlugin.m */ = {isa = PBXFileReference; explicitFileType = undefined; fileEncoding = 4; includeInIndex = 0; lastKnownFileType = sourcecode.c.objc; name = PushPlugin.m; path = "phonegap-plugin-push/PushPlugin.m"; sourceTree = "<group>"; };
		FD656DD8773840D69C5AE513 /* METRetryStrategy.h */ = {isa = PBXFileReference; explicitFileType = undefined; fileEncoding = 4; includeInIndex = 0; lastKnownFileType = sourcecode.c.h; name = METRetryStrategy.h; path = "cordova-plugin-meteor-webapp/METRetryStrategy.h"; sourceTree = "<group>"; };
/* End PBXFileReference section */

/* Begin PBXFrameworksBuildPhase section */
		1D60588F0D05DD3D006BFB54 /* Frameworks */ = {
			isa = PBXFrameworksBuildPhase;
			buildActionMask = 2147483647;
			files = (
				301BF552109A68D80062928A /* libCordova.a in Frameworks */,
				4014984A8A044670A69069DA /* WebKit.framework in Frameworks */,
				F68E8A512E7745D491185D48 /* CFNetwork.framework in Frameworks */,
				D791257D019D4883896D522D /* libz.dylib in Frameworks */,
				0C9DBF1ABE384210954CBC5B /* AudioToolbox.framework in Frameworks */,
			);
			runOnlyForDeploymentPostprocessing = 0;
		};
/* End PBXFrameworksBuildPhase section */

/* Begin PBXGroup section */
		080E96DDFE201D6D7F000001 /* Classes */ = {
			isa = PBXGroup;
			children = (
				302D95EE14D2391D003F00A1 /* MainViewController.h */,
				302D95EF14D2391D003F00A1 /* MainViewController.m */,
				302D95F014D2391D003F00A1 /* MainViewController.xib */,
				1D3623240D0F684500981E51 /* AppDelegate.h */,
				1D3623250D0F684500981E51 /* AppDelegate.m */,
			);
			name = Classes;
			path = "My Happy Blood/Classes";
			sourceTree = SOURCE_ROOT;
		};
		19C28FACFE9D520D11CA2CBB /* Products */ = {
			isa = PBXGroup;
			children = (
				1D6058910D05DD3D006BFB54 /* My Happy Blood.app */,
			);
			name = Products;
			sourceTree = "<group>";
		};
		29B97314FDCFA39411CA2CEA /* CustomTemplate */ = {
			isa = PBXGroup;
			children = (
				EB87FDF41871DAF40020F90C /* config.xml */,
				EB87FDF31871DA8E0020F90C /* www */,
				EB87FDF11871DA420020F90C /* Staging */,
				301BF52D109A57CC0062928A /* CordovaLib.xcodeproj */,
				080E96DDFE201D6D7F000001 /* Classes */,
				307C750510C5A3420062BCA9 /* Plugins */,
				29B97315FDCFA39411CA2CEA /* Other Sources */,
				29B97317FDCFA39411CA2CEA /* Resources */,
				29B97323FDCFA39411CA2CEA /* Frameworks */,
				19C28FACFE9D520D11CA2CBB /* Products */,
			);
			name = CustomTemplate;
			sourceTree = "<group>";
		};
		29B97315FDCFA39411CA2CEA /* Other Sources */ = {
			isa = PBXGroup;
			children = (
				32CA4F630368D1EE00C91783 /* My Happy Blood-Prefix.pch */,
				29B97316FDCFA39411CA2CEA /* main.m */,
				ED33DF2A687741AEAF9F8254 /* Bridging-Header.h */,
			);
			name = "Other Sources";
			path = "My Happy Blood";
			sourceTree = "<group>";
		};
		29B97317FDCFA39411CA2CEA /* Resources */ = {
			isa = PBXGroup;
			children = (
				0207DA571B56EA530066E2B4 /* Images.xcassets */,
				3047A50E1AB8057F00498E2A /* config */,
				8D1107310486CEB800E47090 /* My Happy Blood-Info.plist */,
				8380F9E7E28F434C982C9920 /* CDVNotification.bundle */,
			);
			name = Resources;
			path = "My Happy Blood/Resources";
			sourceTree = "<group>";
		};
		29B97323FDCFA39411CA2CEA /* Frameworks */ = {
			isa = PBXGroup;
			children = (
				939ACDA3E61649D5A8F49EF3 /* WebKit.framework */,
				22B7768891D541E7ADCC26C1 /* CFNetwork.framework */,
				B77F053011C84C14A4595372 /* libz.dylib */,
				9AA325DA5AE94AB5A624B228 /* AudioToolbox.framework */,
			);
			name = Frameworks;
			sourceTree = "<group>";
		};
		301BF52E109A57CC0062928A /* Products */ = {
			isa = PBXGroup;
			children = (
				301BF535109A57CC0062928A /* libCordova.a */,
			);
			name = Products;
			sourceTree = "<group>";
		};
		3047A50E1AB8057F00498E2A /* config */ = {
			isa = PBXGroup;
			children = (
				3047A50F1AB8059700498E2A /* build-debug.xcconfig */,
				3047A5101AB8059700498E2A /* build-release.xcconfig */,
				3047A5111AB8059700498E2A /* build.xcconfig */,
			);
			name = config;
			sourceTree = "<group>";
		};
		307C750510C5A3420062BCA9 /* Plugins */ = {
			isa = PBXGroup;
			children = (
				ED12E2DA952E40C6A60C9C2D /* CDVDevice.m */,
				E0E3F24436024D868E9B414C /* CDVDevice.h */,
				EECFE03795644C9A8E9F9CBD /* AppDelegate+notification.m */,
				FD030C11EFD74113BB74B374 /* PushPlugin.m */,
				B2AB4699267E42788DCBAECD /* AppDelegate+notification.h */,
				D49294B76853417086D59A0D /* PushPlugin.h */,
				B501DE20C3464ACA97B7C14E /* CDVWKWebViewEngine.m */,
				01002A2F9C8745E2B4B4ACBF /* CDVWKWebViewUIDelegate.m */,
				42114F3D6C814673A390B00E /* CDVWKWebViewEngine.h */,
				5437C6C08E4F4063B33E5C09 /* CDVWKWebViewUIDelegate.h */,
				B6933C59084E4F2588DD8E9A /* WebAppLocalServer.swift */,
				9920EE34FA584D1F997D32A4 /* WebAppConfiguration.swift */,
				90AC899FB8ED4C8FB8569AAC /* AssetBundleManager.swift */,
				658F155D358F40B58D781573 /* AssetBundle.swift */,
				589A6687FEC84FDE99822E8D /* Asset.swift */,
				99A2D0E540CF4798A1CF7FD5 /* AssetBundleDownloader.swift */,
				2A602955967A42FA8A263452 /* AssetManifest.swift */,
				7BE648F2A00C43C2AD5230E7 /* Errors.swift */,
				B118649ECD6E48049FB678A2 /* Utility.swift */,
				53E6ABE541FD4D86AAECF53C /* METPlugin.m */,
				5D98EFB0BAC34A34AAC3E3F6 /* METTimer.m */,
				A4A0609D7E9A4BBE8AB45EE3 /* METRetryStrategy.m */,
				294EEDDEAE4143CE8F72033F /* METNetworkReachabilityManager.m */,
				1B4D327881E445BD87DBB570 /* METRandomValueGenerator.m */,
				39668CBCEC124FB59643C66F /* GCDWebServer.m */,
				AEEF918B82EB4785A276A8C7 /* GCDWebServerConnection.m */,
				C63AADAF3AE843498ED03099 /* GCDWebServerFunctions.m */,
				33A564BBD9244F879415A506 /* GCDWebServerRequest.m */,
				037CA838FEF6420192464E51 /* GCDWebServerResponse.m */,
				E7434AC1B34B4E08B7058EE6 /* GCDWebServerDataRequest.m */,
				F7DADA0EEFF6495E90C5B686 /* GCDWebServerFileRequest.m */,
				CED47FB1CFCE4D21BF036C0B /* GCDWebServerMultiPartFormRequest.m */,
				AD637B357A554A638370063B /* GCDWebServerURLEncodedFormRequest.m */,
				B79165EE8A5143B5846F85B2 /* GCDWebServerDataResponse.m */,
				DC73AF42852D4A96AF8555AC /* GCDWebServerErrorResponse.m */,
				BAF4C5F12C14439CB526398E /* GCDWebServerFileResponse.m */,
				B9F7D7BEB15B4003B168BC7C /* GCDWebServerStreamedResponse.m */,
				4A18D33CDC7A4838A72B7C7E /* cordova-plugin-meteor-webapp-Bridging-Header.h */,
				B19B28E5CD63489099AE2F56 /* METPlugin.h */,
				45CDD5FC7FB143408520CA84 /* METTimer.h */,
				FD656DD8773840D69C5AE513 /* METRetryStrategy.h */,
				453813CE0D4845C8A38FE69B /* METNetworkReachabilityManager.h */,
				3A0986E2E4FE4C4E99FE9E59 /* METRandomValueGenerator.h */,
				2A5D9B3B4E79444D82DF2DD6 /* GCDWebServer.h */,
				4AD9B5D3470C4A21AA16326E /* GCDWebServerConnection.h */,
				AB4999F8C2CD45348FCD5333 /* GCDWebServerFunctions.h */,
				87BEEC37E2D947D282493B00 /* GCDWebServerHTTPStatusCodes.h */,
				C158E70048C540F48067BE58 /* GCDWebServerPrivate.h */,
				E67C64722F784D15BB5BB8C9 /* GCDWebServerRequest.h */,
				6B078A64C2A240189FD39B66 /* GCDWebServerResponse.h */,
				39CA7AD5EC834D0B80A661EC /* GCDWebServerDataRequest.h */,
				ACC002353D564A6EBF3C593F /* GCDWebServerFileRequest.h */,
				DA1A747264FE4AA3B2FA91D8 /* GCDWebServerMultiPartFormRequest.h */,
				5D1A020D6B7C4A09B608872A /* GCDWebServerURLEncodedFormRequest.h */,
				50E7BCE1ABC24E37AE134A36 /* GCDWebServerDataResponse.h */,
				39ED767B85074431912C8644 /* GCDWebServerErrorResponse.h */,
				69BB3513784044C4A1D4CD8F /* GCDWebServerFileResponse.h */,
				8453C57937B34E3780C68D13 /* GCDWebServerStreamedResponse.h */,
				94CE34C0FA73499FA594AA2F /* CDVStatusBar.m */,
				830EBB317C014F6892346B89 /* CDVStatusBar.h */,
				D4E821A12BEA45219DF05807 /* CDVSplashScreen.m */,
				42E8E2B62941489994A119D6 /* CDVViewController+SplashScreen.m */,
				8C5899FC007A46BD99958377 /* CDVSplashScreen.h */,
				B870D8DBCD134168A2BB1AB9 /* CDVViewController+SplashScreen.h */,
				016105CF775A4C4596AE3AEF /* CDVLogger.m */,
				BA7C2D1C275342C6A4B88BDB /* CDVLogger.h */,
				F9583441FD9C4073A5327D6F /* AppDelegate+APPAppEvent.m */,
				2730CF243859470DAA22DC7D /* CDVPlugin+APPAppEvent.m */,
				532B030DD272443D9A121281 /* AppDelegate+APPAppEvent.h */,
				6FF036C1746D49FE82EB00E8 /* CDVPlugin+APPAppEvent.h */,
				3BCD1D2B69CF4663A06938DB /* APPAppEventDelegate.h */,
				410655C5BF5F41069AB3859B /* APPLocalNotification.m */,
				A7796D3055844E44A06B390B /* APPLocalNotificationOptions.m */,
				3A3B5F0BA9AB4BD0B08F0F9A /* UIApplication+APPLocalNotification.m */,
				C349AB92F6594C8183F49DAF /* UILocalNotification+APPLocalNotification.m */,
				733E40035219462CA18DC4C9 /* APPLocalNotification.h */,
				026740CE006B451F987C5463 /* APPLocalNotificationOptions.h */,
				8D5E393E214F447EBEAAF921 /* UIApplication+APPLocalNotification.h */,
				8CD181648A5B4341ADC12298 /* UILocalNotification+APPLocalNotification.h */,
				73B4BE41A8194F45AC442FBB /* CDVNotification.m */,
				A660BA57003E4202B3902EE6 /* CDVNotification.h */,
				4671298C8F7F481B97EC3C6A /* CDVVibration.m */,
				8CBD378BD3DB43D7BC9C6597 /* CDVVibration.h */,
			);
			name = Plugins;
			path = "My Happy Blood/Plugins";
			sourceTree = SOURCE_ROOT;
		};
		EB87FDF11871DA420020F90C /* Staging */ = {
			isa = PBXGroup;
			children = (
				F840E1F0165FE0F500CFE078 /* config.xml */,
				301BF56E109A69640062928A /* www */,
			);
			name = Staging;
			sourceTree = "<group>";
		};
/* End PBXGroup section */

/* Begin PBXNativeTarget section */
		1D6058900D05DD3D006BFB54 /* My Happy Blood */ = {
			isa = PBXNativeTarget;
			buildConfigurationList = 1D6058960D05DD3E006BFB54 /* Build configuration list for PBXNativeTarget "My Happy Blood" */;
			buildPhases = (
				304B58A110DAC018002A0835 /* Copy www directory */,
				1D60588D0D05DD3D006BFB54 /* Resources */,
				1D60588E0D05DD3D006BFB54 /* Sources */,
				1D60588F0D05DD3D006BFB54 /* Frameworks */,
			);
			buildRules = (
			);
			dependencies = (
				301BF551109A68C00062928A /* PBXTargetDependency */,
			);
			name = "My Happy Blood";
			productName = "My Happy Blood";
			productReference = 1D6058910D05DD3D006BFB54 /* My Happy Blood.app */;
			productType = "com.apple.product-type.application";
		};
/* End PBXNativeTarget section */

/* Begin PBXProject section */
		29B97313FDCFA39411CA2CEA /* Project object */ = {
			isa = PBXProject;
			attributes = {
				LastSwiftUpdateCheck = 0720;
				LastUpgradeCheck = 510;
				TargetAttributes = {
					1D6058900D05DD3D006BFB54 = {
						DevelopmentTeam = GJEMRT8HVU;
					};
				};
			};
			buildConfigurationList = C01FCF4E08A954540054247B /* Build configuration list for PBXProject "My Happy Blood" */;
			compatibilityVersion = "Xcode 3.2";
			developmentRegion = English;
			hasScannedForEncodings = 1;
			knownRegions = (
				en,
			);
			mainGroup = 29B97314FDCFA39411CA2CEA /* CustomTemplate */;
			projectDirPath = "";
			projectReferences = (
				{
					ProductGroup = 301BF52E109A57CC0062928A /* Products */;
					ProjectRef = 301BF52D109A57CC0062928A /* CordovaLib.xcodeproj */;
				},
			);
			projectRoot = "";
			targets = (
				1D6058900D05DD3D006BFB54 /* My Happy Blood */,
			);
		};
/* End PBXProject section */

/* Begin PBXReferenceProxy section */
		301BF535109A57CC0062928A /* libCordova.a */ = {
			isa = PBXReferenceProxy;
			fileType = archive.ar;
			path = libCordova.a;
			remoteRef = 301BF534109A57CC0062928A /* PBXContainerItemProxy */;
			sourceTree = BUILT_PRODUCTS_DIR;
		};
/* End PBXReferenceProxy section */

/* Begin PBXResourcesBuildPhase section */
		1D60588D0D05DD3D006BFB54 /* Resources */ = {
			isa = PBXResourcesBuildPhase;
			buildActionMask = 2147483647;
			files = (
				302D95F214D2391D003F00A1 /* MainViewController.xib in Resources */,
				3047A5131AB8059700498E2A /* build-release.xcconfig in Resources */,
				3047A5141AB8059700498E2A /* build.xcconfig in Resources */,
				0207DA581B56EA530066E2B4 /* Images.xcassets in Resources */,
				3047A5121AB8059700498E2A /* build-debug.xcconfig in Resources */,
				783A6C2B03D44AB0957331F4 /* CDVNotification.bundle in Resources */,
			);
			runOnlyForDeploymentPostprocessing = 0;
		};
/* End PBXResourcesBuildPhase section */

/* Begin PBXShellScriptBuildPhase section */
		304B58A110DAC018002A0835 /* Copy www directory */ = {
			isa = PBXShellScriptBuildPhase;
			buildActionMask = 2147483647;
			files = (
			);
			inputPaths = (
			);
			name = "Copy www directory";
			outputPaths = (
			);
			runOnlyForDeploymentPostprocessing = 0;
			shellPath = /bin/sh;
			shellScript = "NODEJS_PATH=/usr/local/bin; NVM_NODE_PATH=~/.nvm/versions/node/`nvm version 2>/dev/null`/bin; N_NODE_PATH=`find /usr/local/n/versions/node/* -maxdepth 0 -type d 2>/dev/null | tail -1`/bin; XCODE_NODE_PATH=`xcode-select --print-path`/usr/share/xcs/Node/bin; PATH=$NODEJS_PATH:$NVM_NODE_PATH:$N_NODE_PATH:$XCODE_NODE_PATH:$PATH && node cordova/lib/copy-www-build-step.js";
			showEnvVarsInLog = 0;
		};
/* End PBXShellScriptBuildPhase section */

/* Begin PBXSourcesBuildPhase section */
		1D60588E0D05DD3D006BFB54 /* Sources */ = {
			isa = PBXSourcesBuildPhase;
			buildActionMask = 2147483647;
			files = (
				1D60589B0D05DD56006BFB54 /* main.m in Sources */,
				1D3623260D0F684500981E51 /* AppDelegate.m in Sources */,
				302D95F114D2391D003F00A1 /* MainViewController.m in Sources */,
				553F797BAC2C4D23966FAA83 /* CDVDevice.m in Sources */,
				1E83C145C7424EC9AD32B00F /* AppDelegate+notification.m in Sources */,
				786850A2498D4D3597CFD221 /* PushPlugin.m in Sources */,
				2CA186C490B44F2A9F0B611D /* CDVWKWebViewEngine.m in Sources */,
				1475CBC47C8E46F598743F6E /* CDVWKWebViewUIDelegate.m in Sources */,
				81530E4C54B149A58FAB94B8 /* WebAppLocalServer.swift in Sources */,
				08FFF26852F14AACAD61CBFC /* WebAppConfiguration.swift in Sources */,
				FB80FAFCA6CA40BC8A9FFC63 /* AssetBundleManager.swift in Sources */,
				0C25462B0E6542AEA1CDA477 /* AssetBundle.swift in Sources */,
				BD04FEA9491842EDAE3D25AC /* Asset.swift in Sources */,
				9F3F5CEF25564ABB8C6613B4 /* AssetBundleDownloader.swift in Sources */,
				388EB287E0E34A2BB0239148 /* AssetManifest.swift in Sources */,
				A1960352925544BD95EEE60F /* Errors.swift in Sources */,
				6D51332D9CCB4B6CB88E9404 /* Utility.swift in Sources */,
				2793438F8974488EA969DCE4 /* METPlugin.m in Sources */,
				ECC841F3DC834CB29D99C792 /* METTimer.m in Sources */,
				35312549C81E49AD8EEEA039 /* METRetryStrategy.m in Sources */,
				F9068DE59D304E2EA5B0294C /* METNetworkReachabilityManager.m in Sources */,
				2435C3ECC9F04A4AA61B4DBD /* METRandomValueGenerator.m in Sources */,
				1D4659A93CB94506A018B916 /* GCDWebServer.m in Sources */,
				CE4BAA5C103B468F8FA6C26B /* GCDWebServerConnection.m in Sources */,
				2630D861A569454E992431E9 /* GCDWebServerFunctions.m in Sources */,
				3B94CBE92C8D4FA1ADF3AD40 /* GCDWebServerRequest.m in Sources */,
				8D8D3AA251CB4F5E84D8D716 /* GCDWebServerResponse.m in Sources */,
				C85B6A46FF1F4FED88E782CC /* GCDWebServerDataRequest.m in Sources */,
				4623AA0D76894107A8A021AA /* GCDWebServerFileRequest.m in Sources */,
				5FA1B8AA47FF4364B9A5D208 /* GCDWebServerMultiPartFormRequest.m in Sources */,
				162511BF25D441D1A8D67F92 /* GCDWebServerURLEncodedFormRequest.m in Sources */,
				DDC385524DFD4C2BACD3B861 /* GCDWebServerDataResponse.m in Sources */,
				A9FF0CD837B64244A08399B0 /* GCDWebServerErrorResponse.m in Sources */,
				E67AB92CE146473D866CBADA /* GCDWebServerFileResponse.m in Sources */,
				097F829C3D42417FB1324B17 /* GCDWebServerStreamedResponse.m in Sources */,
				C20D4FEB1F9B4D1FA8711DD7 /* CDVStatusBar.m in Sources */,
				AFB53B7B44864750873BE4ED /* CDVSplashScreen.m in Sources */,
				E750BD2CC5674A9E871EC742 /* CDVViewController+SplashScreen.m in Sources */,
				E88E41D928DD4DF48624B29E /* CDVLogger.m in Sources */,
				9F19EFBCBF0C41AB84E12407 /* AppDelegate+APPAppEvent.m in Sources */,
				C40804D43EA34CC9B54AD975 /* CDVPlugin+APPAppEvent.m in Sources */,
				7276E216858747B4B928446A /* APPLocalNotification.m in Sources */,
				831B55DAAB9149D4B0B956CB /* APPLocalNotificationOptions.m in Sources */,
				0DD8221BA0FE4C17A1C520FA /* UIApplication+APPLocalNotification.m in Sources */,
				6A5C44A809B84F989E614F60 /* UILocalNotification+APPLocalNotification.m in Sources */,
				7FC81CB50D014FDB9921EDA6 /* CDVNotification.m in Sources */,
				1A6DF76E9FF64BF9ADCF502C /* CDVVibration.m in Sources */,
			);
			runOnlyForDeploymentPostprocessing = 0;
		};
/* End PBXSourcesBuildPhase section */

/* Begin PBXTargetDependency section */
		301BF551109A68C00062928A /* PBXTargetDependency */ = {
			isa = PBXTargetDependency;
			name = CordovaLib;
			targetProxy = 301BF550109A68C00062928A /* PBXContainerItemProxy */;
		};
/* End PBXTargetDependency section */

/* Begin XCBuildConfiguration section */
		1D6058940D05DD3E006BFB54 /* Debug */ = {
			isa = XCBuildConfiguration;
			baseConfigurationReference = 3047A50F1AB8059700498E2A /* build-debug.xcconfig */;
			buildSettings = {
				ALWAYS_SEARCH_USER_PATHS = NO;
				ASSETCATALOG_COMPILER_APPICON_NAME = AppIcon;
				ASSETCATALOG_COMPILER_LAUNCHIMAGE_NAME = LaunchImage;
				CLANG_ENABLE_MODULES = YES;
				CLANG_ENABLE_OBJC_ARC = YES;
				CODE_SIGN_IDENTITY = "iPhone Developer";
				COPY_PHASE_STRIP = NO;
				GCC_DYNAMIC_NO_PIC = NO;
				GCC_OPTIMIZATION_LEVEL = 0;
				GCC_PRECOMPILE_PREFIX_HEADER = YES;
				GCC_PREFIX_HEADER = "My Happy Blood/My Happy Blood-Prefix.pch";
				GCC_THUMB_SUPPORT = NO;
				GCC_VERSION = "";
				INFOPLIST_FILE = "My Happy Blood/My Happy Blood-Info.plist";
				LD_RUNPATH_SEARCH_PATHS = "@executable_path/Frameworks";
				PRODUCT_NAME = "My Happy Blood";
				TARGETED_DEVICE_FAMILY = "1,2";
			};
			name = Debug;
		};
		1D6058950D05DD3E006BFB54 /* Release */ = {
			isa = XCBuildConfiguration;
			baseConfigurationReference = 3047A5101AB8059700498E2A /* build-release.xcconfig */;
			buildSettings = {
				ALWAYS_SEARCH_USER_PATHS = NO;
				ASSETCATALOG_COMPILER_APPICON_NAME = AppIcon;
				ASSETCATALOG_COMPILER_LAUNCHIMAGE_NAME = LaunchImage;
				CLANG_ENABLE_MODULES = YES;
				CLANG_ENABLE_OBJC_ARC = YES;
				CODE_SIGN_IDENTITY = "iPhone Developer";
				COPY_PHASE_STRIP = YES;
				GCC_PRECOMPILE_PREFIX_HEADER = YES;
				GCC_PREFIX_HEADER = "My Happy Blood/My Happy Blood-Prefix.pch";
				GCC_THUMB_SUPPORT = NO;
				GCC_VERSION = "";
				INFOPLIST_FILE = "My Happy Blood/My Happy Blood-Info.plist";
				PRODUCT_NAME = "My Happy Blood";
				TARGETED_DEVICE_FAMILY = "1,2";
			};
			name = Release;
		};
		C01FCF4F08A954540054247B /* Debug */ = {
			isa = XCBuildConfiguration;
			baseConfigurationReference = 3047A5111AB8059700498E2A /* build.xcconfig */;
			buildSettings = {
				CLANG_ENABLE_MODULES = YES;
				CLANG_ENABLE_OBJC_ARC = YES;
				CLANG_WARN_BOOL_CONVERSION = YES;
				CLANG_WARN_CONSTANT_CONVERSION = YES;
				CLANG_WARN_EMPTY_BODY = YES;
				CLANG_WARN_ENUM_CONVERSION = YES;
				CLANG_WARN_INT_CONVERSION = YES;
				CLANG_WARN__DUPLICATE_METHOD_MATCH = YES;
				GCC_C_LANGUAGE_STANDARD = c99;
				GCC_THUMB_SUPPORT = NO;
				GCC_VERSION = "";
				GCC_WARN_ABOUT_RETURN_TYPE = YES;
				GCC_WARN_UNDECLARED_SELECTOR = YES;
				GCC_WARN_UNINITIALIZED_AUTOS = YES;
				GCC_WARN_UNUSED_FUNCTION = YES;
				GCC_WARN_UNUSED_VARIABLE = YES;
				ONLY_ACTIVE_ARCH = YES;
				SDKROOT = iphoneos;
				SKIP_INSTALL = NO;
			};
			name = Debug;
		};
		C01FCF5008A954540054247B /* Release */ = {
			isa = XCBuildConfiguration;
			baseConfigurationReference = 3047A5111AB8059700498E2A /* build.xcconfig */;
			buildSettings = {
				CLANG_ENABLE_MODULES = YES;
				CLANG_ENABLE_OBJC_ARC = YES;
				CLANG_WARN_BOOL_CONVERSION = YES;
				CLANG_WARN_CONSTANT_CONVERSION = YES;
				CLANG_WARN_EMPTY_BODY = YES;
				CLANG_WARN_ENUM_CONVERSION = YES;
				CLANG_WARN_INT_CONVERSION = YES;
				CLANG_WARN__DUPLICATE_METHOD_MATCH = YES;
				GCC_C_LANGUAGE_STANDARD = c99;
				GCC_THUMB_SUPPORT = NO;
				GCC_VERSION = "";
				GCC_WARN_ABOUT_RETURN_TYPE = YES;
				GCC_WARN_UNDECLARED_SELECTOR = YES;
				GCC_WARN_UNINITIALIZED_AUTOS = YES;
				GCC_WARN_UNUSED_FUNCTION = YES;
				GCC_WARN_UNUSED_VARIABLE = YES;
				SDKROOT = iphoneos;
				SKIP_INSTALL = NO;
			};
			name = Release;
		};
/* End XCBuildConfiguration section */

/* Begin XCConfigurationList section */
		1D6058960D05DD3E006BFB54 /* Build configuration list for PBXNativeTarget "My Happy Blood" */ = {
			isa = XCConfigurationList;
			buildConfigurations = (
				1D6058940D05DD3E006BFB54 /* Debug */,
				1D6058950D05DD3E006BFB54 /* Release */,
			);
			defaultConfigurationIsVisible = 0;
			defaultConfigurationName = Release;
		};
		C01FCF4E08A954540054247B /* Build configuration list for PBXProject "My Happy Blood" */ = {
			isa = XCConfigurationList;
			buildConfigurations = (
				C01FCF4F08A954540054247B /* Debug */,
				C01FCF5008A954540054247B /* Release */,
			);
			defaultConfigurationIsVisible = 0;
			defaultConfigurationName = Release;
		};
/* End XCConfigurationList section */
	};
	rootObject = 29B97313FDCFA39411CA2CEA /* Project object */;
}
