// !$*UTF8*$!
{
	archiveVersion = 1;
	classes = {
	};
	objectVersion = 46;
	objects = {
/* Begin PBXBuildFile section */
		0207DA581B56EA530066E2B4 /* Images.xcassets in Resources */ = {isa = PBXBuildFile; fileRef = 0207DA571B56EA530066E2B4 /* Images.xcassets */; };
		1D3623260D0F684500981E51 /* AppDelegate.m in Sources */ = {isa = PBXBuildFile; fileRef = 1D3623250D0F684500981E51 /* AppDelegate.m */; };
		1D60589B0D05DD56006BFB54 /* main.m in Sources */ = {isa = PBXBuildFile; fileRef = 29B97316FDCFA39411CA2CEA /* main.m */; };
		301BF552109A68D80062928A /* libCordova.a in Frameworks */ = {isa = PBXBuildFile; fileRef = 301BF535109A57CC0062928A /* libCordova.a */; };
		302D95F114D2391D003F00A1 /* MainViewController.m in Sources */ = {isa = PBXBuildFile; fileRef = 302D95EF14D2391D003F00A1 /* MainViewController.m */; };
		302D95F214D2391D003F00A1 /* MainViewController.xib in Resources */ = {isa = PBXBuildFile; fileRef = 302D95F014D2391D003F00A1 /* MainViewController.xib */; };
		3047A5121AB8059700498E2A /* build-debug.xcconfig in Resources */ = {isa = PBXBuildFile; fileRef = 3047A50F1AB8059700498E2A /* build-debug.xcconfig */; };
		3047A5131AB8059700498E2A /* build-release.xcconfig in Resources */ = {isa = PBXBuildFile; fileRef = 3047A5101AB8059700498E2A /* build-release.xcconfig */; };
		3047A5141AB8059700498E2A /* build.xcconfig in Resources */ = {isa = PBXBuildFile; fileRef = 3047A5111AB8059700498E2A /* build.xcconfig */; };
		48D45882257248EDB690D6E0 /* WebKit.framework in Frameworks */ = {isa = PBXBuildFile; fileRef = 5DAA3678D454436AA10F1396 /* WebKit.framework */; settings = {ATTRIBUTES = (Weak, ); }; };
		6D05B1476D244610AA4F79B5 /* CFNetwork.framework in Frameworks */ = {isa = PBXBuildFile; fileRef = 443F16F0C2B54993920395D7 /* CFNetwork.framework */; };
		09B2C5DA4BCC45758585FFC0 /* libz.dylib in Frameworks */ = {isa = PBXBuildFile; fileRef = 8FC8625CD5BC445EBE307050 /* libz.dylib */; };
		1B1AB7852F3149139365CFCF /* AudioToolbox.framework in Frameworks */ = {isa = PBXBuildFile; fileRef = BD3C741BD4B742A8B552CDB9 /* AudioToolbox.framework */; settings = {ATTRIBUTES = (Weak, ); }; };
		80C4D9C2B90F40CB82EB51D4 /* AppDelegate+notification.m in Sources */ = {isa = PBXBuildFile; fileRef = 6E86AD8C75BA4DC8BCAE1C0A /* AppDelegate+notification.m */; };
		A0FCBE08711242789C428AC9 /* PushPlugin.m in Sources */ = {isa = PBXBuildFile; fileRef = 7976ED815E6E4880A146782F /* PushPlugin.m */; };
		89F6BC0F399245FDB31382DE /* CDVWKWebViewEngine.m in Sources */ = {isa = PBXBuildFile; fileRef = A916ACC688774C8BA7866388 /* CDVWKWebViewEngine.m */; };
		642780A5738345E2998A5790 /* CDVWKWebViewUIDelegate.m in Sources */ = {isa = PBXBuildFile; fileRef = 1570B67C627242D19ECAA035 /* CDVWKWebViewUIDelegate.m */; };
		5BFDD48F988C4E9FB8511266 /* WebAppLocalServer.swift in Sources */ = {isa = PBXBuildFile; fileRef = B5A87A09E3C944F5A1CAE293 /* WebAppLocalServer.swift */; };
		C21214EE07B741ED9D91D057 /* WebAppConfiguration.swift in Sources */ = {isa = PBXBuildFile; fileRef = 631972DBBBBD484DA8B4B26C /* WebAppConfiguration.swift */; };
		0D0D7FABFCD44DBCA140D500 /* AssetBundleManager.swift in Sources */ = {isa = PBXBuildFile; fileRef = 369CBCBD2EF6464CA434B09D /* AssetBundleManager.swift */; };
		D853A5798A0C48F59308171D /* AssetBundle.swift in Sources */ = {isa = PBXBuildFile; fileRef = 2F5F3DA48EA1404C87983720 /* AssetBundle.swift */; };
		C89A253DBC314FFCB1CD7A16 /* Asset.swift in Sources */ = {isa = PBXBuildFile; fileRef = EC1EF631E8AD496F9A67A82F /* Asset.swift */; };
		BF67CD04850C444F9093FFC4 /* AssetBundleDownloader.swift in Sources */ = {isa = PBXBuildFile; fileRef = 168B4AFB3021449C822FB1AE /* AssetBundleDownloader.swift */; };
		03B0D990AE9D48FBB357575C /* AssetManifest.swift in Sources */ = {isa = PBXBuildFile; fileRef = B43C118910C34F6685408CEE /* AssetManifest.swift */; };
		6D8E8ECF0D4848AFB422EAA9 /* Errors.swift in Sources */ = {isa = PBXBuildFile; fileRef = C5079B0A8D4B458CBF28B69C /* Errors.swift */; };
		1A9FDA2A6B6341378E331C4C /* Utility.swift in Sources */ = {isa = PBXBuildFile; fileRef = E0F2B84EE8D44D9186CBEB1D /* Utility.swift */; };
		B88BB14916EE4C518E2131FC /* METPlugin.m in Sources */ = {isa = PBXBuildFile; fileRef = 07094C0596F64FB9BD9AE85A /* METPlugin.m */; };
		B79B831DE05F443B8AA05C4D /* METTimer.m in Sources */ = {isa = PBXBuildFile; fileRef = BC5735D912FD471493BE71D2 /* METTimer.m */; };
		346C914BC0384972B32168B2 /* METRetryStrategy.m in Sources */ = {isa = PBXBuildFile; fileRef = E038F62A66174ACC92D4C9A1 /* METRetryStrategy.m */; };
		813240FF9CA14450ABEB464F /* METNetworkReachabilityManager.m in Sources */ = {isa = PBXBuildFile; fileRef = 0A2009EA41C3440C88F6AF42 /* METNetworkReachabilityManager.m */; };
		CE0AC6DC0DE54FEAAF949D81 /* METRandomValueGenerator.m in Sources */ = {isa = PBXBuildFile; fileRef = C4398E915B04455D85D9C294 /* METRandomValueGenerator.m */; };
		0A93F34FD9E24485A5359B32 /* GCDWebServer.m in Sources */ = {isa = PBXBuildFile; fileRef = 1CA637AEFCDC4D91BD7845AF /* GCDWebServer.m */; };
		FD27A209437C45A1806D1B05 /* GCDWebServerConnection.m in Sources */ = {isa = PBXBuildFile; fileRef = 2DC7C630E0FD4E9F9B5BC966 /* GCDWebServerConnection.m */; };
		FA657DD0B21E40EEB6C0C926 /* GCDWebServerFunctions.m in Sources */ = {isa = PBXBuildFile; fileRef = 2CFC6624A7C44210871A7166 /* GCDWebServerFunctions.m */; };
		2F59BEA5F5DE4BCAA4C7AECE /* GCDWebServerRequest.m in Sources */ = {isa = PBXBuildFile; fileRef = CD640268D763476BA61710FB /* GCDWebServerRequest.m */; };
		DA207FBA40B741968924D9F9 /* GCDWebServerResponse.m in Sources */ = {isa = PBXBuildFile; fileRef = 557F4A4E9D554C3AB8244C53 /* GCDWebServerResponse.m */; };
		0F8F6ED5B977497C833A0129 /* GCDWebServerDataRequest.m in Sources */ = {isa = PBXBuildFile; fileRef = 61F2219DEDDB4E50BA44B318 /* GCDWebServerDataRequest.m */; };
		D0DE06DB811F42A28CEF46AE /* GCDWebServerFileRequest.m in Sources */ = {isa = PBXBuildFile; fileRef = 1BB7D54AB57D4BA498087668 /* GCDWebServerFileRequest.m */; };
		C3350124A46246599DFC423F /* GCDWebServerMultiPartFormRequest.m in Sources */ = {isa = PBXBuildFile; fileRef = 41561A0FBD19484FA59B2218 /* GCDWebServerMultiPartFormRequest.m */; };
		3A5E493BBDA44372863F2B34 /* GCDWebServerURLEncodedFormRequest.m in Sources */ = {isa = PBXBuildFile; fileRef = F63FCD252DE14A598962D901 /* GCDWebServerURLEncodedFormRequest.m */; };
		0F5C02536CEB4094907A16A3 /* GCDWebServerDataResponse.m in Sources */ = {isa = PBXBuildFile; fileRef = CE972EF5002A48B1A2DCE289 /* GCDWebServerDataResponse.m */; };
		BF36C9F813524F318359DDD4 /* GCDWebServerErrorResponse.m in Sources */ = {isa = PBXBuildFile; fileRef = EA0F3066FC124A50BB36EE57 /* GCDWebServerErrorResponse.m */; };
		9747720A84464D7C9A01218E /* GCDWebServerFileResponse.m in Sources */ = {isa = PBXBuildFile; fileRef = 8CF13B7AB277431090CFE1C5 /* GCDWebServerFileResponse.m */; };
		773BB2F1A7F146D59A983B40 /* GCDWebServerStreamedResponse.m in Sources */ = {isa = PBXBuildFile; fileRef = 7D92A066817B4AB8B71FEC7A /* GCDWebServerStreamedResponse.m */; };
		F8BC3497A58F402B897BC627 /* CDVStatusBar.m in Sources */ = {isa = PBXBuildFile; fileRef = C0BA8594F1CD45E9B8E8459D /* CDVStatusBar.m */; };
		97CF85F710F7446EB6A84D30 /* CDVSplashScreen.m in Sources */ = {isa = PBXBuildFile; fileRef = 8782EBD42FB64C38817C1F45 /* CDVSplashScreen.m */; };
		E49287706409424C86B6763B /* CDVViewController+SplashScreen.m in Sources */ = {isa = PBXBuildFile; fileRef = A7E41C8075A94817865868C5 /* CDVViewController+SplashScreen.m */; };
		3EB99D578B9B4AF1B771B32C /* CDVLogger.m in Sources */ = {isa = PBXBuildFile; fileRef = 8392FD4A34824737AF16A470 /* CDVLogger.m */; };
		E7BE7CD7379A4E43A1E26B8A /* CDVDevice.m in Sources */ = {isa = PBXBuildFile; fileRef = 52A5A29F67FB48C0953D56FC /* CDVDevice.m */; };
		27C992D524834202B80B78B3 /* AppDelegate+APPAppEvent.m in Sources */ = {isa = PBXBuildFile; fileRef = 1CEF84B24E284D4C9D235798 /* AppDelegate+APPAppEvent.m */; };
		67472C8C96964D3D8D149C6E /* CDVPlugin+APPAppEvent.m in Sources */ = {isa = PBXBuildFile; fileRef = DC4D4AF24502453F9D726E29 /* CDVPlugin+APPAppEvent.m */; };
		3AAD7EE342794F298A6334A8 /* APPLocalNotification.m in Sources */ = {isa = PBXBuildFile; fileRef = 6BE216F663F543BFB8C90B2B /* APPLocalNotification.m */; };
		6C8C964376D94A2C8EE599A0 /* APPLocalNotificationOptions.m in Sources */ = {isa = PBXBuildFile; fileRef = 4C9C21B25BE74C25BFB0B56C /* APPLocalNotificationOptions.m */; };
		3739DC67113B437B9975F929 /* UIApplication+APPLocalNotification.m in Sources */ = {isa = PBXBuildFile; fileRef = F466A9F6F4C6405993DC8D5F /* UIApplication+APPLocalNotification.m */; };
		E2E77E3CF2AD44A6B9FD9309 /* UILocalNotification+APPLocalNotification.m in Sources */ = {isa = PBXBuildFile; fileRef = 68315023C1B544FBBE24C663 /* UILocalNotification+APPLocalNotification.m */; };
		1D835A7DC2A54F8FBCC57302 /* CDVNotification.m in Sources */ = {isa = PBXBuildFile; fileRef = F01792A6CCE641AC9E04CBA1 /* CDVNotification.m */; };
		2892D99FAFFA40E38271A622 /* CDVNotification.bundle in Resources */ = {isa = PBXBuildFile; fileRef = 63A5A84794B74AB99210CCF7 /* CDVNotification.bundle */; };
		0145B500356F4270B9931A5A /* CDVVibration.m in Sources */ = {isa = PBXBuildFile; fileRef = 161521D2407446F09D863AC0 /* CDVVibration.m */; };
/* End PBXBuildFile section */

/* Begin PBXContainerItemProxy section */
		301BF534109A57CC0062928A /* PBXContainerItemProxy */ = {
			isa = PBXContainerItemProxy;
			containerPortal = 301BF52D109A57CC0062928A /* CordovaLib.xcodeproj */;
			proxyType = 2;
			remoteGlobalIDString = D2AAC07E0554694100DB518D;
			remoteInfo = CordovaLib;
		};
		301BF550109A68C00062928A /* PBXContainerItemProxy */ = {
			isa = PBXContainerItemProxy;
			containerPortal = 301BF52D109A57CC0062928A /* CordovaLib.xcodeproj */;
			proxyType = 1;
			remoteGlobalIDString = D2AAC07D0554694100DB518D;
			remoteInfo = CordovaLib;
		};
/* End PBXContainerItemProxy section */

/* Begin PBXFileReference section */
		0207DA571B56EA530066E2B4 /* Images.xcassets */ = {isa = PBXFileReference; lastKnownFileType = folder.assetcatalog; name = Images.xcassets; path = "MHB_Mobile/Images.xcassets"; sourceTree = SOURCE_ROOT; };
		1D3623240D0F684500981E51 /* AppDelegate.h */ = {isa = PBXFileReference; fileEncoding = 4; lastKnownFileType = sourcecode.c.h; path = AppDelegate.h; sourceTree = "<group>"; };
		1D3623250D0F684500981E51 /* AppDelegate.m */ = {isa = PBXFileReference; fileEncoding = 4; lastKnownFileType = sourcecode.c.objc; path = AppDelegate.m; sourceTree = "<group>"; };
		1D6058910D05DD3D006BFB54 /* MHB_Mobile.app */ = {isa = PBXFileReference; explicitFileType = wrapper.application; includeInIndex = 0; path = "MHB_Mobile.app"; sourceTree = BUILT_PRODUCTS_DIR; };
		29B97316FDCFA39411CA2CEA /* main.m */ = {isa = PBXFileReference; fileEncoding = 4; lastKnownFileType = sourcecode.c.objc; path = main.m; sourceTree = "<group>"; };
		301BF52D109A57CC0062928A /* CordovaLib.xcodeproj */ = {isa = PBXFileReference; lastKnownFileType = "wrapper.pb-project"; name = CordovaLib.xcodeproj; path = CordovaLib/CordovaLib.xcodeproj; sourceTree = "<group>"; };
		301BF56E109A69640062928A /* www */ = {isa = PBXFileReference; lastKnownFileType = folder; path = www; sourceTree = SOURCE_ROOT; };
		302D95EE14D2391D003F00A1 /* MainViewController.h */ = {isa = PBXFileReference; fileEncoding = 4; lastKnownFileType = sourcecode.c.h; path = MainViewController.h; sourceTree = "<group>"; };
		302D95EF14D2391D003F00A1 /* MainViewController.m */ = {isa = PBXFileReference; fileEncoding = 4; lastKnownFileType = sourcecode.c.objc; path = MainViewController.m; sourceTree = "<group>"; };
		302D95F014D2391D003F00A1 /* MainViewController.xib */ = {isa = PBXFileReference; fileEncoding = 4; lastKnownFileType = file.xib; path = MainViewController.xib; sourceTree = "<group>"; };
		3047A50F1AB8059700498E2A /* build-debug.xcconfig */ = {isa = PBXFileReference; fileEncoding = 4; lastKnownFileType = text.xcconfig; name = "build-debug.xcconfig"; path = cordova/build-debug.xcconfig; sourceTree = SOURCE_ROOT; };
		3047A5101AB8059700498E2A /* build-release.xcconfig */ = {isa = PBXFileReference; fileEncoding = 4; lastKnownFileType = text.xcconfig; name = "build-release.xcconfig"; path = cordova/build-release.xcconfig; sourceTree = SOURCE_ROOT; };
		3047A5111AB8059700498E2A /* build.xcconfig */ = {isa = PBXFileReference; fileEncoding = 4; lastKnownFileType = text.xcconfig; name = build.xcconfig; path = cordova/build.xcconfig; sourceTree = SOURCE_ROOT; };
		32CA4F630368D1EE00C91783 /* MHB_Mobile-Prefix.pch */ = {isa = PBXFileReference; fileEncoding = 4; lastKnownFileType = sourcecode.c.h; path = "MHB_Mobile-Prefix.pch"; sourceTree = "<group>"; };
		8D1107310486CEB800E47090 /* MHB_Mobile-Info.plist */ = {isa = PBXFileReference; fileEncoding = 4; lastKnownFileType = text.plist.xml; name = "MHB_Mobile-Info.plist"; path = "MHB_Mobile/MHB_Mobile-Info.plist"; plistStructureDefinitionIdentifier = "com.apple.xcode.plist.structure-definition.iphone.info-plist"; sourceTree = SOURCE_ROOT; };
		EB87FDF31871DA8E0020F90C /* www */ = {isa = PBXFileReference; lastKnownFileType = folder; name = www; path = ../../www; sourceTree = "<group>"; };
		EB87FDF41871DAF40020F90C /* config.xml */ = {isa = PBXFileReference; lastKnownFileType = text.xml; name = config.xml; path = ../../config.xml; sourceTree = "<group>"; };
		F840E1F0165FE0F500CFE078 /* config.xml */ = {isa = PBXFileReference; lastKnownFileType = text.xml; name = config.xml; path = "MHB_Mobile/config.xml"; sourceTree = "<group>"; };
		ED33DF2A687741AEAF9F8254 /* Bridging-Header.h */ = {isa = PBXFileReference; fileEncoding = 4; lastKnownFileType = sourcecode.c.h; name = "Bridging-Header.h"; path = "Bridging-Header.h"; sourceTree = "<group>"; };
		5DAA3678D454436AA10F1396 /* WebKit.framework */ = {isa = PBXFileReference; name = "WebKit.framework"; path = "System/Library/Frameworks/WebKit.framework"; sourceTree = SDKROOT; fileEncoding = undefined; lastKnownFileType = wrapper.framework; explicitFileType = undefined; includeInIndex = 0; };
		443F16F0C2B54993920395D7 /* CFNetwork.framework */ = {isa = PBXFileReference; name = "CFNetwork.framework"; path = "System/Library/Frameworks/CFNetwork.framework"; sourceTree = SDKROOT; fileEncoding = undefined; lastKnownFileType = wrapper.framework; explicitFileType = undefined; includeInIndex = 0; };
		8FC8625CD5BC445EBE307050 /* libz.dylib */ = {isa = PBXFileReference; name = "libz.dylib"; path = "usr/lib/libz.dylib"; sourceTree = SDKROOT; fileEncoding = undefined; lastKnownFileType = compiled.mach-o.dylib; explicitFileType = undefined; includeInIndex = 0; };
		BD3C741BD4B742A8B552CDB9 /* AudioToolbox.framework */ = {isa = PBXFileReference; name = "AudioToolbox.framework"; path = "System/Library/Frameworks/AudioToolbox.framework"; sourceTree = SDKROOT; fileEncoding = undefined; lastKnownFileType = wrapper.framework; explicitFileType = undefined; includeInIndex = 0; };
		6E86AD8C75BA4DC8BCAE1C0A /* AppDelegate+notification.m */ = {isa = PBXFileReference; name = "AppDelegate+notification.m"; path = "phonegap-plugin-push/AppDelegate+notification.m"; sourceTree = "<group>"; fileEncoding = 4; lastKnownFileType = sourcecode.c.objc; explicitFileType = undefined; includeInIndex = 0; };
		7976ED815E6E4880A146782F /* PushPlugin.m */ = {isa = PBXFileReference; name = "PushPlugin.m"; path = "phonegap-plugin-push/PushPlugin.m"; sourceTree = "<group>"; fileEncoding = 4; lastKnownFileType = sourcecode.c.objc; explicitFileType = undefined; includeInIndex = 0; };
		BB2E59574D6D45089CE7D808 /* AppDelegate+notification.h */ = {isa = PBXFileReference; name = "AppDelegate+notification.h"; path = "phonegap-plugin-push/AppDelegate+notification.h"; sourceTree = "<group>"; fileEncoding = 4; lastKnownFileType = sourcecode.c.h; explicitFileType = undefined; includeInIndex = 0; };
		9D753B013D3248C8B7FA74D2 /* PushPlugin.h */ = {isa = PBXFileReference; name = "PushPlugin.h"; path = "phonegap-plugin-push/PushPlugin.h"; sourceTree = "<group>"; fileEncoding = 4; lastKnownFileType = sourcecode.c.h; explicitFileType = undefined; includeInIndex = 0; };
		A916ACC688774C8BA7866388 /* CDVWKWebViewEngine.m */ = {isa = PBXFileReference; name = "CDVWKWebViewEngine.m"; path = "cordova-plugin-wkwebview-engine/CDVWKWebViewEngine.m"; sourceTree = "<group>"; fileEncoding = 4; lastKnownFileType = sourcecode.c.objc; explicitFileType = undefined; includeInIndex = 0; };
		1570B67C627242D19ECAA035 /* CDVWKWebViewUIDelegate.m */ = {isa = PBXFileReference; name = "CDVWKWebViewUIDelegate.m"; path = "cordova-plugin-wkwebview-engine/CDVWKWebViewUIDelegate.m"; sourceTree = "<group>"; fileEncoding = 4; lastKnownFileType = sourcecode.c.objc; explicitFileType = undefined; includeInIndex = 0; };
		346CF33D9FB0416091CE685B /* CDVWKWebViewEngine.h */ = {isa = PBXFileReference; name = "CDVWKWebViewEngine.h"; path = "cordova-plugin-wkwebview-engine/CDVWKWebViewEngine.h"; sourceTree = "<group>"; fileEncoding = 4; lastKnownFileType = sourcecode.c.h; explicitFileType = undefined; includeInIndex = 0; };
		2582FB324F04463286731065 /* CDVWKWebViewUIDelegate.h */ = {isa = PBXFileReference; name = "CDVWKWebViewUIDelegate.h"; path = "cordova-plugin-wkwebview-engine/CDVWKWebViewUIDelegate.h"; sourceTree = "<group>"; fileEncoding = 4; lastKnownFileType = sourcecode.c.h; explicitFileType = undefined; includeInIndex = 0; };
		B5A87A09E3C944F5A1CAE293 /* WebAppLocalServer.swift */ = {isa = PBXFileReference; name = "WebAppLocalServer.swift"; path = "cordova-plugin-meteor-webapp/WebAppLocalServer.swift"; sourceTree = "<group>"; fileEncoding = 4; lastKnownFileType = sourcecode.swift; explicitFileType = undefined; includeInIndex = 0; };
		631972DBBBBD484DA8B4B26C /* WebAppConfiguration.swift */ = {isa = PBXFileReference; name = "WebAppConfiguration.swift"; path = "cordova-plugin-meteor-webapp/WebAppConfiguration.swift"; sourceTree = "<group>"; fileEncoding = 4; lastKnownFileType = sourcecode.swift; explicitFileType = undefined; includeInIndex = 0; };
		369CBCBD2EF6464CA434B09D /* AssetBundleManager.swift */ = {isa = PBXFileReference; name = "AssetBundleManager.swift"; path = "cordova-plugin-meteor-webapp/AssetBundleManager.swift"; sourceTree = "<group>"; fileEncoding = 4; lastKnownFileType = sourcecode.swift; explicitFileType = undefined; includeInIndex = 0; };
		2F5F3DA48EA1404C87983720 /* AssetBundle.swift */ = {isa = PBXFileReference; name = "AssetBundle.swift"; path = "cordova-plugin-meteor-webapp/AssetBundle.swift"; sourceTree = "<group>"; fileEncoding = 4; lastKnownFileType = sourcecode.swift; explicitFileType = undefined; includeInIndex = 0; };
		EC1EF631E8AD496F9A67A82F /* Asset.swift */ = {isa = PBXFileReference; name = "Asset.swift"; path = "cordova-plugin-meteor-webapp/Asset.swift"; sourceTree = "<group>"; fileEncoding = 4; lastKnownFileType = sourcecode.swift; explicitFileType = undefined; includeInIndex = 0; };
		168B4AFB3021449C822FB1AE /* AssetBundleDownloader.swift */ = {isa = PBXFileReference; name = "AssetBundleDownloader.swift"; path = "cordova-plugin-meteor-webapp/AssetBundleDownloader.swift"; sourceTree = "<group>"; fileEncoding = 4; lastKnownFileType = sourcecode.swift; explicitFileType = undefined; includeInIndex = 0; };
		B43C118910C34F6685408CEE /* AssetManifest.swift */ = {isa = PBXFileReference; name = "AssetManifest.swift"; path = "cordova-plugin-meteor-webapp/AssetManifest.swift"; sourceTree = "<group>"; fileEncoding = 4; lastKnownFileType = sourcecode.swift; explicitFileType = undefined; includeInIndex = 0; };
		C5079B0A8D4B458CBF28B69C /* Errors.swift */ = {isa = PBXFileReference; name = "Errors.swift"; path = "cordova-plugin-meteor-webapp/Errors.swift"; sourceTree = "<group>"; fileEncoding = 4; lastKnownFileType = sourcecode.swift; explicitFileType = undefined; includeInIndex = 0; };
		E0F2B84EE8D44D9186CBEB1D /* Utility.swift */ = {isa = PBXFileReference; name = "Utility.swift"; path = "cordova-plugin-meteor-webapp/Utility.swift"; sourceTree = "<group>"; fileEncoding = 4; lastKnownFileType = sourcecode.swift; explicitFileType = undefined; includeInIndex = 0; };
		07094C0596F64FB9BD9AE85A /* METPlugin.m */ = {isa = PBXFileReference; name = "METPlugin.m"; path = "cordova-plugin-meteor-webapp/METPlugin.m"; sourceTree = "<group>"; fileEncoding = 4; lastKnownFileType = sourcecode.c.objc; explicitFileType = undefined; includeInIndex = 0; };
		BC5735D912FD471493BE71D2 /* METTimer.m */ = {isa = PBXFileReference; name = "METTimer.m"; path = "cordova-plugin-meteor-webapp/METTimer.m"; sourceTree = "<group>"; fileEncoding = 4; lastKnownFileType = sourcecode.c.objc; explicitFileType = undefined; includeInIndex = 0; };
		E038F62A66174ACC92D4C9A1 /* METRetryStrategy.m */ = {isa = PBXFileReference; name = "METRetryStrategy.m"; path = "cordova-plugin-meteor-webapp/METRetryStrategy.m"; sourceTree = "<group>"; fileEncoding = 4; lastKnownFileType = sourcecode.c.objc; explicitFileType = undefined; includeInIndex = 0; };
		0A2009EA41C3440C88F6AF42 /* METNetworkReachabilityManager.m */ = {isa = PBXFileReference; name = "METNetworkReachabilityManager.m"; path = "cordova-plugin-meteor-webapp/METNetworkReachabilityManager.m"; sourceTree = "<group>"; fileEncoding = 4; lastKnownFileType = sourcecode.c.objc; explicitFileType = undefined; includeInIndex = 0; };
		C4398E915B04455D85D9C294 /* METRandomValueGenerator.m */ = {isa = PBXFileReference; name = "METRandomValueGenerator.m"; path = "cordova-plugin-meteor-webapp/METRandomValueGenerator.m"; sourceTree = "<group>"; fileEncoding = 4; lastKnownFileType = sourcecode.c.objc; explicitFileType = undefined; includeInIndex = 0; };
		1CA637AEFCDC4D91BD7845AF /* GCDWebServer.m */ = {isa = PBXFileReference; name = "GCDWebServer.m"; path = "cordova-plugin-meteor-webapp/GCDWebServer.m"; sourceTree = "<group>"; fileEncoding = 4; lastKnownFileType = sourcecode.c.objc; explicitFileType = undefined; includeInIndex = 0; };
		2DC7C630E0FD4E9F9B5BC966 /* GCDWebServerConnection.m */ = {isa = PBXFileReference; name = "GCDWebServerConnection.m"; path = "cordova-plugin-meteor-webapp/GCDWebServerConnection.m"; sourceTree = "<group>"; fileEncoding = 4; lastKnownFileType = sourcecode.c.objc; explicitFileType = undefined; includeInIndex = 0; };
		2CFC6624A7C44210871A7166 /* GCDWebServerFunctions.m */ = {isa = PBXFileReference; name = "GCDWebServerFunctions.m"; path = "cordova-plugin-meteor-webapp/GCDWebServerFunctions.m"; sourceTree = "<group>"; fileEncoding = 4; lastKnownFileType = sourcecode.c.objc; explicitFileType = undefined; includeInIndex = 0; };
		CD640268D763476BA61710FB /* GCDWebServerRequest.m */ = {isa = PBXFileReference; name = "GCDWebServerRequest.m"; path = "cordova-plugin-meteor-webapp/GCDWebServerRequest.m"; sourceTree = "<group>"; fileEncoding = 4; lastKnownFileType = sourcecode.c.objc; explicitFileType = undefined; includeInIndex = 0; };
		557F4A4E9D554C3AB8244C53 /* GCDWebServerResponse.m */ = {isa = PBXFileReference; name = "GCDWebServerResponse.m"; path = "cordova-plugin-meteor-webapp/GCDWebServerResponse.m"; sourceTree = "<group>"; fileEncoding = 4; lastKnownFileType = sourcecode.c.objc; explicitFileType = undefined; includeInIndex = 0; };
		61F2219DEDDB4E50BA44B318 /* GCDWebServerDataRequest.m */ = {isa = PBXFileReference; name = "GCDWebServerDataRequest.m"; path = "cordova-plugin-meteor-webapp/GCDWebServerDataRequest.m"; sourceTree = "<group>"; fileEncoding = 4; lastKnownFileType = sourcecode.c.objc; explicitFileType = undefined; includeInIndex = 0; };
		1BB7D54AB57D4BA498087668 /* GCDWebServerFileRequest.m */ = {isa = PBXFileReference; name = "GCDWebServerFileRequest.m"; path = "cordova-plugin-meteor-webapp/GCDWebServerFileRequest.m"; sourceTree = "<group>"; fileEncoding = 4; lastKnownFileType = sourcecode.c.objc; explicitFileType = undefined; includeInIndex = 0; };
		41561A0FBD19484FA59B2218 /* GCDWebServerMultiPartFormRequest.m */ = {isa = PBXFileReference; name = "GCDWebServerMultiPartFormRequest.m"; path = "cordova-plugin-meteor-webapp/GCDWebServerMultiPartFormRequest.m"; sourceTree = "<group>"; fileEncoding = 4; lastKnownFileType = sourcecode.c.objc; explicitFileType = undefined; includeInIndex = 0; };
		F63FCD252DE14A598962D901 /* GCDWebServerURLEncodedFormRequest.m */ = {isa = PBXFileReference; name = "GCDWebServerURLEncodedFormRequest.m"; path = "cordova-plugin-meteor-webapp/GCDWebServerURLEncodedFormRequest.m"; sourceTree = "<group>"; fileEncoding = 4; lastKnownFileType = sourcecode.c.objc; explicitFileType = undefined; includeInIndex = 0; };
		CE972EF5002A48B1A2DCE289 /* GCDWebServerDataResponse.m */ = {isa = PBXFileReference; name = "GCDWebServerDataResponse.m"; path = "cordova-plugin-meteor-webapp/GCDWebServerDataResponse.m"; sourceTree = "<group>"; fileEncoding = 4; lastKnownFileType = sourcecode.c.objc; explicitFileType = undefined; includeInIndex = 0; };
		EA0F3066FC124A50BB36EE57 /* GCDWebServerErrorResponse.m */ = {isa = PBXFileReference; name = "GCDWebServerErrorResponse.m"; path = "cordova-plugin-meteor-webapp/GCDWebServerErrorResponse.m"; sourceTree = "<group>"; fileEncoding = 4; lastKnownFileType = sourcecode.c.objc; explicitFileType = undefined; includeInIndex = 0; };
		8CF13B7AB277431090CFE1C5 /* GCDWebServerFileResponse.m */ = {isa = PBXFileReference; name = "GCDWebServerFileResponse.m"; path = "cordova-plugin-meteor-webapp/GCDWebServerFileResponse.m"; sourceTree = "<group>"; fileEncoding = 4; lastKnownFileType = sourcecode.c.objc; explicitFileType = undefined; includeInIndex = 0; };
		7D92A066817B4AB8B71FEC7A /* GCDWebServerStreamedResponse.m */ = {isa = PBXFileReference; name = "GCDWebServerStreamedResponse.m"; path = "cordova-plugin-meteor-webapp/GCDWebServerStreamedResponse.m"; sourceTree = "<group>"; fileEncoding = 4; lastKnownFileType = sourcecode.c.objc; explicitFileType = undefined; includeInIndex = 0; };
		2A304634AD304664B5ADABB6 /* cordova-plugin-meteor-webapp-Bridging-Header.h */ = {isa = PBXFileReference; name = "cordova-plugin-meteor-webapp-Bridging-Header.h"; path = "cordova-plugin-meteor-webapp/cordova-plugin-meteor-webapp-Bridging-Header.h"; sourceTree = "<group>"; fileEncoding = 4; lastKnownFileType = sourcecode.c.h; explicitFileType = undefined; includeInIndex = 0; };
		A01F04A19D254EA7A0EA931B /* METPlugin.h */ = {isa = PBXFileReference; name = "METPlugin.h"; path = "cordova-plugin-meteor-webapp/METPlugin.h"; sourceTree = "<group>"; fileEncoding = 4; lastKnownFileType = sourcecode.c.h; explicitFileType = undefined; includeInIndex = 0; };
		3EC4E47F90974ED58E38A1DD /* METTimer.h */ = {isa = PBXFileReference; name = "METTimer.h"; path = "cordova-plugin-meteor-webapp/METTimer.h"; sourceTree = "<group>"; fileEncoding = 4; lastKnownFileType = sourcecode.c.h; explicitFileType = undefined; includeInIndex = 0; };
		511FBF4BA8084285A2811B61 /* METRetryStrategy.h */ = {isa = PBXFileReference; name = "METRetryStrategy.h"; path = "cordova-plugin-meteor-webapp/METRetryStrategy.h"; sourceTree = "<group>"; fileEncoding = 4; lastKnownFileType = sourcecode.c.h; explicitFileType = undefined; includeInIndex = 0; };
		3CD1676913AF443C80ED04D9 /* METNetworkReachabilityManager.h */ = {isa = PBXFileReference; name = "METNetworkReachabilityManager.h"; path = "cordova-plugin-meteor-webapp/METNetworkReachabilityManager.h"; sourceTree = "<group>"; fileEncoding = 4; lastKnownFileType = sourcecode.c.h; explicitFileType = undefined; includeInIndex = 0; };
		F77D2380F98E4E24B4DE0942 /* METRandomValueGenerator.h */ = {isa = PBXFileReference; name = "METRandomValueGenerator.h"; path = "cordova-plugin-meteor-webapp/METRandomValueGenerator.h"; sourceTree = "<group>"; fileEncoding = 4; lastKnownFileType = sourcecode.c.h; explicitFileType = undefined; includeInIndex = 0; };
		83B8C2EB03C74D83A5E0200F /* GCDWebServer.h */ = {isa = PBXFileReference; name = "GCDWebServer.h"; path = "cordova-plugin-meteor-webapp/GCDWebServer.h"; sourceTree = "<group>"; fileEncoding = 4; lastKnownFileType = sourcecode.c.h; explicitFileType = undefined; includeInIndex = 0; };
		8DB47D848C1B4959874C713B /* GCDWebServerConnection.h */ = {isa = PBXFileReference; name = "GCDWebServerConnection.h"; path = "cordova-plugin-meteor-webapp/GCDWebServerConnection.h"; sourceTree = "<group>"; fileEncoding = 4; lastKnownFileType = sourcecode.c.h; explicitFileType = undefined; includeInIndex = 0; };
		9C5F00DC2CEA4432A28DF2F1 /* GCDWebServerFunctions.h */ = {isa = PBXFileReference; name = "GCDWebServerFunctions.h"; path = "cordova-plugin-meteor-webapp/GCDWebServerFunctions.h"; sourceTree = "<group>"; fileEncoding = 4; lastKnownFileType = sourcecode.c.h; explicitFileType = undefined; includeInIndex = 0; };
		4DC9539BAA8E4B1883A26BA8 /* GCDWebServerHTTPStatusCodes.h */ = {isa = PBXFileReference; name = "GCDWebServerHTTPStatusCodes.h"; path = "cordova-plugin-meteor-webapp/GCDWebServerHTTPStatusCodes.h"; sourceTree = "<group>"; fileEncoding = 4; lastKnownFileType = sourcecode.c.h; explicitFileType = undefined; includeInIndex = 0; };
		D04F3C292D154D93870E7A99 /* GCDWebServerPrivate.h */ = {isa = PBXFileReference; name = "GCDWebServerPrivate.h"; path = "cordova-plugin-meteor-webapp/GCDWebServerPrivate.h"; sourceTree = "<group>"; fileEncoding = 4; lastKnownFileType = sourcecode.c.h; explicitFileType = undefined; includeInIndex = 0; };
		AF69B92137434C90A2CCC09C /* GCDWebServerRequest.h */ = {isa = PBXFileReference; name = "GCDWebServerRequest.h"; path = "cordova-plugin-meteor-webapp/GCDWebServerRequest.h"; sourceTree = "<group>"; fileEncoding = 4; lastKnownFileType = sourcecode.c.h; explicitFileType = undefined; includeInIndex = 0; };
		1BA2C76407EF4479AB4B337B /* GCDWebServerResponse.h */ = {isa = PBXFileReference; name = "GCDWebServerResponse.h"; path = "cordova-plugin-meteor-webapp/GCDWebServerResponse.h"; sourceTree = "<group>"; fileEncoding = 4; lastKnownFileType = sourcecode.c.h; explicitFileType = undefined; includeInIndex = 0; };
		9334391E19834B1394C47D99 /* GCDWebServerDataRequest.h */ = {isa = PBXFileReference; name = "GCDWebServerDataRequest.h"; path = "cordova-plugin-meteor-webapp/GCDWebServerDataRequest.h"; sourceTree = "<group>"; fileEncoding = 4; lastKnownFileType = sourcecode.c.h; explicitFileType = undefined; includeInIndex = 0; };
		D4D531EB661847D39B4BDAC1 /* GCDWebServerFileRequest.h */ = {isa = PBXFileReference; name = "GCDWebServerFileRequest.h"; path = "cordova-plugin-meteor-webapp/GCDWebServerFileRequest.h"; sourceTree = "<group>"; fileEncoding = 4; lastKnownFileType = sourcecode.c.h; explicitFileType = undefined; includeInIndex = 0; };
		EC4BE42E5C7F401993D11ECC /* GCDWebServerMultiPartFormRequest.h */ = {isa = PBXFileReference; name = "GCDWebServerMultiPartFormRequest.h"; path = "cordova-plugin-meteor-webapp/GCDWebServerMultiPartFormRequest.h"; sourceTree = "<group>"; fileEncoding = 4; lastKnownFileType = sourcecode.c.h; explicitFileType = undefined; includeInIndex = 0; };
		96E02D8471434FAEBB49391C /* GCDWebServerURLEncodedFormRequest.h */ = {isa = PBXFileReference; name = "GCDWebServerURLEncodedFormRequest.h"; path = "cordova-plugin-meteor-webapp/GCDWebServerURLEncodedFormRequest.h"; sourceTree = "<group>"; fileEncoding = 4; lastKnownFileType = sourcecode.c.h; explicitFileType = undefined; includeInIndex = 0; };
		E8DF40CAB14C48EBA79C8498 /* GCDWebServerDataResponse.h */ = {isa = PBXFileReference; name = "GCDWebServerDataResponse.h"; path = "cordova-plugin-meteor-webapp/GCDWebServerDataResponse.h"; sourceTree = "<group>"; fileEncoding = 4; lastKnownFileType = sourcecode.c.h; explicitFileType = undefined; includeInIndex = 0; };
		E75148B6A2AD4850AA238D0E /* GCDWebServerErrorResponse.h */ = {isa = PBXFileReference; name = "GCDWebServerErrorResponse.h"; path = "cordova-plugin-meteor-webapp/GCDWebServerErrorResponse.h"; sourceTree = "<group>"; fileEncoding = 4; lastKnownFileType = sourcecode.c.h; explicitFileType = undefined; includeInIndex = 0; };
		3A25B21B2C984AFE871C8C7B /* GCDWebServerFileResponse.h */ = {isa = PBXFileReference; name = "GCDWebServerFileResponse.h"; path = "cordova-plugin-meteor-webapp/GCDWebServerFileResponse.h"; sourceTree = "<group>"; fileEncoding = 4; lastKnownFileType = sourcecode.c.h; explicitFileType = undefined; includeInIndex = 0; };
		E5A7494811DC401DAF9D0276 /* GCDWebServerStreamedResponse.h */ = {isa = PBXFileReference; name = "GCDWebServerStreamedResponse.h"; path = "cordova-plugin-meteor-webapp/GCDWebServerStreamedResponse.h"; sourceTree = "<group>"; fileEncoding = 4; lastKnownFileType = sourcecode.c.h; explicitFileType = undefined; includeInIndex = 0; };
		C0BA8594F1CD45E9B8E8459D /* CDVStatusBar.m */ = {isa = PBXFileReference; name = "CDVStatusBar.m"; path = "cordova-plugin-statusbar/CDVStatusBar.m"; sourceTree = "<group>"; fileEncoding = 4; lastKnownFileType = sourcecode.c.objc; explicitFileType = undefined; includeInIndex = 0; };
		2F2A21BC56004E7F92E1D92F /* CDVStatusBar.h */ = {isa = PBXFileReference; name = "CDVStatusBar.h"; path = "cordova-plugin-statusbar/CDVStatusBar.h"; sourceTree = "<group>"; fileEncoding = 4; lastKnownFileType = sourcecode.c.h; explicitFileType = undefined; includeInIndex = 0; };
		8782EBD42FB64C38817C1F45 /* CDVSplashScreen.m */ = {isa = PBXFileReference; name = "CDVSplashScreen.m"; path = "cordova-plugin-splashscreen/CDVSplashScreen.m"; sourceTree = "<group>"; fileEncoding = 4; lastKnownFileType = sourcecode.c.objc; explicitFileType = undefined; includeInIndex = 0; };
		A7E41C8075A94817865868C5 /* CDVViewController+SplashScreen.m */ = {isa = PBXFileReference; name = "CDVViewController+SplashScreen.m"; path = "cordova-plugin-splashscreen/CDVViewController+SplashScreen.m"; sourceTree = "<group>"; fileEncoding = 4; lastKnownFileType = sourcecode.c.objc; explicitFileType = undefined; includeInIndex = 0; };
		A78516F9E49841BAA80A612F /* CDVSplashScreen.h */ = {isa = PBXFileReference; name = "CDVSplashScreen.h"; path = "cordova-plugin-splashscreen/CDVSplashScreen.h"; sourceTree = "<group>"; fileEncoding = 4; lastKnownFileType = sourcecode.c.h; explicitFileType = undefined; includeInIndex = 0; };
		8763A86F669648FBAC001F3B /* CDVViewController+SplashScreen.h */ = {isa = PBXFileReference; name = "CDVViewController+SplashScreen.h"; path = "cordova-plugin-splashscreen/CDVViewController+SplashScreen.h"; sourceTree = "<group>"; fileEncoding = 4; lastKnownFileType = sourcecode.c.h; explicitFileType = undefined; includeInIndex = 0; };
		8392FD4A34824737AF16A470 /* CDVLogger.m */ = {isa = PBXFileReference; name = "CDVLogger.m"; path = "cordova-plugin-console/CDVLogger.m"; sourceTree = "<group>"; fileEncoding = 4; lastKnownFileType = sourcecode.c.objc; explicitFileType = undefined; includeInIndex = 0; };
		C23B8A2DB9544F0FA7934121 /* CDVLogger.h */ = {isa = PBXFileReference; name = "CDVLogger.h"; path = "cordova-plugin-console/CDVLogger.h"; sourceTree = "<group>"; fileEncoding = 4; lastKnownFileType = sourcecode.c.h; explicitFileType = undefined; includeInIndex = 0; };
		52A5A29F67FB48C0953D56FC /* CDVDevice.m */ = {isa = PBXFileReference; name = "CDVDevice.m"; path = "cordova-plugin-device/CDVDevice.m"; sourceTree = "<group>"; fileEncoding = 4; lastKnownFileType = sourcecode.c.objc; explicitFileType = undefined; includeInIndex = 0; };
		8052BBAD16C24DEB9542E318 /* CDVDevice.h */ = {isa = PBXFileReference; name = "CDVDevice.h"; path = "cordova-plugin-device/CDVDevice.h"; sourceTree = "<group>"; fileEncoding = 4; lastKnownFileType = sourcecode.c.h; explicitFileType = undefined; includeInIndex = 0; };
		1CEF84B24E284D4C9D235798 /* AppDelegate+APPAppEvent.m */ = {isa = PBXFileReference; name = "AppDelegate+APPAppEvent.m"; path = "cordova-plugin-app-event/AppDelegate+APPAppEvent.m"; sourceTree = "<group>"; fileEncoding = 4; lastKnownFileType = sourcecode.c.objc; explicitFileType = undefined; includeInIndex = 0; };
		DC4D4AF24502453F9D726E29 /* CDVPlugin+APPAppEvent.m */ = {isa = PBXFileReference; name = "CDVPlugin+APPAppEvent.m"; path = "cordova-plugin-app-event/CDVPlugin+APPAppEvent.m"; sourceTree = "<group>"; fileEncoding = 4; lastKnownFileType = sourcecode.c.objc; explicitFileType = undefined; includeInIndex = 0; };
		56FF53CF56824440903BA647 /* AppDelegate+APPAppEvent.h */ = {isa = PBXFileReference; name = "AppDelegate+APPAppEvent.h"; path = "cordova-plugin-app-event/AppDelegate+APPAppEvent.h"; sourceTree = "<group>"; fileEncoding = 4; lastKnownFileType = sourcecode.c.h; explicitFileType = undefined; includeInIndex = 0; };
		B38C3961F641489183B0730D /* CDVPlugin+APPAppEvent.h */ = {isa = PBXFileReference; name = "CDVPlugin+APPAppEvent.h"; path = "cordova-plugin-app-event/CDVPlugin+APPAppEvent.h"; sourceTree = "<group>"; fileEncoding = 4; lastKnownFileType = sourcecode.c.h; explicitFileType = undefined; includeInIndex = 0; };
		878BF2D8A94341028757DFED /* APPAppEventDelegate.h */ = {isa = PBXFileReference; name = "APPAppEventDelegate.h"; path = "cordova-plugin-app-event/APPAppEventDelegate.h"; sourceTree = "<group>"; fileEncoding = 4; lastKnownFileType = sourcecode.c.h; explicitFileType = undefined; includeInIndex = 0; };
		6BE216F663F543BFB8C90B2B /* APPLocalNotification.m */ = {isa = PBXFileReference; name = "APPLocalNotification.m"; path = "de.appplant.cordova.plugin.local-notification/APPLocalNotification.m"; sourceTree = "<group>"; fileEncoding = 4; lastKnownFileType = sourcecode.c.objc; explicitFileType = undefined; includeInIndex = 0; };
		4C9C21B25BE74C25BFB0B56C /* APPLocalNotificationOptions.m */ = {isa = PBXFileReference; name = "APPLocalNotificationOptions.m"; path = "de.appplant.cordova.plugin.local-notification/APPLocalNotificationOptions.m"; sourceTree = "<group>"; fileEncoding = 4; lastKnownFileType = sourcecode.c.objc; explicitFileType = undefined; includeInIndex = 0; };
		F466A9F6F4C6405993DC8D5F /* UIApplication+APPLocalNotification.m */ = {isa = PBXFileReference; name = "UIApplication+APPLocalNotification.m"; path = "de.appplant.cordova.plugin.local-notification/UIApplication+APPLocalNotification.m"; sourceTree = "<group>"; fileEncoding = 4; lastKnownFileType = sourcecode.c.objc; explicitFileType = undefined; includeInIndex = 0; };
		68315023C1B544FBBE24C663 /* UILocalNotification+APPLocalNotification.m */ = {isa = PBXFileReference; name = "UILocalNotification+APPLocalNotification.m"; path = "de.appplant.cordova.plugin.local-notification/UILocalNotification+APPLocalNotification.m"; sourceTree = "<group>"; fileEncoding = 4; lastKnownFileType = sourcecode.c.objc; explicitFileType = undefined; includeInIndex = 0; };
		541EB0F4E73046C28052FC65 /* APPLocalNotification.h */ = {isa = PBXFileReference; name = "APPLocalNotification.h"; path = "de.appplant.cordova.plugin.local-notification/APPLocalNotification.h"; sourceTree = "<group>"; fileEncoding = 4; lastKnownFileType = sourcecode.c.h; explicitFileType = undefined; includeInIndex = 0; };
		8282FE339A6F40748E6E15F5 /* APPLocalNotificationOptions.h */ = {isa = PBXFileReference; name = "APPLocalNotificationOptions.h"; path = "de.appplant.cordova.plugin.local-notification/APPLocalNotificationOptions.h"; sourceTree = "<group>"; fileEncoding = 4; lastKnownFileType = sourcecode.c.h; explicitFileType = undefined; includeInIndex = 0; };
		85E378C3134F40C498C6B6D5 /* UIApplication+APPLocalNotification.h */ = {isa = PBXFileReference; name = "UIApplication+APPLocalNotification.h"; path = "de.appplant.cordova.plugin.local-notification/UIApplication+APPLocalNotification.h"; sourceTree = "<group>"; fileEncoding = 4; lastKnownFileType = sourcecode.c.h; explicitFileType = undefined; includeInIndex = 0; };
		9A96EBB6B3A145EB8A7B27B2 /* UILocalNotification+APPLocalNotification.h */ = {isa = PBXFileReference; name = "UILocalNotification+APPLocalNotification.h"; path = "de.appplant.cordova.plugin.local-notification/UILocalNotification+APPLocalNotification.h"; sourceTree = "<group>"; fileEncoding = 4; lastKnownFileType = sourcecode.c.h; explicitFileType = undefined; includeInIndex = 0; };
		F01792A6CCE641AC9E04CBA1 /* CDVNotification.m */ = {isa = PBXFileReference; name = "CDVNotification.m"; path = "cordova-plugin-dialogs/CDVNotification.m"; sourceTree = "<group>"; fileEncoding = 4; lastKnownFileType = sourcecode.c.objc; explicitFileType = undefined; includeInIndex = 0; };
		E61F131421334C6A9E981339 /* CDVNotification.h */ = {isa = PBXFileReference; name = "CDVNotification.h"; path = "cordova-plugin-dialogs/CDVNotification.h"; sourceTree = "<group>"; fileEncoding = 4; lastKnownFileType = sourcecode.c.h; explicitFileType = undefined; includeInIndex = 0; };
		63A5A84794B74AB99210CCF7 /* CDVNotification.bundle */ = {isa = PBXFileReference; name = "CDVNotification.bundle"; path = "CDVNotification.bundle"; sourceTree = "<group>"; fileEncoding = undefined; lastKnownFileType = wrapper.plug-in; explicitFileType = undefined; includeInIndex = 0; };
		161521D2407446F09D863AC0 /* CDVVibration.m */ = {isa = PBXFileReference; name = "CDVVibration.m"; path = "cordova-plugin-vibration/CDVVibration.m"; sourceTree = "<group>"; fileEncoding = 4; lastKnownFileType = sourcecode.c.objc; explicitFileType = undefined; includeInIndex = 0; };
		78C7C934B6614D218D8F6438 /* CDVVibration.h */ = {isa = PBXFileReference; name = "CDVVibration.h"; path = "cordova-plugin-vibration/CDVVibration.h"; sourceTree = "<group>"; fileEncoding = 4; lastKnownFileType = sourcecode.c.h; explicitFileType = undefined; includeInIndex = 0; };
/* End PBXFileReference section */

/* Begin PBXFrameworksBuildPhase section */
		1D60588F0D05DD3D006BFB54 /* Frameworks */ = {
			isa = PBXFrameworksBuildPhase;
			buildActionMask = 2147483647;
			files = (
				301BF552109A68D80062928A /* libCordova.a in Frameworks */,
				48D45882257248EDB690D6E0 /* WebKit.framework in Frameworks */,
				6D05B1476D244610AA4F79B5 /* CFNetwork.framework in Frameworks */,
				09B2C5DA4BCC45758585FFC0 /* libz.dylib in Frameworks */,
				1B1AB7852F3149139365CFCF /* AudioToolbox.framework in Frameworks */,
			);
			runOnlyForDeploymentPostprocessing = 0;
		};
/* End PBXFrameworksBuildPhase section */

/* Begin PBXGroup section */
		080E96DDFE201D6D7F000001 /* Classes */ = {
			isa = PBXGroup;
			children = (
				302D95EE14D2391D003F00A1 /* MainViewController.h */,
				302D95EF14D2391D003F00A1 /* MainViewController.m */,
				302D95F014D2391D003F00A1 /* MainViewController.xib */,
				1D3623240D0F684500981E51 /* AppDelegate.h */,
				1D3623250D0F684500981E51 /* AppDelegate.m */,
			);
			name = Classes;
			path = "MHB_Mobile/Classes";
			sourceTree = SOURCE_ROOT;
		};
		19C28FACFE9D520D11CA2CBB /* Products */ = {
			isa = PBXGroup;
			children = (
				1D6058910D05DD3D006BFB54 /* MHB_Mobile.app */,
			);
			name = Products;
			sourceTree = "<group>";
		};
		29B97314FDCFA39411CA2CEA /* CustomTemplate */ = {
			isa = PBXGroup;
			children = (
				EB87FDF41871DAF40020F90C /* config.xml */,
				EB87FDF31871DA8E0020F90C /* www */,
				EB87FDF11871DA420020F90C /* Staging */,
				301BF52D109A57CC0062928A /* CordovaLib.xcodeproj */,
				080E96DDFE201D6D7F000001 /* Classes */,
				307C750510C5A3420062BCA9 /* Plugins */,
				29B97315FDCFA39411CA2CEA /* Other Sources */,
				29B97317FDCFA39411CA2CEA /* Resources */,
				29B97323FDCFA39411CA2CEA /* Frameworks */,
				19C28FACFE9D520D11CA2CBB /* Products */,
			);
			name = CustomTemplate;
			sourceTree = "<group>";
		};
		29B97315FDCFA39411CA2CEA /* Other Sources */ = {
			isa = PBXGroup;
			children = (
				32CA4F630368D1EE00C91783 /* MHB_Mobile-Prefix.pch */,
				29B97316FDCFA39411CA2CEA /* main.m */,
				ED33DF2A687741AEAF9F8254 /* Bridging-Header.h */,
			);
			name = "Other Sources";
			path = "MHB_Mobile";
			sourceTree = "<group>";
		};
		29B97317FDCFA39411CA2CEA /* Resources */ = {
			isa = PBXGroup;
			children = (
				0207DA571B56EA530066E2B4 /* Images.xcassets */,
				3047A50E1AB8057F00498E2A /* config */,
				8D1107310486CEB800E47090 /* MHB_Mobile-Info.plist */,
				63A5A84794B74AB99210CCF7 /* CDVNotification.bundle */,
			);
			name = Resources;
			path = "MHB_Mobile/Resources";
			sourceTree = "<group>";
		};
		29B97323FDCFA39411CA2CEA /* Frameworks */ = {
			isa = PBXGroup;
			children = (
				5DAA3678D454436AA10F1396 /* WebKit.framework */,
				443F16F0C2B54993920395D7 /* CFNetwork.framework */,
				8FC8625CD5BC445EBE307050 /* libz.dylib */,
				BD3C741BD4B742A8B552CDB9 /* AudioToolbox.framework */,
			);
			name = Frameworks;
			sourceTree = "<group>";
		};
		301BF52E109A57CC0062928A /* Products */ = {
			isa = PBXGroup;
			children = (
				301BF535109A57CC0062928A /* libCordova.a */,
			);
			name = Products;
			sourceTree = "<group>";
		};
		3047A50E1AB8057F00498E2A /* config */ = {
			isa = PBXGroup;
			children = (
				3047A50F1AB8059700498E2A /* build-debug.xcconfig */,
				3047A5101AB8059700498E2A /* build-release.xcconfig */,
				3047A5111AB8059700498E2A /* build.xcconfig */,
			);
			name = config;
			sourceTree = "<group>";
		};
		307C750510C5A3420062BCA9 /* Plugins */ = {
			isa = PBXGroup;
			children = (
				6E86AD8C75BA4DC8BCAE1C0A /* AppDelegate+notification.m */,
				7976ED815E6E4880A146782F /* PushPlugin.m */,
				BB2E59574D6D45089CE7D808 /* AppDelegate+notification.h */,
				9D753B013D3248C8B7FA74D2 /* PushPlugin.h */,
				A916ACC688774C8BA7866388 /* CDVWKWebViewEngine.m */,
				1570B67C627242D19ECAA035 /* CDVWKWebViewUIDelegate.m */,
				346CF33D9FB0416091CE685B /* CDVWKWebViewEngine.h */,
				2582FB324F04463286731065 /* CDVWKWebViewUIDelegate.h */,
				B5A87A09E3C944F5A1CAE293 /* WebAppLocalServer.swift */,
				631972DBBBBD484DA8B4B26C /* WebAppConfiguration.swift */,
				369CBCBD2EF6464CA434B09D /* AssetBundleManager.swift */,
				2F5F3DA48EA1404C87983720 /* AssetBundle.swift */,
				EC1EF631E8AD496F9A67A82F /* Asset.swift */,
				168B4AFB3021449C822FB1AE /* AssetBundleDownloader.swift */,
				B43C118910C34F6685408CEE /* AssetManifest.swift */,
				C5079B0A8D4B458CBF28B69C /* Errors.swift */,
				E0F2B84EE8D44D9186CBEB1D /* Utility.swift */,
				07094C0596F64FB9BD9AE85A /* METPlugin.m */,
				BC5735D912FD471493BE71D2 /* METTimer.m */,
				E038F62A66174ACC92D4C9A1 /* METRetryStrategy.m */,
				0A2009EA41C3440C88F6AF42 /* METNetworkReachabilityManager.m */,
				C4398E915B04455D85D9C294 /* METRandomValueGenerator.m */,
				1CA637AEFCDC4D91BD7845AF /* GCDWebServer.m */,
				2DC7C630E0FD4E9F9B5BC966 /* GCDWebServerConnection.m */,
				2CFC6624A7C44210871A7166 /* GCDWebServerFunctions.m */,
				CD640268D763476BA61710FB /* GCDWebServerRequest.m */,
				557F4A4E9D554C3AB8244C53 /* GCDWebServerResponse.m */,
				61F2219DEDDB4E50BA44B318 /* GCDWebServerDataRequest.m */,
				1BB7D54AB57D4BA498087668 /* GCDWebServerFileRequest.m */,
				41561A0FBD19484FA59B2218 /* GCDWebServerMultiPartFormRequest.m */,
				F63FCD252DE14A598962D901 /* GCDWebServerURLEncodedFormRequest.m */,
				CE972EF5002A48B1A2DCE289 /* GCDWebServerDataResponse.m */,
				EA0F3066FC124A50BB36EE57 /* GCDWebServerErrorResponse.m */,
				8CF13B7AB277431090CFE1C5 /* GCDWebServerFileResponse.m */,
				7D92A066817B4AB8B71FEC7A /* GCDWebServerStreamedResponse.m */,
				2A304634AD304664B5ADABB6 /* cordova-plugin-meteor-webapp-Bridging-Header.h */,
				A01F04A19D254EA7A0EA931B /* METPlugin.h */,
				3EC4E47F90974ED58E38A1DD /* METTimer.h */,
				511FBF4BA8084285A2811B61 /* METRetryStrategy.h */,
				3CD1676913AF443C80ED04D9 /* METNetworkReachabilityManager.h */,
				F77D2380F98E4E24B4DE0942 /* METRandomValueGenerator.h */,
				83B8C2EB03C74D83A5E0200F /* GCDWebServer.h */,
				8DB47D848C1B4959874C713B /* GCDWebServerConnection.h */,
				9C5F00DC2CEA4432A28DF2F1 /* GCDWebServerFunctions.h */,
				4DC9539BAA8E4B1883A26BA8 /* GCDWebServerHTTPStatusCodes.h */,
				D04F3C292D154D93870E7A99 /* GCDWebServerPrivate.h */,
				AF69B92137434C90A2CCC09C /* GCDWebServerRequest.h */,
				1BA2C76407EF4479AB4B337B /* GCDWebServerResponse.h */,
				9334391E19834B1394C47D99 /* GCDWebServerDataRequest.h */,
				D4D531EB661847D39B4BDAC1 /* GCDWebServerFileRequest.h */,
				EC4BE42E5C7F401993D11ECC /* GCDWebServerMultiPartFormRequest.h */,
				96E02D8471434FAEBB49391C /* GCDWebServerURLEncodedFormRequest.h */,
				E8DF40CAB14C48EBA79C8498 /* GCDWebServerDataResponse.h */,
				E75148B6A2AD4850AA238D0E /* GCDWebServerErrorResponse.h */,
				3A25B21B2C984AFE871C8C7B /* GCDWebServerFileResponse.h */,
				E5A7494811DC401DAF9D0276 /* GCDWebServerStreamedResponse.h */,
				C0BA8594F1CD45E9B8E8459D /* CDVStatusBar.m */,
				2F2A21BC56004E7F92E1D92F /* CDVStatusBar.h */,
				8782EBD42FB64C38817C1F45 /* CDVSplashScreen.m */,
				A7E41C8075A94817865868C5 /* CDVViewController+SplashScreen.m */,
				A78516F9E49841BAA80A612F /* CDVSplashScreen.h */,
				8763A86F669648FBAC001F3B /* CDVViewController+SplashScreen.h */,
				8392FD4A34824737AF16A470 /* CDVLogger.m */,
				C23B8A2DB9544F0FA7934121 /* CDVLogger.h */,
				52A5A29F67FB48C0953D56FC /* CDVDevice.m */,
				8052BBAD16C24DEB9542E318 /* CDVDevice.h */,
				1CEF84B24E284D4C9D235798 /* AppDelegate+APPAppEvent.m */,
				DC4D4AF24502453F9D726E29 /* CDVPlugin+APPAppEvent.m */,
				56FF53CF56824440903BA647 /* AppDelegate+APPAppEvent.h */,
				B38C3961F641489183B0730D /* CDVPlugin+APPAppEvent.h */,
				878BF2D8A94341028757DFED /* APPAppEventDelegate.h */,
				6BE216F663F543BFB8C90B2B /* APPLocalNotification.m */,
				4C9C21B25BE74C25BFB0B56C /* APPLocalNotificationOptions.m */,
				F466A9F6F4C6405993DC8D5F /* UIApplication+APPLocalNotification.m */,
				68315023C1B544FBBE24C663 /* UILocalNotification+APPLocalNotification.m */,
				541EB0F4E73046C28052FC65 /* APPLocalNotification.h */,
				8282FE339A6F40748E6E15F5 /* APPLocalNotificationOptions.h */,
				85E378C3134F40C498C6B6D5 /* UIApplication+APPLocalNotification.h */,
				9A96EBB6B3A145EB8A7B27B2 /* UILocalNotification+APPLocalNotification.h */,
				F01792A6CCE641AC9E04CBA1 /* CDVNotification.m */,
				E61F131421334C6A9E981339 /* CDVNotification.h */,
				161521D2407446F09D863AC0 /* CDVVibration.m */,
				78C7C934B6614D218D8F6438 /* CDVVibration.h */,
			);
			name = Plugins;
			path = "MHB_Mobile/Plugins";
			sourceTree = SOURCE_ROOT;
		};
		EB87FDF11871DA420020F90C /* Staging */ = {
			isa = PBXGroup;
			children = (
				F840E1F0165FE0F500CFE078 /* config.xml */,
				301BF56E109A69640062928A /* www */,
			);
			name = Staging;
			sourceTree = "<group>";
		};
/* End PBXGroup section */

/* Begin PBXNativeTarget section */
		1D6058900D05DD3D006BFB54 /* MHB_Mobile */ = {
			isa = PBXNativeTarget;
			buildConfigurationList = 1D6058960D05DD3E006BFB54 /* Build configuration list for PBXNativeTarget "MHB_Mobile" */;
			buildPhases = (
				304B58A110DAC018002A0835 /* Copy www directory */,
				1D60588D0D05DD3D006BFB54 /* Resources */,
				1D60588E0D05DD3D006BFB54 /* Sources */,
				1D60588F0D05DD3D006BFB54 /* Frameworks */,
			);
			buildRules = (
			);
			dependencies = (
				301BF551109A68C00062928A /* PBXTargetDependency */,
			);
			name = "MHB_Mobile";
			productName = "MHB_Mobile";
			productReference = 1D6058910D05DD3D006BFB54 /* MHB_Mobile.app */;
			productType = "com.apple.product-type.application";
		};
/* End PBXNativeTarget section */

/* Begin PBXProject section */
		29B97313FDCFA39411CA2CEA /* Project object */ = {
			isa = PBXProject;
			attributes = {
				LastUpgradeCheck = 510;
			};
			buildConfigurationList = C01FCF4E08A954540054247B /* Build configuration list for PBXProject "__NON-CLI__" */;
			compatibilityVersion = "Xcode 3.2";
			developmentRegion = English;
			hasScannedForEncodings = 1;
			mainGroup = 29B97314FDCFA39411CA2CEA /* CustomTemplate */;
			projectDirPath = "";
			projectReferences = (
				{
					ProductGroup = 301BF52E109A57CC0062928A /* Products */;
					ProjectRef = 301BF52D109A57CC0062928A /* CordovaLib.xcodeproj */;
				},
			);
			projectRoot = "";
			targets = (
				1D6058900D05DD3D006BFB54 /* MHB_Mobile */,
			);
		};
/* End PBXProject section */

/* Begin PBXReferenceProxy section */
		301BF535109A57CC0062928A /* libCordova.a */ = {
			isa = PBXReferenceProxy;
			fileType = archive.ar;
			path = libCordova.a;
			remoteRef = 301BF534109A57CC0062928A /* PBXContainerItemProxy */;
			sourceTree = BUILT_PRODUCTS_DIR;
		};
/* End PBXReferenceProxy section */

/* Begin PBXResourcesBuildPhase section */
		1D60588D0D05DD3D006BFB54 /* Resources */ = {
			isa = PBXResourcesBuildPhase;
			buildActionMask = 2147483647;
			files = (
				302D95F214D2391D003F00A1 /* MainViewController.xib in Resources */,
				3047A5131AB8059700498E2A /* build-release.xcconfig in Resources */,
				3047A5141AB8059700498E2A /* build.xcconfig in Resources */,
				0207DA581B56EA530066E2B4 /* Images.xcassets in Resources */,
				3047A5121AB8059700498E2A /* build-debug.xcconfig in Resources */,
				2892D99FAFFA40E38271A622 /* CDVNotification.bundle in Resources */,
			);
			runOnlyForDeploymentPostprocessing = 0;
		};
/* End PBXResourcesBuildPhase section */

/* Begin PBXShellScriptBuildPhase section */
		304B58A110DAC018002A0835 /* Copy www directory */ = {
			isa = PBXShellScriptBuildPhase;
			buildActionMask = 2147483647;
			files = (
			);
			inputPaths = (
			);
			name = "Copy www directory";
			outputPaths = (
			);
			runOnlyForDeploymentPostprocessing = 0;
			shellPath = /bin/sh;
			shellScript = "NODEJS_PATH=/usr/local/bin; NVM_NODE_PATH=~/.nvm/versions/node/`nvm version 2>/dev/null`/bin; N_NODE_PATH=`find /usr/local/n/versions/node/* -maxdepth 0 -type d 2>/dev/null | tail -1`/bin; XCODE_NODE_PATH=`xcode-select --print-path`/usr/share/xcs/Node/bin; PATH=$NODEJS_PATH:$NVM_NODE_PATH:$N_NODE_PATH:$XCODE_NODE_PATH:$PATH && node cordova/lib/copy-www-build-step.js";
			showEnvVarsInLog = 0;
		};
/* End PBXShellScriptBuildPhase section */

/* Begin PBXSourcesBuildPhase section */
		1D60588E0D05DD3D006BFB54 /* Sources */ = {
			isa = PBXSourcesBuildPhase;
			buildActionMask = 2147483647;
			files = (
				1D60589B0D05DD56006BFB54 /* main.m in Sources */,
				1D3623260D0F684500981E51 /* AppDelegate.m in Sources */,
				302D95F114D2391D003F00A1 /* MainViewController.m in Sources */,
				80C4D9C2B90F40CB82EB51D4 /* AppDelegate+notification.m in Sources */,
				A0FCBE08711242789C428AC9 /* PushPlugin.m in Sources */,
				89F6BC0F399245FDB31382DE /* CDVWKWebViewEngine.m in Sources */,
				642780A5738345E2998A5790 /* CDVWKWebViewUIDelegate.m in Sources */,
				5BFDD48F988C4E9FB8511266 /* WebAppLocalServer.swift in Sources */,
				C21214EE07B741ED9D91D057 /* WebAppConfiguration.swift in Sources */,
				0D0D7FABFCD44DBCA140D500 /* AssetBundleManager.swift in Sources */,
				D853A5798A0C48F59308171D /* AssetBundle.swift in Sources */,
				C89A253DBC314FFCB1CD7A16 /* Asset.swift in Sources */,
				BF67CD04850C444F9093FFC4 /* AssetBundleDownloader.swift in Sources */,
				03B0D990AE9D48FBB357575C /* AssetManifest.swift in Sources */,
				6D8E8ECF0D4848AFB422EAA9 /* Errors.swift in Sources */,
				1A9FDA2A6B6341378E331C4C /* Utility.swift in Sources */,
				B88BB14916EE4C518E2131FC /* METPlugin.m in Sources */,
				B79B831DE05F443B8AA05C4D /* METTimer.m in Sources */,
				346C914BC0384972B32168B2 /* METRetryStrategy.m in Sources */,
				813240FF9CA14450ABEB464F /* METNetworkReachabilityManager.m in Sources */,
				CE0AC6DC0DE54FEAAF949D81 /* METRandomValueGenerator.m in Sources */,
				0A93F34FD9E24485A5359B32 /* GCDWebServer.m in Sources */,
				FD27A209437C45A1806D1B05 /* GCDWebServerConnection.m in Sources */,
				FA657DD0B21E40EEB6C0C926 /* GCDWebServerFunctions.m in Sources */,
				2F59BEA5F5DE4BCAA4C7AECE /* GCDWebServerRequest.m in Sources */,
				DA207FBA40B741968924D9F9 /* GCDWebServerResponse.m in Sources */,
				0F8F6ED5B977497C833A0129 /* GCDWebServerDataRequest.m in Sources */,
				D0DE06DB811F42A28CEF46AE /* GCDWebServerFileRequest.m in Sources */,
				C3350124A46246599DFC423F /* GCDWebServerMultiPartFormRequest.m in Sources */,
				3A5E493BBDA44372863F2B34 /* GCDWebServerURLEncodedFormRequest.m in Sources */,
				0F5C02536CEB4094907A16A3 /* GCDWebServerDataResponse.m in Sources */,
				BF36C9F813524F318359DDD4 /* GCDWebServerErrorResponse.m in Sources */,
				9747720A84464D7C9A01218E /* GCDWebServerFileResponse.m in Sources */,
				773BB2F1A7F146D59A983B40 /* GCDWebServerStreamedResponse.m in Sources */,
				F8BC3497A58F402B897BC627 /* CDVStatusBar.m in Sources */,
				97CF85F710F7446EB6A84D30 /* CDVSplashScreen.m in Sources */,
				E49287706409424C86B6763B /* CDVViewController+SplashScreen.m in Sources */,
				3EB99D578B9B4AF1B771B32C /* CDVLogger.m in Sources */,
				E7BE7CD7379A4E43A1E26B8A /* CDVDevice.m in Sources */,
				27C992D524834202B80B78B3 /* AppDelegate+APPAppEvent.m in Sources */,
				67472C8C96964D3D8D149C6E /* CDVPlugin+APPAppEvent.m in Sources */,
				3AAD7EE342794F298A6334A8 /* APPLocalNotification.m in Sources */,
				6C8C964376D94A2C8EE599A0 /* APPLocalNotificationOptions.m in Sources */,
				3739DC67113B437B9975F929 /* UIApplication+APPLocalNotification.m in Sources */,
				E2E77E3CF2AD44A6B9FD9309 /* UILocalNotification+APPLocalNotification.m in Sources */,
				1D835A7DC2A54F8FBCC57302 /* CDVNotification.m in Sources */,
				0145B500356F4270B9931A5A /* CDVVibration.m in Sources */,
			);
			runOnlyForDeploymentPostprocessing = 0;
		};
/* End PBXSourcesBuildPhase section */

/* Begin PBXTargetDependency section */
		301BF551109A68C00062928A /* PBXTargetDependency */ = {
			isa = PBXTargetDependency;
			name = CordovaLib;
			targetProxy = 301BF550109A68C00062928A /* PBXContainerItemProxy */;
		};
/* End PBXTargetDependency section */

/* Begin XCBuildConfiguration section */
		1D6058940D05DD3E006BFB54 /* Debug */ = {
			isa = XCBuildConfiguration;
			baseConfigurationReference = 3047A50F1AB8059700498E2A /* build-debug.xcconfig */;
			buildSettings = {
				ALWAYS_SEARCH_USER_PATHS = NO;
				ASSETCATALOG_COMPILER_APPICON_NAME = AppIcon;
				ASSETCATALOG_COMPILER_LAUNCHIMAGE_NAME = LaunchImage;
				CLANG_ENABLE_MODULES = YES;
				CLANG_ENABLE_OBJC_ARC = YES;
				COPY_PHASE_STRIP = NO;
				GCC_DYNAMIC_NO_PIC = NO;
				GCC_OPTIMIZATION_LEVEL = 0;
				GCC_PRECOMPILE_PREFIX_HEADER = YES;
				GCC_PREFIX_HEADER = "MHB_Mobile/MHB_Mobile-Prefix.pch";
				GCC_THUMB_SUPPORT = NO;
				GCC_VERSION = "";
				INFOPLIST_FILE = "MHB_Mobile/MHB_Mobile-Info.plist";
				LD_RUNPATH_SEARCH_PATHS = "@executable_path/Frameworks";
				PRODUCT_NAME = "MHB_Mobile";
			};
			name = Debug;
		};
		1D6058950D05DD3E006BFB54 /* Release */ = {
			isa = XCBuildConfiguration;
			baseConfigurationReference = 3047A5101AB8059700498E2A /* build-release.xcconfig */;
			buildSettings = {
				ALWAYS_SEARCH_USER_PATHS = NO;
				ASSETCATALOG_COMPILER_APPICON_NAME = AppIcon;
				ASSETCATALOG_COMPILER_LAUNCHIMAGE_NAME = LaunchImage;
				CLANG_ENABLE_MODULES = YES;
				CLANG_ENABLE_OBJC_ARC = YES;
				COPY_PHASE_STRIP = YES;
				GCC_PRECOMPILE_PREFIX_HEADER = YES;
				GCC_PREFIX_HEADER = "MHB_Mobile/MHB_Mobile-Prefix.pch";
				GCC_THUMB_SUPPORT = NO;
				GCC_VERSION = "";
				INFOPLIST_FILE = "MHB_Mobile/MHB_Mobile-Info.plist";
				PRODUCT_NAME = "MHB_Mobile";
			};
			name = Release;
		};
		C01FCF4F08A954540054247B /* Debug */ = {
			isa = XCBuildConfiguration;
			baseConfigurationReference = 3047A5111AB8059700498E2A /* build.xcconfig */;
			buildSettings = {
				CLANG_ENABLE_MODULES = YES;
				CLANG_ENABLE_OBJC_ARC = YES;
				CLANG_WARN_BOOL_CONVERSION = YES;
				CLANG_WARN_CONSTANT_CONVERSION = YES;
				CLANG_WARN_EMPTY_BODY = YES;
				CLANG_WARN_ENUM_CONVERSION = YES;
				CLANG_WARN_INT_CONVERSION = YES;
				CLANG_WARN__DUPLICATE_METHOD_MATCH = YES;
				GCC_C_LANGUAGE_STANDARD = c99;
				GCC_THUMB_SUPPORT = NO;
				GCC_VERSION = "";
				GCC_WARN_ABOUT_RETURN_TYPE = YES;
				GCC_WARN_UNDECLARED_SELECTOR = YES;
				GCC_WARN_UNINITIALIZED_AUTOS = YES;
				GCC_WARN_UNUSED_FUNCTION = YES;
				GCC_WARN_UNUSED_VARIABLE = YES;
				ONLY_ACTIVE_ARCH = YES;
				SDKROOT = iphoneos;
				SKIP_INSTALL = NO;
			};
			name = Debug;
		};
		C01FCF5008A954540054247B /* Release */ = {
			isa = XCBuildConfiguration;
			baseConfigurationReference = 3047A5111AB8059700498E2A /* build.xcconfig */;
			buildSettings = {
				CLANG_ENABLE_MODULES = YES;
				CLANG_ENABLE_OBJC_ARC = YES;
				CLANG_WARN_BOOL_CONVERSION = YES;
				CLANG_WARN_CONSTANT_CONVERSION = YES;
				CLANG_WARN_EMPTY_BODY = YES;
				CLANG_WARN_ENUM_CONVERSION = YES;
				CLANG_WARN_INT_CONVERSION = YES;
				CLANG_WARN__DUPLICATE_METHOD_MATCH = YES;
				GCC_C_LANGUAGE_STANDARD = c99;
				GCC_THUMB_SUPPORT = NO;
				GCC_VERSION = "";
				GCC_WARN_ABOUT_RETURN_TYPE = YES;
				GCC_WARN_UNDECLARED_SELECTOR = YES;
				GCC_WARN_UNINITIALIZED_AUTOS = YES;
				GCC_WARN_UNUSED_FUNCTION = YES;
				GCC_WARN_UNUSED_VARIABLE = YES;
				SDKROOT = iphoneos;
				SKIP_INSTALL = NO;
			};
			name = Release;
		};
/* End XCBuildConfiguration section */

/* Begin XCConfigurationList section */
		1D6058960D05DD3E006BFB54 /* Build configuration list for PBXNativeTarget "MHB_Mobile" */ = {
			isa = XCConfigurationList;
			buildConfigurations = (
				1D6058940D05DD3E006BFB54 /* Debug */,
				1D6058950D05DD3E006BFB54 /* Release */,
			);
			defaultConfigurationIsVisible = 0;
			defaultConfigurationName = Release;
		};
		C01FCF4E08A954540054247B /* Build configuration list for PBXProject "__NON-CLI__" */ = {
			isa = XCConfigurationList;
			buildConfigurations = (
				C01FCF4F08A954540054247B /* Debug */,
				C01FCF5008A954540054247B /* Release */,
			);
			defaultConfigurationIsVisible = 0;
			defaultConfigurationName = Release;
		};
/* End XCConfigurationList section */
	};
	rootObject = 29B97313FDCFA39411CA2CEA /* Project object */;
}
