// !$*UTF8*$!
{
	archiveVersion = 1;
	classes = {
	};
	objectVersion = 46;
	objects = {
/* Begin PBXBuildFile section */
		0207DA581B56EA530066E2B4 /* Images.xcassets in Resources */ = {isa = PBXBuildFile; fileRef = 0207DA571B56EA530066E2B4 /* Images.xcassets */; };
		1D3623260D0F684500981E51 /* AppDelegate.m in Sources */ = {isa = PBXBuildFile; fileRef = 1D3623250D0F684500981E51 /* AppDelegate.m */; };
		1D60589B0D05DD56006BFB54 /* main.m in Sources */ = {isa = PBXBuildFile; fileRef = 29B97316FDCFA39411CA2CEA /* main.m */; };
		301BF552109A68D80062928A /* libCordova.a in Frameworks */ = {isa = PBXBuildFile; fileRef = 301BF535109A57CC0062928A /* libCordova.a */; };
		302D95F114D2391D003F00A1 /* MainViewController.m in Sources */ = {isa = PBXBuildFile; fileRef = 302D95EF14D2391D003F00A1 /* MainViewController.m */; };
		302D95F214D2391D003F00A1 /* MainViewController.xib in Resources */ = {isa = PBXBuildFile; fileRef = 302D95F014D2391D003F00A1 /* MainViewController.xib */; };
		3047A5121AB8059700498E2A /* build-debug.xcconfig in Resources */ = {isa = PBXBuildFile; fileRef = 3047A50F1AB8059700498E2A /* build-debug.xcconfig */; };
		3047A5131AB8059700498E2A /* build-release.xcconfig in Resources */ = {isa = PBXBuildFile; fileRef = 3047A5101AB8059700498E2A /* build-release.xcconfig */; };
		3047A5141AB8059700498E2A /* build.xcconfig in Resources */ = {isa = PBXBuildFile; fileRef = 3047A5111AB8059700498E2A /* build.xcconfig */; };
		6B91248D981A44778B655EE1 /* AppDelegate+notification.m in Sources */ = {isa = PBXBuildFile; fileRef = BDF6B684CA734D1BB4616BF2 /* AppDelegate+notification.m */; };
		C9D2453E72654080A5EE1891 /* PushPlugin.m in Sources */ = {isa = PBXBuildFile; fileRef = 8A1CCFBB3E7042009757AB0E /* PushPlugin.m */; };
		C9756363D0E24119B2E81AEE /* CDVWKWebViewEngine.m in Sources */ = {isa = PBXBuildFile; fileRef = 5580CFA0BEE04608B2E99EAF /* CDVWKWebViewEngine.m */; };
		36FDBE1916C44B5FAE62776E /* CDVWKWebViewUIDelegate.m in Sources */ = {isa = PBXBuildFile; fileRef = 6000E2A31F0D4CFF95217B02 /* CDVWKWebViewUIDelegate.m */; };
		B87A382D2248487D894AE828 /* WebKit.framework in Frameworks */ = {isa = PBXBuildFile; fileRef = E75D7F7C93C34E788A457713 /* WebKit.framework */; settings = {ATTRIBUTES = (Weak, ); }; };
		76610CC6A47B47DBB11DA9C4 /* WebAppLocalServer.swift in Sources */ = {isa = PBXBuildFile; fileRef = 5A09195C4E624A5C84FDF50F /* WebAppLocalServer.swift */; };
		23A838DE59EC47E984F043C6 /* WebAppConfiguration.swift in Sources */ = {isa = PBXBuildFile; fileRef = FDFB957BF567409FA94411C0 /* WebAppConfiguration.swift */; };
		DFDCF2C781184FC48B5AE0A8 /* AssetBundleManager.swift in Sources */ = {isa = PBXBuildFile; fileRef = 5CABC0D3396C454DA5EC11D8 /* AssetBundleManager.swift */; };
		B78208F86E754B3D90572F06 /* AssetBundle.swift in Sources */ = {isa = PBXBuildFile; fileRef = 0B02B7021D934960BC9DC068 /* AssetBundle.swift */; };
		084FAA765E414DCA802BA1E3 /* Asset.swift in Sources */ = {isa = PBXBuildFile; fileRef = 4558163AA6F24694A1EB8080 /* Asset.swift */; };
		7021A0F2416B412283F45191 /* AssetBundleDownloader.swift in Sources */ = {isa = PBXBuildFile; fileRef = 0AA9F4A5B83D4B1CBD976B49 /* AssetBundleDownloader.swift */; };
		C4D39334B5194D14BF6572A5 /* AssetManifest.swift in Sources */ = {isa = PBXBuildFile; fileRef = 4CB5F5A0B6E048FCAE528AEE /* AssetManifest.swift */; };
		F305CEA743B84D32940FF6CE /* Errors.swift in Sources */ = {isa = PBXBuildFile; fileRef = 11F048DB34AC49B8AE71D515 /* Errors.swift */; };
		D9A436C4D39A46938A0C2977 /* Utility.swift in Sources */ = {isa = PBXBuildFile; fileRef = 31352F3A57384AB99D2814F4 /* Utility.swift */; };
		6D5A739F917E4716ACDD9016 /* METPlugin.m in Sources */ = {isa = PBXBuildFile; fileRef = C1EAC2EBF3DB4A24B49D7363 /* METPlugin.m */; };
		68BFD3B48BA4477DB6B70C78 /* METTimer.m in Sources */ = {isa = PBXBuildFile; fileRef = A66F34AD8A024F1CB77200FA /* METTimer.m */; };
		EF2807DE03834B0FAF928B4E /* METRetryStrategy.m in Sources */ = {isa = PBXBuildFile; fileRef = 95F6E60C0CE347469A15159A /* METRetryStrategy.m */; };
		BDB6E723FE31457EB89C2C77 /* METNetworkReachabilityManager.m in Sources */ = {isa = PBXBuildFile; fileRef = 5E1B4013E5A5418491BBBE89 /* METNetworkReachabilityManager.m */; };
		91DA1216E2814545A28F33FB /* METRandomValueGenerator.m in Sources */ = {isa = PBXBuildFile; fileRef = 4FA52392E99240E596046D84 /* METRandomValueGenerator.m */; };
		DA0AAC068DD740C0A0FC4345 /* GCDWebServer.m in Sources */ = {isa = PBXBuildFile; fileRef = 6AD1EEBDCAAD42198535CA2A /* GCDWebServer.m */; };
		970799543B0A4D9F89F19BFE /* GCDWebServerConnection.m in Sources */ = {isa = PBXBuildFile; fileRef = D176E1DBAEFA4961B0F9EB29 /* GCDWebServerConnection.m */; };
		046CDC2002F1425A9A50C3BF /* GCDWebServerFunctions.m in Sources */ = {isa = PBXBuildFile; fileRef = 95D57BDBB6CB4EA2B158CBF8 /* GCDWebServerFunctions.m */; };
		91A3DA2937744666BDC4CCAE /* GCDWebServerRequest.m in Sources */ = {isa = PBXBuildFile; fileRef = A31B85B130034F40BA982115 /* GCDWebServerRequest.m */; };
		9C4C541AFE8B4C4681735182 /* GCDWebServerResponse.m in Sources */ = {isa = PBXBuildFile; fileRef = 44FADA65096A448E90FD6F74 /* GCDWebServerResponse.m */; };
		B499005A1BAB4CF2B2251BBB /* GCDWebServerDataRequest.m in Sources */ = {isa = PBXBuildFile; fileRef = 3690388DD5724F12ABC4089F /* GCDWebServerDataRequest.m */; };
		304B0808136D493CB8E76789 /* GCDWebServerFileRequest.m in Sources */ = {isa = PBXBuildFile; fileRef = 05F90ED125F9403D8171845F /* GCDWebServerFileRequest.m */; };
		77ABD718FB2548599A340CC8 /* GCDWebServerMultiPartFormRequest.m in Sources */ = {isa = PBXBuildFile; fileRef = DD87D2F2B7AF4A4BA39F8A95 /* GCDWebServerMultiPartFormRequest.m */; };
		2316AB8D9EFE456AAFEC5086 /* GCDWebServerURLEncodedFormRequest.m in Sources */ = {isa = PBXBuildFile; fileRef = 12FD1C6B94134C248F3639EF /* GCDWebServerURLEncodedFormRequest.m */; };
		7F0053F0A6F8420698495578 /* GCDWebServerDataResponse.m in Sources */ = {isa = PBXBuildFile; fileRef = 762053BCE4344DC79612422F /* GCDWebServerDataResponse.m */; };
		A442BC5E1C1B4A09A6354D5C /* GCDWebServerErrorResponse.m in Sources */ = {isa = PBXBuildFile; fileRef = AEBF445DC19A4485B86D5BC2 /* GCDWebServerErrorResponse.m */; };
		D43BEF8CD9824192AA9BCE12 /* GCDWebServerFileResponse.m in Sources */ = {isa = PBXBuildFile; fileRef = 4CA709FD49BB43A989116666 /* GCDWebServerFileResponse.m */; };
		1139EF9C329448E5BB943CCD /* GCDWebServerStreamedResponse.m in Sources */ = {isa = PBXBuildFile; fileRef = 6A8477FC6DAD447DB8FF9455 /* GCDWebServerStreamedResponse.m */; };
		D729F90CC0A247A99A5D513E /* CFNetwork.framework in Frameworks */ = {isa = PBXBuildFile; fileRef = C5E8382FE823402DAB31BBB5 /* CFNetwork.framework */; };
		56149F75D4654CBAAAB38970 /* libz.dylib in Frameworks */ = {isa = PBXBuildFile; fileRef = 93D27C32D4AF47B0AFF04C09 /* libz.dylib */; };
		D209F66148084BFCA7927915 /* CDVStatusBar.m in Sources */ = {isa = PBXBuildFile; fileRef = B57541762C49447B955DDAE0 /* CDVStatusBar.m */; };
		B2C3AAE313B74302B70863E7 /* CDVSplashScreen.m in Sources */ = {isa = PBXBuildFile; fileRef = 2BBD3E361C3C4D3CBB211DF9 /* CDVSplashScreen.m */; };
		9C8991C7912B47118D40E696 /* CDVViewController+SplashScreen.m in Sources */ = {isa = PBXBuildFile; fileRef = F668C8D45BBB4B11AB69D1E3 /* CDVViewController+SplashScreen.m */; };
		5072352628BE4363AF0540ED /* CDVLogger.m in Sources */ = {isa = PBXBuildFile; fileRef = E752732B0752499A84014E7A /* CDVLogger.m */; };
		AA8A663DEB8940F4B37954E9 /* CDVDevice.m in Sources */ = {isa = PBXBuildFile; fileRef = 7234966547234DE3A0762301 /* CDVDevice.m */; };
		08D484090886498EA5439EC7 /* AppDelegate+APPAppEvent.m in Sources */ = {isa = PBXBuildFile; fileRef = 4CBA097FEA0C44B0B04B5C4D /* AppDelegate+APPAppEvent.m */; };
		05029EE6885F4BCD8C1BEFA5 /* CDVPlugin+APPAppEvent.m in Sources */ = {isa = PBXBuildFile; fileRef = 5F623636406842DDBF9FEB02 /* CDVPlugin+APPAppEvent.m */; };
		3790CFCA0A56478BB5F00D22 /* APPLocalNotification.m in Sources */ = {isa = PBXBuildFile; fileRef = E24337D05F8E4ED584CB1481 /* APPLocalNotification.m */; };
		071A79F122054EA9AEFD38FC /* APPLocalNotificationOptions.m in Sources */ = {isa = PBXBuildFile; fileRef = 711E44BC6D814602B51F885A /* APPLocalNotificationOptions.m */; };
		08132F9638BF47F097CDB333 /* UIApplication+APPLocalNotification.m in Sources */ = {isa = PBXBuildFile; fileRef = 9D9B23C3B4914A4C94660A09 /* UIApplication+APPLocalNotification.m */; };
		A65F729E1C1F449C8A70BF69 /* UILocalNotification+APPLocalNotification.m in Sources */ = {isa = PBXBuildFile; fileRef = B3EC981A5BCB4C24A3639257 /* UILocalNotification+APPLocalNotification.m */; };
		95C74754F13B4FE1BD88D0E0 /* CDVNotification.m in Sources */ = {isa = PBXBuildFile; fileRef = 8E17747A312B4C218EA0C416 /* CDVNotification.m */; };
		7DA5FAB0E6B64F3895DFA3C8 /* CDVNotification.bundle in Resources */ = {isa = PBXBuildFile; fileRef = 9D31F337FA5F48E399E7DA5E /* CDVNotification.bundle */; };
		E6B5DEAAF13B44CE9B86136A /* AudioToolbox.framework in Frameworks */ = {isa = PBXBuildFile; fileRef = 3B55EED05FAE4F7CB6E9ADF2 /* AudioToolbox.framework */; settings = {ATTRIBUTES = (Weak, ); }; };
		48FDF9176FFD47229BB7FB33 /* CDVVibration.m in Sources */ = {isa = PBXBuildFile; fileRef = 7282D08B74E044BE90E4E127 /* CDVVibration.m */; };
/* End PBXBuildFile section */

/* Begin PBXContainerItemProxy section */
		301BF534109A57CC0062928A /* PBXContainerItemProxy */ = {
			isa = PBXContainerItemProxy;
			containerPortal = 301BF52D109A57CC0062928A /* CordovaLib.xcodeproj */;
			proxyType = 2;
			remoteGlobalIDString = D2AAC07E0554694100DB518D;
			remoteInfo = CordovaLib;
		};
		301BF550109A68C00062928A /* PBXContainerItemProxy */ = {
			isa = PBXContainerItemProxy;
			containerPortal = 301BF52D109A57CC0062928A /* CordovaLib.xcodeproj */;
			proxyType = 1;
			remoteGlobalIDString = D2AAC07D0554694100DB518D;
			remoteInfo = CordovaLib;
		};
/* End PBXContainerItemProxy section */

/* Begin PBXFileReference section */
		0207DA571B56EA530066E2B4 /* Images.xcassets */ = {isa = PBXFileReference; lastKnownFileType = folder.assetcatalog; name = Images.xcassets; path = "MHB_Mobile_W/Images.xcassets"; sourceTree = SOURCE_ROOT; };
		1D3623240D0F684500981E51 /* AppDelegate.h */ = {isa = PBXFileReference; fileEncoding = 4; lastKnownFileType = sourcecode.c.h; path = AppDelegate.h; sourceTree = "<group>"; };
		1D3623250D0F684500981E51 /* AppDelegate.m */ = {isa = PBXFileReference; fileEncoding = 4; lastKnownFileType = sourcecode.c.objc; path = AppDelegate.m; sourceTree = "<group>"; };
		1D6058910D05DD3D006BFB54 /* MHB_Mobile_W.app */ = {isa = PBXFileReference; explicitFileType = wrapper.application; includeInIndex = 0; path = "MHB_Mobile_W.app"; sourceTree = BUILT_PRODUCTS_DIR; };
		29B97316FDCFA39411CA2CEA /* main.m */ = {isa = PBXFileReference; fileEncoding = 4; lastKnownFileType = sourcecode.c.objc; path = main.m; sourceTree = "<group>"; };
		301BF52D109A57CC0062928A /* CordovaLib.xcodeproj */ = {isa = PBXFileReference; lastKnownFileType = "wrapper.pb-project"; name = CordovaLib.xcodeproj; path = CordovaLib/CordovaLib.xcodeproj; sourceTree = "<group>"; };
		301BF56E109A69640062928A /* www */ = {isa = PBXFileReference; lastKnownFileType = folder; path = www; sourceTree = SOURCE_ROOT; };
		302D95EE14D2391D003F00A1 /* MainViewController.h */ = {isa = PBXFileReference; fileEncoding = 4; lastKnownFileType = sourcecode.c.h; path = MainViewController.h; sourceTree = "<group>"; };
		302D95EF14D2391D003F00A1 /* MainViewController.m */ = {isa = PBXFileReference; fileEncoding = 4; lastKnownFileType = sourcecode.c.objc; path = MainViewController.m; sourceTree = "<group>"; };
		302D95F014D2391D003F00A1 /* MainViewController.xib */ = {isa = PBXFileReference; fileEncoding = 4; lastKnownFileType = file.xib; path = MainViewController.xib; sourceTree = "<group>"; };
		3047A50F1AB8059700498E2A /* build-debug.xcconfig */ = {isa = PBXFileReference; fileEncoding = 4; lastKnownFileType = text.xcconfig; name = "build-debug.xcconfig"; path = cordova/build-debug.xcconfig; sourceTree = SOURCE_ROOT; };
		3047A5101AB8059700498E2A /* build-release.xcconfig */ = {isa = PBXFileReference; fileEncoding = 4; lastKnownFileType = text.xcconfig; name = "build-release.xcconfig"; path = cordova/build-release.xcconfig; sourceTree = SOURCE_ROOT; };
		3047A5111AB8059700498E2A /* build.xcconfig */ = {isa = PBXFileReference; fileEncoding = 4; lastKnownFileType = text.xcconfig; name = build.xcconfig; path = cordova/build.xcconfig; sourceTree = SOURCE_ROOT; };
		32CA4F630368D1EE00C91783 /* MHB_Mobile_W-Prefix.pch */ = {isa = PBXFileReference; fileEncoding = 4; lastKnownFileType = sourcecode.c.h; path = "MHB_Mobile_W-Prefix.pch"; sourceTree = "<group>"; };
		8D1107310486CEB800E47090 /* MHB_Mobile_W-Info.plist */ = {isa = PBXFileReference; fileEncoding = 4; lastKnownFileType = text.plist.xml; name = "MHB_Mobile_W-Info.plist"; path = "MHB_Mobile_W/MHB_Mobile_W-Info.plist"; plistStructureDefinitionIdentifier = "com.apple.xcode.plist.structure-definition.iphone.info-plist"; sourceTree = SOURCE_ROOT; };
		EB87FDF31871DA8E0020F90C /* www */ = {isa = PBXFileReference; lastKnownFileType = folder; name = www; path = ../../www; sourceTree = "<group>"; };
		EB87FDF41871DAF40020F90C /* config.xml */ = {isa = PBXFileReference; lastKnownFileType = text.xml; name = config.xml; path = ../../config.xml; sourceTree = "<group>"; };
		F840E1F0165FE0F500CFE078 /* config.xml */ = {isa = PBXFileReference; lastKnownFileType = text.xml; name = config.xml; path = "MHB_Mobile_W/config.xml"; sourceTree = "<group>"; };
		ED33DF2A687741AEAF9F8254 /* Bridging-Header.h */ = {isa = PBXFileReference; fileEncoding = 4; lastKnownFileType = sourcecode.c.h; name = "Bridging-Header.h"; path = "Bridging-Header.h"; sourceTree = "<group>"; };
		BDF6B684CA734D1BB4616BF2 /* AppDelegate+notification.m */ = {isa = PBXFileReference; name = "AppDelegate+notification.m"; path = "phonegap-plugin-push/AppDelegate+notification.m"; sourceTree = "<group>"; fileEncoding = 4; lastKnownFileType = sourcecode.c.objc; explicitFileType = undefined; includeInIndex = 0; };
		8A1CCFBB3E7042009757AB0E /* PushPlugin.m */ = {isa = PBXFileReference; name = "PushPlugin.m"; path = "phonegap-plugin-push/PushPlugin.m"; sourceTree = "<group>"; fileEncoding = 4; lastKnownFileType = sourcecode.c.objc; explicitFileType = undefined; includeInIndex = 0; };
		9A5F23BD0FA3484094953337 /* AppDelegate+notification.h */ = {isa = PBXFileReference; name = "AppDelegate+notification.h"; path = "phonegap-plugin-push/AppDelegate+notification.h"; sourceTree = "<group>"; fileEncoding = 4; lastKnownFileType = sourcecode.c.h; explicitFileType = undefined; includeInIndex = 0; };
		4DB7FAC9DD804EE2BF930FDB /* PushPlugin.h */ = {isa = PBXFileReference; name = "PushPlugin.h"; path = "phonegap-plugin-push/PushPlugin.h"; sourceTree = "<group>"; fileEncoding = 4; lastKnownFileType = sourcecode.c.h; explicitFileType = undefined; includeInIndex = 0; };
		5580CFA0BEE04608B2E99EAF /* CDVWKWebViewEngine.m */ = {isa = PBXFileReference; name = "CDVWKWebViewEngine.m"; path = "cordova-plugin-wkwebview-engine/CDVWKWebViewEngine.m"; sourceTree = "<group>"; fileEncoding = 4; lastKnownFileType = sourcecode.c.objc; explicitFileType = undefined; includeInIndex = 0; };
		6000E2A31F0D4CFF95217B02 /* CDVWKWebViewUIDelegate.m */ = {isa = PBXFileReference; name = "CDVWKWebViewUIDelegate.m"; path = "cordova-plugin-wkwebview-engine/CDVWKWebViewUIDelegate.m"; sourceTree = "<group>"; fileEncoding = 4; lastKnownFileType = sourcecode.c.objc; explicitFileType = undefined; includeInIndex = 0; };
		EDB39848CE5D4D7593718991 /* CDVWKWebViewEngine.h */ = {isa = PBXFileReference; name = "CDVWKWebViewEngine.h"; path = "cordova-plugin-wkwebview-engine/CDVWKWebViewEngine.h"; sourceTree = "<group>"; fileEncoding = 4; lastKnownFileType = sourcecode.c.h; explicitFileType = undefined; includeInIndex = 0; };
		7A8EFDB13BC94F34A53AD6FA /* CDVWKWebViewUIDelegate.h */ = {isa = PBXFileReference; name = "CDVWKWebViewUIDelegate.h"; path = "cordova-plugin-wkwebview-engine/CDVWKWebViewUIDelegate.h"; sourceTree = "<group>"; fileEncoding = 4; lastKnownFileType = sourcecode.c.h; explicitFileType = undefined; includeInIndex = 0; };
		E75D7F7C93C34E788A457713 /* WebKit.framework */ = {isa = PBXFileReference; name = "WebKit.framework"; path = "System/Library/Frameworks/WebKit.framework"; sourceTree = SDKROOT; fileEncoding = undefined; lastKnownFileType = wrapper.framework; explicitFileType = undefined; includeInIndex = 0; };
		5A09195C4E624A5C84FDF50F /* WebAppLocalServer.swift */ = {isa = PBXFileReference; name = "WebAppLocalServer.swift"; path = "cordova-plugin-meteor-webapp/WebAppLocalServer.swift"; sourceTree = "<group>"; fileEncoding = 4; lastKnownFileType = sourcecode.swift; explicitFileType = undefined; includeInIndex = 0; };
		FDFB957BF567409FA94411C0 /* WebAppConfiguration.swift */ = {isa = PBXFileReference; name = "WebAppConfiguration.swift"; path = "cordova-plugin-meteor-webapp/WebAppConfiguration.swift"; sourceTree = "<group>"; fileEncoding = 4; lastKnownFileType = sourcecode.swift; explicitFileType = undefined; includeInIndex = 0; };
		5CABC0D3396C454DA5EC11D8 /* AssetBundleManager.swift */ = {isa = PBXFileReference; name = "AssetBundleManager.swift"; path = "cordova-plugin-meteor-webapp/AssetBundleManager.swift"; sourceTree = "<group>"; fileEncoding = 4; lastKnownFileType = sourcecode.swift; explicitFileType = undefined; includeInIndex = 0; };
		0B02B7021D934960BC9DC068 /* AssetBundle.swift */ = {isa = PBXFileReference; name = "AssetBundle.swift"; path = "cordova-plugin-meteor-webapp/AssetBundle.swift"; sourceTree = "<group>"; fileEncoding = 4; lastKnownFileType = sourcecode.swift; explicitFileType = undefined; includeInIndex = 0; };
		4558163AA6F24694A1EB8080 /* Asset.swift */ = {isa = PBXFileReference; name = "Asset.swift"; path = "cordova-plugin-meteor-webapp/Asset.swift"; sourceTree = "<group>"; fileEncoding = 4; lastKnownFileType = sourcecode.swift; explicitFileType = undefined; includeInIndex = 0; };
		0AA9F4A5B83D4B1CBD976B49 /* AssetBundleDownloader.swift */ = {isa = PBXFileReference; name = "AssetBundleDownloader.swift"; path = "cordova-plugin-meteor-webapp/AssetBundleDownloader.swift"; sourceTree = "<group>"; fileEncoding = 4; lastKnownFileType = sourcecode.swift; explicitFileType = undefined; includeInIndex = 0; };
		4CB5F5A0B6E048FCAE528AEE /* AssetManifest.swift */ = {isa = PBXFileReference; name = "AssetManifest.swift"; path = "cordova-plugin-meteor-webapp/AssetManifest.swift"; sourceTree = "<group>"; fileEncoding = 4; lastKnownFileType = sourcecode.swift; explicitFileType = undefined; includeInIndex = 0; };
		11F048DB34AC49B8AE71D515 /* Errors.swift */ = {isa = PBXFileReference; name = "Errors.swift"; path = "cordova-plugin-meteor-webapp/Errors.swift"; sourceTree = "<group>"; fileEncoding = 4; lastKnownFileType = sourcecode.swift; explicitFileType = undefined; includeInIndex = 0; };
		31352F3A57384AB99D2814F4 /* Utility.swift */ = {isa = PBXFileReference; name = "Utility.swift"; path = "cordova-plugin-meteor-webapp/Utility.swift"; sourceTree = "<group>"; fileEncoding = 4; lastKnownFileType = sourcecode.swift; explicitFileType = undefined; includeInIndex = 0; };
		C1EAC2EBF3DB4A24B49D7363 /* METPlugin.m */ = {isa = PBXFileReference; name = "METPlugin.m"; path = "cordova-plugin-meteor-webapp/METPlugin.m"; sourceTree = "<group>"; fileEncoding = 4; lastKnownFileType = sourcecode.c.objc; explicitFileType = undefined; includeInIndex = 0; };
		A66F34AD8A024F1CB77200FA /* METTimer.m */ = {isa = PBXFileReference; name = "METTimer.m"; path = "cordova-plugin-meteor-webapp/METTimer.m"; sourceTree = "<group>"; fileEncoding = 4; lastKnownFileType = sourcecode.c.objc; explicitFileType = undefined; includeInIndex = 0; };
		95F6E60C0CE347469A15159A /* METRetryStrategy.m */ = {isa = PBXFileReference; name = "METRetryStrategy.m"; path = "cordova-plugin-meteor-webapp/METRetryStrategy.m"; sourceTree = "<group>"; fileEncoding = 4; lastKnownFileType = sourcecode.c.objc; explicitFileType = undefined; includeInIndex = 0; };
		5E1B4013E5A5418491BBBE89 /* METNetworkReachabilityManager.m */ = {isa = PBXFileReference; name = "METNetworkReachabilityManager.m"; path = "cordova-plugin-meteor-webapp/METNetworkReachabilityManager.m"; sourceTree = "<group>"; fileEncoding = 4; lastKnownFileType = sourcecode.c.objc; explicitFileType = undefined; includeInIndex = 0; };
		4FA52392E99240E596046D84 /* METRandomValueGenerator.m */ = {isa = PBXFileReference; name = "METRandomValueGenerator.m"; path = "cordova-plugin-meteor-webapp/METRandomValueGenerator.m"; sourceTree = "<group>"; fileEncoding = 4; lastKnownFileType = sourcecode.c.objc; explicitFileType = undefined; includeInIndex = 0; };
		6AD1EEBDCAAD42198535CA2A /* GCDWebServer.m */ = {isa = PBXFileReference; name = "GCDWebServer.m"; path = "cordova-plugin-meteor-webapp/GCDWebServer.m"; sourceTree = "<group>"; fileEncoding = 4; lastKnownFileType = sourcecode.c.objc; explicitFileType = undefined; includeInIndex = 0; };
		D176E1DBAEFA4961B0F9EB29 /* GCDWebServerConnection.m */ = {isa = PBXFileReference; name = "GCDWebServerConnection.m"; path = "cordova-plugin-meteor-webapp/GCDWebServerConnection.m"; sourceTree = "<group>"; fileEncoding = 4; lastKnownFileType = sourcecode.c.objc; explicitFileType = undefined; includeInIndex = 0; };
		95D57BDBB6CB4EA2B158CBF8 /* GCDWebServerFunctions.m */ = {isa = PBXFileReference; name = "GCDWebServerFunctions.m"; path = "cordova-plugin-meteor-webapp/GCDWebServerFunctions.m"; sourceTree = "<group>"; fileEncoding = 4; lastKnownFileType = sourcecode.c.objc; explicitFileType = undefined; includeInIndex = 0; };
		A31B85B130034F40BA982115 /* GCDWebServerRequest.m */ = {isa = PBXFileReference; name = "GCDWebServerRequest.m"; path = "cordova-plugin-meteor-webapp/GCDWebServerRequest.m"; sourceTree = "<group>"; fileEncoding = 4; lastKnownFileType = sourcecode.c.objc; explicitFileType = undefined; includeInIndex = 0; };
		44FADA65096A448E90FD6F74 /* GCDWebServerResponse.m */ = {isa = PBXFileReference; name = "GCDWebServerResponse.m"; path = "cordova-plugin-meteor-webapp/GCDWebServerResponse.m"; sourceTree = "<group>"; fileEncoding = 4; lastKnownFileType = sourcecode.c.objc; explicitFileType = undefined; includeInIndex = 0; };
		3690388DD5724F12ABC4089F /* GCDWebServerDataRequest.m */ = {isa = PBXFileReference; name = "GCDWebServerDataRequest.m"; path = "cordova-plugin-meteor-webapp/GCDWebServerDataRequest.m"; sourceTree = "<group>"; fileEncoding = 4; lastKnownFileType = sourcecode.c.objc; explicitFileType = undefined; includeInIndex = 0; };
		05F90ED125F9403D8171845F /* GCDWebServerFileRequest.m */ = {isa = PBXFileReference; name = "GCDWebServerFileRequest.m"; path = "cordova-plugin-meteor-webapp/GCDWebServerFileRequest.m"; sourceTree = "<group>"; fileEncoding = 4; lastKnownFileType = sourcecode.c.objc; explicitFileType = undefined; includeInIndex = 0; };
		DD87D2F2B7AF4A4BA39F8A95 /* GCDWebServerMultiPartFormRequest.m */ = {isa = PBXFileReference; name = "GCDWebServerMultiPartFormRequest.m"; path = "cordova-plugin-meteor-webapp/GCDWebServerMultiPartFormRequest.m"; sourceTree = "<group>"; fileEncoding = 4; lastKnownFileType = sourcecode.c.objc; explicitFileType = undefined; includeInIndex = 0; };
		12FD1C6B94134C248F3639EF /* GCDWebServerURLEncodedFormRequest.m */ = {isa = PBXFileReference; name = "GCDWebServerURLEncodedFormRequest.m"; path = "cordova-plugin-meteor-webapp/GCDWebServerURLEncodedFormRequest.m"; sourceTree = "<group>"; fileEncoding = 4; lastKnownFileType = sourcecode.c.objc; explicitFileType = undefined; includeInIndex = 0; };
		762053BCE4344DC79612422F /* GCDWebServerDataResponse.m */ = {isa = PBXFileReference; name = "GCDWebServerDataResponse.m"; path = "cordova-plugin-meteor-webapp/GCDWebServerDataResponse.m"; sourceTree = "<group>"; fileEncoding = 4; lastKnownFileType = sourcecode.c.objc; explicitFileType = undefined; includeInIndex = 0; };
		AEBF445DC19A4485B86D5BC2 /* GCDWebServerErrorResponse.m */ = {isa = PBXFileReference; name = "GCDWebServerErrorResponse.m"; path = "cordova-plugin-meteor-webapp/GCDWebServerErrorResponse.m"; sourceTree = "<group>"; fileEncoding = 4; lastKnownFileType = sourcecode.c.objc; explicitFileType = undefined; includeInIndex = 0; };
		4CA709FD49BB43A989116666 /* GCDWebServerFileResponse.m */ = {isa = PBXFileReference; name = "GCDWebServerFileResponse.m"; path = "cordova-plugin-meteor-webapp/GCDWebServerFileResponse.m"; sourceTree = "<group>"; fileEncoding = 4; lastKnownFileType = sourcecode.c.objc; explicitFileType = undefined; includeInIndex = 0; };
		6A8477FC6DAD447DB8FF9455 /* GCDWebServerStreamedResponse.m */ = {isa = PBXFileReference; name = "GCDWebServerStreamedResponse.m"; path = "cordova-plugin-meteor-webapp/GCDWebServerStreamedResponse.m"; sourceTree = "<group>"; fileEncoding = 4; lastKnownFileType = sourcecode.c.objc; explicitFileType = undefined; includeInIndex = 0; };
		46A10FBE9DA04725A0BDF154 /* cordova-plugin-meteor-webapp-Bridging-Header.h */ = {isa = PBXFileReference; name = "cordova-plugin-meteor-webapp-Bridging-Header.h"; path = "cordova-plugin-meteor-webapp/cordova-plugin-meteor-webapp-Bridging-Header.h"; sourceTree = "<group>"; fileEncoding = 4; lastKnownFileType = sourcecode.c.h; explicitFileType = undefined; includeInIndex = 0; };
		20B97345086F47D8B7E7510A /* METPlugin.h */ = {isa = PBXFileReference; name = "METPlugin.h"; path = "cordova-plugin-meteor-webapp/METPlugin.h"; sourceTree = "<group>"; fileEncoding = 4; lastKnownFileType = sourcecode.c.h; explicitFileType = undefined; includeInIndex = 0; };
		631FD0A8BF154CA1A882FCF6 /* METTimer.h */ = {isa = PBXFileReference; name = "METTimer.h"; path = "cordova-plugin-meteor-webapp/METTimer.h"; sourceTree = "<group>"; fileEncoding = 4; lastKnownFileType = sourcecode.c.h; explicitFileType = undefined; includeInIndex = 0; };
		339F5DEA097741A59CD07270 /* METRetryStrategy.h */ = {isa = PBXFileReference; name = "METRetryStrategy.h"; path = "cordova-plugin-meteor-webapp/METRetryStrategy.h"; sourceTree = "<group>"; fileEncoding = 4; lastKnownFileType = sourcecode.c.h; explicitFileType = undefined; includeInIndex = 0; };
		4C09ED5B09BE46D48E641A11 /* METNetworkReachabilityManager.h */ = {isa = PBXFileReference; name = "METNetworkReachabilityManager.h"; path = "cordova-plugin-meteor-webapp/METNetworkReachabilityManager.h"; sourceTree = "<group>"; fileEncoding = 4; lastKnownFileType = sourcecode.c.h; explicitFileType = undefined; includeInIndex = 0; };
		DA93E1484C4E4E4394B9F028 /* METRandomValueGenerator.h */ = {isa = PBXFileReference; name = "METRandomValueGenerator.h"; path = "cordova-plugin-meteor-webapp/METRandomValueGenerator.h"; sourceTree = "<group>"; fileEncoding = 4; lastKnownFileType = sourcecode.c.h; explicitFileType = undefined; includeInIndex = 0; };
		21401C3C5BE3445B8E382C61 /* GCDWebServer.h */ = {isa = PBXFileReference; name = "GCDWebServer.h"; path = "cordova-plugin-meteor-webapp/GCDWebServer.h"; sourceTree = "<group>"; fileEncoding = 4; lastKnownFileType = sourcecode.c.h; explicitFileType = undefined; includeInIndex = 0; };
		F270E9FF0B7F47FEAAC8039C /* GCDWebServerConnection.h */ = {isa = PBXFileReference; name = "GCDWebServerConnection.h"; path = "cordova-plugin-meteor-webapp/GCDWebServerConnection.h"; sourceTree = "<group>"; fileEncoding = 4; lastKnownFileType = sourcecode.c.h; explicitFileType = undefined; includeInIndex = 0; };
		33F2B56ABEF445B5B5F81B08 /* GCDWebServerFunctions.h */ = {isa = PBXFileReference; name = "GCDWebServerFunctions.h"; path = "cordova-plugin-meteor-webapp/GCDWebServerFunctions.h"; sourceTree = "<group>"; fileEncoding = 4; lastKnownFileType = sourcecode.c.h; explicitFileType = undefined; includeInIndex = 0; };
		58DF89F25443442A94549359 /* GCDWebServerHTTPStatusCodes.h */ = {isa = PBXFileReference; name = "GCDWebServerHTTPStatusCodes.h"; path = "cordova-plugin-meteor-webapp/GCDWebServerHTTPStatusCodes.h"; sourceTree = "<group>"; fileEncoding = 4; lastKnownFileType = sourcecode.c.h; explicitFileType = undefined; includeInIndex = 0; };
		669C4C8077494E50A36F0E87 /* GCDWebServerPrivate.h */ = {isa = PBXFileReference; name = "GCDWebServerPrivate.h"; path = "cordova-plugin-meteor-webapp/GCDWebServerPrivate.h"; sourceTree = "<group>"; fileEncoding = 4; lastKnownFileType = sourcecode.c.h; explicitFileType = undefined; includeInIndex = 0; };
		6F74B2B1479245069561ED65 /* GCDWebServerRequest.h */ = {isa = PBXFileReference; name = "GCDWebServerRequest.h"; path = "cordova-plugin-meteor-webapp/GCDWebServerRequest.h"; sourceTree = "<group>"; fileEncoding = 4; lastKnownFileType = sourcecode.c.h; explicitFileType = undefined; includeInIndex = 0; };
		3A9AE2D4C9AF47D1AA4EC568 /* GCDWebServerResponse.h */ = {isa = PBXFileReference; name = "GCDWebServerResponse.h"; path = "cordova-plugin-meteor-webapp/GCDWebServerResponse.h"; sourceTree = "<group>"; fileEncoding = 4; lastKnownFileType = sourcecode.c.h; explicitFileType = undefined; includeInIndex = 0; };
		05B52921203D4E3B8A28B45E /* GCDWebServerDataRequest.h */ = {isa = PBXFileReference; name = "GCDWebServerDataRequest.h"; path = "cordova-plugin-meteor-webapp/GCDWebServerDataRequest.h"; sourceTree = "<group>"; fileEncoding = 4; lastKnownFileType = sourcecode.c.h; explicitFileType = undefined; includeInIndex = 0; };
		4568DEB1274248F78CBF6C5D /* GCDWebServerFileRequest.h */ = {isa = PBXFileReference; name = "GCDWebServerFileRequest.h"; path = "cordova-plugin-meteor-webapp/GCDWebServerFileRequest.h"; sourceTree = "<group>"; fileEncoding = 4; lastKnownFileType = sourcecode.c.h; explicitFileType = undefined; includeInIndex = 0; };
		5FB51FD9A46C40BF8AD30955 /* GCDWebServerMultiPartFormRequest.h */ = {isa = PBXFileReference; name = "GCDWebServerMultiPartFormRequest.h"; path = "cordova-plugin-meteor-webapp/GCDWebServerMultiPartFormRequest.h"; sourceTree = "<group>"; fileEncoding = 4; lastKnownFileType = sourcecode.c.h; explicitFileType = undefined; includeInIndex = 0; };
		E2BAC0D40B14408F86DEE842 /* GCDWebServerURLEncodedFormRequest.h */ = {isa = PBXFileReference; name = "GCDWebServerURLEncodedFormRequest.h"; path = "cordova-plugin-meteor-webapp/GCDWebServerURLEncodedFormRequest.h"; sourceTree = "<group>"; fileEncoding = 4; lastKnownFileType = sourcecode.c.h; explicitFileType = undefined; includeInIndex = 0; };
		6941A7C2C26B40F09A55F457 /* GCDWebServerDataResponse.h */ = {isa = PBXFileReference; name = "GCDWebServerDataResponse.h"; path = "cordova-plugin-meteor-webapp/GCDWebServerDataResponse.h"; sourceTree = "<group>"; fileEncoding = 4; lastKnownFileType = sourcecode.c.h; explicitFileType = undefined; includeInIndex = 0; };
		C3ACBA0BF66C444BA44CBCAB /* GCDWebServerErrorResponse.h */ = {isa = PBXFileReference; name = "GCDWebServerErrorResponse.h"; path = "cordova-plugin-meteor-webapp/GCDWebServerErrorResponse.h"; sourceTree = "<group>"; fileEncoding = 4; lastKnownFileType = sourcecode.c.h; explicitFileType = undefined; includeInIndex = 0; };
		1B82C3288D484D91AD65D284 /* GCDWebServerFileResponse.h */ = {isa = PBXFileReference; name = "GCDWebServerFileResponse.h"; path = "cordova-plugin-meteor-webapp/GCDWebServerFileResponse.h"; sourceTree = "<group>"; fileEncoding = 4; lastKnownFileType = sourcecode.c.h; explicitFileType = undefined; includeInIndex = 0; };
		B8504EAAD60C47E1A30E556F /* GCDWebServerStreamedResponse.h */ = {isa = PBXFileReference; name = "GCDWebServerStreamedResponse.h"; path = "cordova-plugin-meteor-webapp/GCDWebServerStreamedResponse.h"; sourceTree = "<group>"; fileEncoding = 4; lastKnownFileType = sourcecode.c.h; explicitFileType = undefined; includeInIndex = 0; };
		C5E8382FE823402DAB31BBB5 /* CFNetwork.framework */ = {isa = PBXFileReference; name = "CFNetwork.framework"; path = "System/Library/Frameworks/CFNetwork.framework"; sourceTree = SDKROOT; fileEncoding = undefined; lastKnownFileType = wrapper.framework; explicitFileType = undefined; includeInIndex = 0; };
		93D27C32D4AF47B0AFF04C09 /* libz.dylib */ = {isa = PBXFileReference; name = "libz.dylib"; path = "usr/lib/libz.dylib"; sourceTree = SDKROOT; fileEncoding = undefined; lastKnownFileType = compiled.mach-o.dylib; explicitFileType = undefined; includeInIndex = 0; };
		B57541762C49447B955DDAE0 /* CDVStatusBar.m */ = {isa = PBXFileReference; name = "CDVStatusBar.m"; path = "cordova-plugin-statusbar/CDVStatusBar.m"; sourceTree = "<group>"; fileEncoding = 4; lastKnownFileType = sourcecode.c.objc; explicitFileType = undefined; includeInIndex = 0; };
		695708A87B964AB1AB02FF15 /* CDVStatusBar.h */ = {isa = PBXFileReference; name = "CDVStatusBar.h"; path = "cordova-plugin-statusbar/CDVStatusBar.h"; sourceTree = "<group>"; fileEncoding = 4; lastKnownFileType = sourcecode.c.h; explicitFileType = undefined; includeInIndex = 0; };
		2BBD3E361C3C4D3CBB211DF9 /* CDVSplashScreen.m */ = {isa = PBXFileReference; name = "CDVSplashScreen.m"; path = "cordova-plugin-splashscreen/CDVSplashScreen.m"; sourceTree = "<group>"; fileEncoding = 4; lastKnownFileType = sourcecode.c.objc; explicitFileType = undefined; includeInIndex = 0; };
		F668C8D45BBB4B11AB69D1E3 /* CDVViewController+SplashScreen.m */ = {isa = PBXFileReference; name = "CDVViewController+SplashScreen.m"; path = "cordova-plugin-splashscreen/CDVViewController+SplashScreen.m"; sourceTree = "<group>"; fileEncoding = 4; lastKnownFileType = sourcecode.c.objc; explicitFileType = undefined; includeInIndex = 0; };
		BB33C89EF6D24C80B6545E38 /* CDVSplashScreen.h */ = {isa = PBXFileReference; name = "CDVSplashScreen.h"; path = "cordova-plugin-splashscreen/CDVSplashScreen.h"; sourceTree = "<group>"; fileEncoding = 4; lastKnownFileType = sourcecode.c.h; explicitFileType = undefined; includeInIndex = 0; };
		C91769ECAA344C528C1C113B /* CDVViewController+SplashScreen.h */ = {isa = PBXFileReference; name = "CDVViewController+SplashScreen.h"; path = "cordova-plugin-splashscreen/CDVViewController+SplashScreen.h"; sourceTree = "<group>"; fileEncoding = 4; lastKnownFileType = sourcecode.c.h; explicitFileType = undefined; includeInIndex = 0; };
		E752732B0752499A84014E7A /* CDVLogger.m */ = {isa = PBXFileReference; name = "CDVLogger.m"; path = "cordova-plugin-console/CDVLogger.m"; sourceTree = "<group>"; fileEncoding = 4; lastKnownFileType = sourcecode.c.objc; explicitFileType = undefined; includeInIndex = 0; };
		93C1ABC39D134E2EA8156270 /* CDVLogger.h */ = {isa = PBXFileReference; name = "CDVLogger.h"; path = "cordova-plugin-console/CDVLogger.h"; sourceTree = "<group>"; fileEncoding = 4; lastKnownFileType = sourcecode.c.h; explicitFileType = undefined; includeInIndex = 0; };
		7234966547234DE3A0762301 /* CDVDevice.m */ = {isa = PBXFileReference; name = "CDVDevice.m"; path = "cordova-plugin-device/CDVDevice.m"; sourceTree = "<group>"; fileEncoding = 4; lastKnownFileType = sourcecode.c.objc; explicitFileType = undefined; includeInIndex = 0; };
		700EB9099EB24232AA062B95 /* CDVDevice.h */ = {isa = PBXFileReference; name = "CDVDevice.h"; path = "cordova-plugin-device/CDVDevice.h"; sourceTree = "<group>"; fileEncoding = 4; lastKnownFileType = sourcecode.c.h; explicitFileType = undefined; includeInIndex = 0; };
		4CBA097FEA0C44B0B04B5C4D /* AppDelegate+APPAppEvent.m */ = {isa = PBXFileReference; name = "AppDelegate+APPAppEvent.m"; path = "cordova-plugin-app-event/AppDelegate+APPAppEvent.m"; sourceTree = "<group>"; fileEncoding = 4; lastKnownFileType = sourcecode.c.objc; explicitFileType = undefined; includeInIndex = 0; };
		5F623636406842DDBF9FEB02 /* CDVPlugin+APPAppEvent.m */ = {isa = PBXFileReference; name = "CDVPlugin+APPAppEvent.m"; path = "cordova-plugin-app-event/CDVPlugin+APPAppEvent.m"; sourceTree = "<group>"; fileEncoding = 4; lastKnownFileType = sourcecode.c.objc; explicitFileType = undefined; includeInIndex = 0; };
		4C5BFDC4ECA94C6E87C1D1EC /* AppDelegate+APPAppEvent.h */ = {isa = PBXFileReference; name = "AppDelegate+APPAppEvent.h"; path = "cordova-plugin-app-event/AppDelegate+APPAppEvent.h"; sourceTree = "<group>"; fileEncoding = 4; lastKnownFileType = sourcecode.c.h; explicitFileType = undefined; includeInIndex = 0; };
		B43D8C24A8954621908498E1 /* CDVPlugin+APPAppEvent.h */ = {isa = PBXFileReference; name = "CDVPlugin+APPAppEvent.h"; path = "cordova-plugin-app-event/CDVPlugin+APPAppEvent.h"; sourceTree = "<group>"; fileEncoding = 4; lastKnownFileType = sourcecode.c.h; explicitFileType = undefined; includeInIndex = 0; };
		59F39D594A6B41E2828AE698 /* APPAppEventDelegate.h */ = {isa = PBXFileReference; name = "APPAppEventDelegate.h"; path = "cordova-plugin-app-event/APPAppEventDelegate.h"; sourceTree = "<group>"; fileEncoding = 4; lastKnownFileType = sourcecode.c.h; explicitFileType = undefined; includeInIndex = 0; };
		E24337D05F8E4ED584CB1481 /* APPLocalNotification.m */ = {isa = PBXFileReference; name = "APPLocalNotification.m"; path = "de.appplant.cordova.plugin.local-notification/APPLocalNotification.m"; sourceTree = "<group>"; fileEncoding = 4; lastKnownFileType = sourcecode.c.objc; explicitFileType = undefined; includeInIndex = 0; };
		711E44BC6D814602B51F885A /* APPLocalNotificationOptions.m */ = {isa = PBXFileReference; name = "APPLocalNotificationOptions.m"; path = "de.appplant.cordova.plugin.local-notification/APPLocalNotificationOptions.m"; sourceTree = "<group>"; fileEncoding = 4; lastKnownFileType = sourcecode.c.objc; explicitFileType = undefined; includeInIndex = 0; };
		9D9B23C3B4914A4C94660A09 /* UIApplication+APPLocalNotification.m */ = {isa = PBXFileReference; name = "UIApplication+APPLocalNotification.m"; path = "de.appplant.cordova.plugin.local-notification/UIApplication+APPLocalNotification.m"; sourceTree = "<group>"; fileEncoding = 4; lastKnownFileType = sourcecode.c.objc; explicitFileType = undefined; includeInIndex = 0; };
		B3EC981A5BCB4C24A3639257 /* UILocalNotification+APPLocalNotification.m */ = {isa = PBXFileReference; name = "UILocalNotification+APPLocalNotification.m"; path = "de.appplant.cordova.plugin.local-notification/UILocalNotification+APPLocalNotification.m"; sourceTree = "<group>"; fileEncoding = 4; lastKnownFileType = sourcecode.c.objc; explicitFileType = undefined; includeInIndex = 0; };
		CF66C06259F946F8A98D84E7 /* APPLocalNotification.h */ = {isa = PBXFileReference; name = "APPLocalNotification.h"; path = "de.appplant.cordova.plugin.local-notification/APPLocalNotification.h"; sourceTree = "<group>"; fileEncoding = 4; lastKnownFileType = sourcecode.c.h; explicitFileType = undefined; includeInIndex = 0; };
		5389BC7CE23E46F4A1C726F5 /* APPLocalNotificationOptions.h */ = {isa = PBXFileReference; name = "APPLocalNotificationOptions.h"; path = "de.appplant.cordova.plugin.local-notification/APPLocalNotificationOptions.h"; sourceTree = "<group>"; fileEncoding = 4; lastKnownFileType = sourcecode.c.h; explicitFileType = undefined; includeInIndex = 0; };
		08975E1977AB4262A3BEFDC0 /* UIApplication+APPLocalNotification.h */ = {isa = PBXFileReference; name = "UIApplication+APPLocalNotification.h"; path = "de.appplant.cordova.plugin.local-notification/UIApplication+APPLocalNotification.h"; sourceTree = "<group>"; fileEncoding = 4; lastKnownFileType = sourcecode.c.h; explicitFileType = undefined; includeInIndex = 0; };
		6DCD19C4973B43AB85DD2940 /* UILocalNotification+APPLocalNotification.h */ = {isa = PBXFileReference; name = "UILocalNotification+APPLocalNotification.h"; path = "de.appplant.cordova.plugin.local-notification/UILocalNotification+APPLocalNotification.h"; sourceTree = "<group>"; fileEncoding = 4; lastKnownFileType = sourcecode.c.h; explicitFileType = undefined; includeInIndex = 0; };
		8E17747A312B4C218EA0C416 /* CDVNotification.m */ = {isa = PBXFileReference; name = "CDVNotification.m"; path = "cordova-plugin-dialogs/CDVNotification.m"; sourceTree = "<group>"; fileEncoding = 4; lastKnownFileType = sourcecode.c.objc; explicitFileType = undefined; includeInIndex = 0; };
		3EAE91FC94BA48DF96BC8FDC /* CDVNotification.h */ = {isa = PBXFileReference; name = "CDVNotification.h"; path = "cordova-plugin-dialogs/CDVNotification.h"; sourceTree = "<group>"; fileEncoding = 4; lastKnownFileType = sourcecode.c.h; explicitFileType = undefined; includeInIndex = 0; };
		9D31F337FA5F48E399E7DA5E /* CDVNotification.bundle */ = {isa = PBXFileReference; name = "CDVNotification.bundle"; path = "CDVNotification.bundle"; sourceTree = "<group>"; fileEncoding = undefined; lastKnownFileType = wrapper.plug-in; explicitFileType = undefined; includeInIndex = 0; };
		3B55EED05FAE4F7CB6E9ADF2 /* AudioToolbox.framework */ = {isa = PBXFileReference; name = "AudioToolbox.framework"; path = "System/Library/Frameworks/AudioToolbox.framework"; sourceTree = SDKROOT; fileEncoding = undefined; lastKnownFileType = wrapper.framework; explicitFileType = undefined; includeInIndex = 0; };
		7282D08B74E044BE90E4E127 /* CDVVibration.m */ = {isa = PBXFileReference; name = "CDVVibration.m"; path = "cordova-plugin-vibration/CDVVibration.m"; sourceTree = "<group>"; fileEncoding = 4; lastKnownFileType = sourcecode.c.objc; explicitFileType = undefined; includeInIndex = 0; };
		EB2A6402115C48398F6C1619 /* CDVVibration.h */ = {isa = PBXFileReference; name = "CDVVibration.h"; path = "cordova-plugin-vibration/CDVVibration.h"; sourceTree = "<group>"; fileEncoding = 4; lastKnownFileType = sourcecode.c.h; explicitFileType = undefined; includeInIndex = 0; };
/* End PBXFileReference section */

/* Begin PBXFrameworksBuildPhase section */
		1D60588F0D05DD3D006BFB54 /* Frameworks */ = {
			isa = PBXFrameworksBuildPhase;
			buildActionMask = 2147483647;
			files = (
				301BF552109A68D80062928A /* libCordova.a in Frameworks */,
				B87A382D2248487D894AE828 /* WebKit.framework in Frameworks */,
				D729F90CC0A247A99A5D513E /* CFNetwork.framework in Frameworks */,
				56149F75D4654CBAAAB38970 /* libz.dylib in Frameworks */,
				E6B5DEAAF13B44CE9B86136A /* AudioToolbox.framework in Frameworks */,
			);
			runOnlyForDeploymentPostprocessing = 0;
		};
/* End PBXFrameworksBuildPhase section */

/* Begin PBXGroup section */
		080E96DDFE201D6D7F000001 /* Classes */ = {
			isa = PBXGroup;
			children = (
				302D95EE14D2391D003F00A1 /* MainViewController.h */,
				302D95EF14D2391D003F00A1 /* MainViewController.m */,
				302D95F014D2391D003F00A1 /* MainViewController.xib */,
				1D3623240D0F684500981E51 /* AppDelegate.h */,
				1D3623250D0F684500981E51 /* AppDelegate.m */,
			);
			name = Classes;
			path = "MHB_Mobile_W/Classes";
			sourceTree = SOURCE_ROOT;
		};
		19C28FACFE9D520D11CA2CBB /* Products */ = {
			isa = PBXGroup;
			children = (
				1D6058910D05DD3D006BFB54 /* MHB_Mobile_W.app */,
			);
			name = Products;
			sourceTree = "<group>";
		};
		29B97314FDCFA39411CA2CEA /* CustomTemplate */ = {
			isa = PBXGroup;
			children = (
				EB87FDF41871DAF40020F90C /* config.xml */,
				EB87FDF31871DA8E0020F90C /* www */,
				EB87FDF11871DA420020F90C /* Staging */,
				301BF52D109A57CC0062928A /* CordovaLib.xcodeproj */,
				080E96DDFE201D6D7F000001 /* Classes */,
				307C750510C5A3420062BCA9 /* Plugins */,
				29B97315FDCFA39411CA2CEA /* Other Sources */,
				29B97317FDCFA39411CA2CEA /* Resources */,
				29B97323FDCFA39411CA2CEA /* Frameworks */,
				19C28FACFE9D520D11CA2CBB /* Products */,
			);
			name = CustomTemplate;
			sourceTree = "<group>";
		};
		29B97315FDCFA39411CA2CEA /* Other Sources */ = {
			isa = PBXGroup;
			children = (
				32CA4F630368D1EE00C91783 /* MHB_Mobile_W-Prefix.pch */,
				29B97316FDCFA39411CA2CEA /* main.m */,
				ED33DF2A687741AEAF9F8254 /* Bridging-Header.h */,
			);
			name = "Other Sources";
			path = "MHB_Mobile_W";
			sourceTree = "<group>";
		};
		29B97317FDCFA39411CA2CEA /* Resources */ = {
			isa = PBXGroup;
			children = (
				0207DA571B56EA530066E2B4 /* Images.xcassets */,
				3047A50E1AB8057F00498E2A /* config */,
				8D1107310486CEB800E47090 /* MHB_Mobile_W-Info.plist */,
				9D31F337FA5F48E399E7DA5E /* CDVNotification.bundle */,
			);
			name = Resources;
			path = "MHB_Mobile_W/Resources";
			sourceTree = "<group>";
		};
		29B97323FDCFA39411CA2CEA /* Frameworks */ = {
			isa = PBXGroup;
			children = (
				E75D7F7C93C34E788A457713 /* WebKit.framework */,
				C5E8382FE823402DAB31BBB5 /* CFNetwork.framework */,
				93D27C32D4AF47B0AFF04C09 /* libz.dylib */,
				3B55EED05FAE4F7CB6E9ADF2 /* AudioToolbox.framework */,
			);
			name = Frameworks;
			sourceTree = "<group>";
		};
		301BF52E109A57CC0062928A /* Products */ = {
			isa = PBXGroup;
			children = (
				301BF535109A57CC0062928A /* libCordova.a */,
			);
			name = Products;
			sourceTree = "<group>";
		};
		3047A50E1AB8057F00498E2A /* config */ = {
			isa = PBXGroup;
			children = (
				3047A50F1AB8059700498E2A /* build-debug.xcconfig */,
				3047A5101AB8059700498E2A /* build-release.xcconfig */,
				3047A5111AB8059700498E2A /* build.xcconfig */,
			);
			name = config;
			sourceTree = "<group>";
		};
		307C750510C5A3420062BCA9 /* Plugins */ = {
			isa = PBXGroup;
			children = (
				BDF6B684CA734D1BB4616BF2 /* AppDelegate+notification.m */,
				8A1CCFBB3E7042009757AB0E /* PushPlugin.m */,
				9A5F23BD0FA3484094953337 /* AppDelegate+notification.h */,
				4DB7FAC9DD804EE2BF930FDB /* PushPlugin.h */,
				5580CFA0BEE04608B2E99EAF /* CDVWKWebViewEngine.m */,
				6000E2A31F0D4CFF95217B02 /* CDVWKWebViewUIDelegate.m */,
				EDB39848CE5D4D7593718991 /* CDVWKWebViewEngine.h */,
				7A8EFDB13BC94F34A53AD6FA /* CDVWKWebViewUIDelegate.h */,
				5A09195C4E624A5C84FDF50F /* WebAppLocalServer.swift */,
				FDFB957BF567409FA94411C0 /* WebAppConfiguration.swift */,
				5CABC0D3396C454DA5EC11D8 /* AssetBundleManager.swift */,
				0B02B7021D934960BC9DC068 /* AssetBundle.swift */,
				4558163AA6F24694A1EB8080 /* Asset.swift */,
				0AA9F4A5B83D4B1CBD976B49 /* AssetBundleDownloader.swift */,
				4CB5F5A0B6E048FCAE528AEE /* AssetManifest.swift */,
				11F048DB34AC49B8AE71D515 /* Errors.swift */,
				31352F3A57384AB99D2814F4 /* Utility.swift */,
				C1EAC2EBF3DB4A24B49D7363 /* METPlugin.m */,
				A66F34AD8A024F1CB77200FA /* METTimer.m */,
				95F6E60C0CE347469A15159A /* METRetryStrategy.m */,
				5E1B4013E5A5418491BBBE89 /* METNetworkReachabilityManager.m */,
				4FA52392E99240E596046D84 /* METRandomValueGenerator.m */,
				6AD1EEBDCAAD42198535CA2A /* GCDWebServer.m */,
				D176E1DBAEFA4961B0F9EB29 /* GCDWebServerConnection.m */,
				95D57BDBB6CB4EA2B158CBF8 /* GCDWebServerFunctions.m */,
				A31B85B130034F40BA982115 /* GCDWebServerRequest.m */,
				44FADA65096A448E90FD6F74 /* GCDWebServerResponse.m */,
				3690388DD5724F12ABC4089F /* GCDWebServerDataRequest.m */,
				05F90ED125F9403D8171845F /* GCDWebServerFileRequest.m */,
				DD87D2F2B7AF4A4BA39F8A95 /* GCDWebServerMultiPartFormRequest.m */,
				12FD1C6B94134C248F3639EF /* GCDWebServerURLEncodedFormRequest.m */,
				762053BCE4344DC79612422F /* GCDWebServerDataResponse.m */,
				AEBF445DC19A4485B86D5BC2 /* GCDWebServerErrorResponse.m */,
				4CA709FD49BB43A989116666 /* GCDWebServerFileResponse.m */,
				6A8477FC6DAD447DB8FF9455 /* GCDWebServerStreamedResponse.m */,
				46A10FBE9DA04725A0BDF154 /* cordova-plugin-meteor-webapp-Bridging-Header.h */,
				20B97345086F47D8B7E7510A /* METPlugin.h */,
				631FD0A8BF154CA1A882FCF6 /* METTimer.h */,
				339F5DEA097741A59CD07270 /* METRetryStrategy.h */,
				4C09ED5B09BE46D48E641A11 /* METNetworkReachabilityManager.h */,
				DA93E1484C4E4E4394B9F028 /* METRandomValueGenerator.h */,
				21401C3C5BE3445B8E382C61 /* GCDWebServer.h */,
				F270E9FF0B7F47FEAAC8039C /* GCDWebServerConnection.h */,
				33F2B56ABEF445B5B5F81B08 /* GCDWebServerFunctions.h */,
				58DF89F25443442A94549359 /* GCDWebServerHTTPStatusCodes.h */,
				669C4C8077494E50A36F0E87 /* GCDWebServerPrivate.h */,
				6F74B2B1479245069561ED65 /* GCDWebServerRequest.h */,
				3A9AE2D4C9AF47D1AA4EC568 /* GCDWebServerResponse.h */,
				05B52921203D4E3B8A28B45E /* GCDWebServerDataRequest.h */,
				4568DEB1274248F78CBF6C5D /* GCDWebServerFileRequest.h */,
				5FB51FD9A46C40BF8AD30955 /* GCDWebServerMultiPartFormRequest.h */,
				E2BAC0D40B14408F86DEE842 /* GCDWebServerURLEncodedFormRequest.h */,
				6941A7C2C26B40F09A55F457 /* GCDWebServerDataResponse.h */,
				C3ACBA0BF66C444BA44CBCAB /* GCDWebServerErrorResponse.h */,
				1B82C3288D484D91AD65D284 /* GCDWebServerFileResponse.h */,
				B8504EAAD60C47E1A30E556F /* GCDWebServerStreamedResponse.h */,
				B57541762C49447B955DDAE0 /* CDVStatusBar.m */,
				695708A87B964AB1AB02FF15 /* CDVStatusBar.h */,
				2BBD3E361C3C4D3CBB211DF9 /* CDVSplashScreen.m */,
				F668C8D45BBB4B11AB69D1E3 /* CDVViewController+SplashScreen.m */,
				BB33C89EF6D24C80B6545E38 /* CDVSplashScreen.h */,
				C91769ECAA344C528C1C113B /* CDVViewController+SplashScreen.h */,
				E752732B0752499A84014E7A /* CDVLogger.m */,
				93C1ABC39D134E2EA8156270 /* CDVLogger.h */,
				7234966547234DE3A0762301 /* CDVDevice.m */,
				700EB9099EB24232AA062B95 /* CDVDevice.h */,
				4CBA097FEA0C44B0B04B5C4D /* AppDelegate+APPAppEvent.m */,
				5F623636406842DDBF9FEB02 /* CDVPlugin+APPAppEvent.m */,
				4C5BFDC4ECA94C6E87C1D1EC /* AppDelegate+APPAppEvent.h */,
				B43D8C24A8954621908498E1 /* CDVPlugin+APPAppEvent.h */,
				59F39D594A6B41E2828AE698 /* APPAppEventDelegate.h */,
				E24337D05F8E4ED584CB1481 /* APPLocalNotification.m */,
				711E44BC6D814602B51F885A /* APPLocalNotificationOptions.m */,
				9D9B23C3B4914A4C94660A09 /* UIApplication+APPLocalNotification.m */,
				B3EC981A5BCB4C24A3639257 /* UILocalNotification+APPLocalNotification.m */,
				CF66C06259F946F8A98D84E7 /* APPLocalNotification.h */,
				5389BC7CE23E46F4A1C726F5 /* APPLocalNotificationOptions.h */,
				08975E1977AB4262A3BEFDC0 /* UIApplication+APPLocalNotification.h */,
				6DCD19C4973B43AB85DD2940 /* UILocalNotification+APPLocalNotification.h */,
				8E17747A312B4C218EA0C416 /* CDVNotification.m */,
				3EAE91FC94BA48DF96BC8FDC /* CDVNotification.h */,
				7282D08B74E044BE90E4E127 /* CDVVibration.m */,
				EB2A6402115C48398F6C1619 /* CDVVibration.h */,
			);
			name = Plugins;
			path = "MHB_Mobile_W/Plugins";
			sourceTree = SOURCE_ROOT;
		};
		EB87FDF11871DA420020F90C /* Staging */ = {
			isa = PBXGroup;
			children = (
				F840E1F0165FE0F500CFE078 /* config.xml */,
				301BF56E109A69640062928A /* www */,
			);
			name = Staging;
			sourceTree = "<group>";
		};
/* End PBXGroup section */

/* Begin PBXNativeTarget section */
		1D6058900D05DD3D006BFB54 /* MHB_Mobile_W */ = {
			isa = PBXNativeTarget;
			buildConfigurationList = 1D6058960D05DD3E006BFB54 /* Build configuration list for PBXNativeTarget "MHB_Mobile_W" */;
			buildPhases = (
				304B58A110DAC018002A0835 /* Copy www directory */,
				1D60588D0D05DD3D006BFB54 /* Resources */,
				1D60588E0D05DD3D006BFB54 /* Sources */,
				1D60588F0D05DD3D006BFB54 /* Frameworks */,
			);
			buildRules = (
			);
			dependencies = (
				301BF551109A68C00062928A /* PBXTargetDependency */,
			);
			name = "MHB_Mobile_W";
			productName = "MHB_Mobile_W";
			productReference = 1D6058910D05DD3D006BFB54 /* MHB_Mobile_W.app */;
			productType = "com.apple.product-type.application";
		};
/* End PBXNativeTarget section */

/* Begin PBXProject section */
		29B97313FDCFA39411CA2CEA /* Project object */ = {
			isa = PBXProject;
			attributes = {
				LastUpgradeCheck = 510;
			};
			buildConfigurationList = C01FCF4E08A954540054247B /* Build configuration list for PBXProject "__NON-CLI__" */;
			compatibilityVersion = "Xcode 3.2";
			developmentRegion = English;
			hasScannedForEncodings = 1;
			mainGroup = 29B97314FDCFA39411CA2CEA /* CustomTemplate */;
			projectDirPath = "";
			projectReferences = (
				{
					ProductGroup = 301BF52E109A57CC0062928A /* Products */;
					ProjectRef = 301BF52D109A57CC0062928A /* CordovaLib.xcodeproj */;
				},
			);
			projectRoot = "";
			targets = (
				1D6058900D05DD3D006BFB54 /* MHB_Mobile_W */,
			);
		};
/* End PBXProject section */

/* Begin PBXReferenceProxy section */
		301BF535109A57CC0062928A /* libCordova.a */ = {
			isa = PBXReferenceProxy;
			fileType = archive.ar;
			path = libCordova.a;
			remoteRef = 301BF534109A57CC0062928A /* PBXContainerItemProxy */;
			sourceTree = BUILT_PRODUCTS_DIR;
		};
/* End PBXReferenceProxy section */

/* Begin PBXResourcesBuildPhase section */
		1D60588D0D05DD3D006BFB54 /* Resources */ = {
			isa = PBXResourcesBuildPhase;
			buildActionMask = 2147483647;
			files = (
				302D95F214D2391D003F00A1 /* MainViewController.xib in Resources */,
				3047A5131AB8059700498E2A /* build-release.xcconfig in Resources */,
				3047A5141AB8059700498E2A /* build.xcconfig in Resources */,
				0207DA581B56EA530066E2B4 /* Images.xcassets in Resources */,
				3047A5121AB8059700498E2A /* build-debug.xcconfig in Resources */,
				7DA5FAB0E6B64F3895DFA3C8 /* CDVNotification.bundle in Resources */,
			);
			runOnlyForDeploymentPostprocessing = 0;
		};
/* End PBXResourcesBuildPhase section */

/* Begin PBXShellScriptBuildPhase section */
		304B58A110DAC018002A0835 /* Copy www directory */ = {
			isa = PBXShellScriptBuildPhase;
			buildActionMask = 2147483647;
			files = (
			);
			inputPaths = (
			);
			name = "Copy www directory";
			outputPaths = (
			);
			runOnlyForDeploymentPostprocessing = 0;
			shellPath = /bin/sh;
			shellScript = "NODEJS_PATH=/usr/local/bin; NVM_NODE_PATH=~/.nvm/versions/node/`nvm version 2>/dev/null`/bin; N_NODE_PATH=`find /usr/local/n/versions/node/* -maxdepth 0 -type d 2>/dev/null | tail -1`/bin; XCODE_NODE_PATH=`xcode-select --print-path`/usr/share/xcs/Node/bin; PATH=$NODEJS_PATH:$NVM_NODE_PATH:$N_NODE_PATH:$XCODE_NODE_PATH:$PATH && node cordova/lib/copy-www-build-step.js";
			showEnvVarsInLog = 0;
		};
/* End PBXShellScriptBuildPhase section */

/* Begin PBXSourcesBuildPhase section */
		1D60588E0D05DD3D006BFB54 /* Sources */ = {
			isa = PBXSourcesBuildPhase;
			buildActionMask = 2147483647;
			files = (
				1D60589B0D05DD56006BFB54 /* main.m in Sources */,
				1D3623260D0F684500981E51 /* AppDelegate.m in Sources */,
				302D95F114D2391D003F00A1 /* MainViewController.m in Sources */,
				6B91248D981A44778B655EE1 /* AppDelegate+notification.m in Sources */,
				C9D2453E72654080A5EE1891 /* PushPlugin.m in Sources */,
				C9756363D0E24119B2E81AEE /* CDVWKWebViewEngine.m in Sources */,
				36FDBE1916C44B5FAE62776E /* CDVWKWebViewUIDelegate.m in Sources */,
				76610CC6A47B47DBB11DA9C4 /* WebAppLocalServer.swift in Sources */,
				23A838DE59EC47E984F043C6 /* WebAppConfiguration.swift in Sources */,
				DFDCF2C781184FC48B5AE0A8 /* AssetBundleManager.swift in Sources */,
				B78208F86E754B3D90572F06 /* AssetBundle.swift in Sources */,
				084FAA765E414DCA802BA1E3 /* Asset.swift in Sources */,
				7021A0F2416B412283F45191 /* AssetBundleDownloader.swift in Sources */,
				C4D39334B5194D14BF6572A5 /* AssetManifest.swift in Sources */,
				F305CEA743B84D32940FF6CE /* Errors.swift in Sources */,
				D9A436C4D39A46938A0C2977 /* Utility.swift in Sources */,
				6D5A739F917E4716ACDD9016 /* METPlugin.m in Sources */,
				68BFD3B48BA4477DB6B70C78 /* METTimer.m in Sources */,
				EF2807DE03834B0FAF928B4E /* METRetryStrategy.m in Sources */,
				BDB6E723FE31457EB89C2C77 /* METNetworkReachabilityManager.m in Sources */,
				91DA1216E2814545A28F33FB /* METRandomValueGenerator.m in Sources */,
				DA0AAC068DD740C0A0FC4345 /* GCDWebServer.m in Sources */,
				970799543B0A4D9F89F19BFE /* GCDWebServerConnection.m in Sources */,
				046CDC2002F1425A9A50C3BF /* GCDWebServerFunctions.m in Sources */,
				91A3DA2937744666BDC4CCAE /* GCDWebServerRequest.m in Sources */,
				9C4C541AFE8B4C4681735182 /* GCDWebServerResponse.m in Sources */,
				B499005A1BAB4CF2B2251BBB /* GCDWebServerDataRequest.m in Sources */,
				304B0808136D493CB8E76789 /* GCDWebServerFileRequest.m in Sources */,
				77ABD718FB2548599A340CC8 /* GCDWebServerMultiPartFormRequest.m in Sources */,
				2316AB8D9EFE456AAFEC5086 /* GCDWebServerURLEncodedFormRequest.m in Sources */,
				7F0053F0A6F8420698495578 /* GCDWebServerDataResponse.m in Sources */,
				A442BC5E1C1B4A09A6354D5C /* GCDWebServerErrorResponse.m in Sources */,
				D43BEF8CD9824192AA9BCE12 /* GCDWebServerFileResponse.m in Sources */,
				1139EF9C329448E5BB943CCD /* GCDWebServerStreamedResponse.m in Sources */,
				D209F66148084BFCA7927915 /* CDVStatusBar.m in Sources */,
				B2C3AAE313B74302B70863E7 /* CDVSplashScreen.m in Sources */,
				9C8991C7912B47118D40E696 /* CDVViewController+SplashScreen.m in Sources */,
				5072352628BE4363AF0540ED /* CDVLogger.m in Sources */,
				AA8A663DEB8940F4B37954E9 /* CDVDevice.m in Sources */,
				08D484090886498EA5439EC7 /* AppDelegate+APPAppEvent.m in Sources */,
				05029EE6885F4BCD8C1BEFA5 /* CDVPlugin+APPAppEvent.m in Sources */,
				3790CFCA0A56478BB5F00D22 /* APPLocalNotification.m in Sources */,
				071A79F122054EA9AEFD38FC /* APPLocalNotificationOptions.m in Sources */,
				08132F9638BF47F097CDB333 /* UIApplication+APPLocalNotification.m in Sources */,
				A65F729E1C1F449C8A70BF69 /* UILocalNotification+APPLocalNotification.m in Sources */,
				95C74754F13B4FE1BD88D0E0 /* CDVNotification.m in Sources */,
				48FDF9176FFD47229BB7FB33 /* CDVVibration.m in Sources */,
			);
			runOnlyForDeploymentPostprocessing = 0;
		};
/* End PBXSourcesBuildPhase section */

/* Begin PBXTargetDependency section */
		301BF551109A68C00062928A /* PBXTargetDependency */ = {
			isa = PBXTargetDependency;
			name = CordovaLib;
			targetProxy = 301BF550109A68C00062928A /* PBXContainerItemProxy */;
		};
/* End PBXTargetDependency section */

/* Begin XCBuildConfiguration section */
		1D6058940D05DD3E006BFB54 /* Debug */ = {
			isa = XCBuildConfiguration;
			baseConfigurationReference = 3047A50F1AB8059700498E2A /* build-debug.xcconfig */;
			buildSettings = {
				ALWAYS_SEARCH_USER_PATHS = NO;
				ASSETCATALOG_COMPILER_APPICON_NAME = AppIcon;
				ASSETCATALOG_COMPILER_LAUNCHIMAGE_NAME = LaunchImage;
				CLANG_ENABLE_MODULES = YES;
				CLANG_ENABLE_OBJC_ARC = YES;
				COPY_PHASE_STRIP = NO;
				GCC_DYNAMIC_NO_PIC = NO;
				GCC_OPTIMIZATION_LEVEL = 0;
				GCC_PRECOMPILE_PREFIX_HEADER = YES;
				GCC_PREFIX_HEADER = "MHB_Mobile_W/MHB_Mobile_W-Prefix.pch";
				GCC_THUMB_SUPPORT = NO;
				GCC_VERSION = "";
				INFOPLIST_FILE = "MHB_Mobile_W/MHB_Mobile_W-Info.plist";
				LD_RUNPATH_SEARCH_PATHS = "@executable_path/Frameworks";
				PRODUCT_NAME = "MHB_Mobile_W";
			};
			name = Debug;
		};
		1D6058950D05DD3E006BFB54 /* Release */ = {
			isa = XCBuildConfiguration;
			baseConfigurationReference = 3047A5101AB8059700498E2A /* build-release.xcconfig */;
			buildSettings = {
				ALWAYS_SEARCH_USER_PATHS = NO;
				ASSETCATALOG_COMPILER_APPICON_NAME = AppIcon;
				ASSETCATALOG_COMPILER_LAUNCHIMAGE_NAME = LaunchImage;
				CLANG_ENABLE_MODULES = YES;
				CLANG_ENABLE_OBJC_ARC = YES;
				COPY_PHASE_STRIP = YES;
				GCC_PRECOMPILE_PREFIX_HEADER = YES;
				GCC_PREFIX_HEADER = "MHB_Mobile_W/MHB_Mobile_W-Prefix.pch";
				GCC_THUMB_SUPPORT = NO;
				GCC_VERSION = "";
				INFOPLIST_FILE = "MHB_Mobile_W/MHB_Mobile_W-Info.plist";
				PRODUCT_NAME = "MHB_Mobile_W";
			};
			name = Release;
		};
		C01FCF4F08A954540054247B /* Debug */ = {
			isa = XCBuildConfiguration;
			baseConfigurationReference = 3047A5111AB8059700498E2A /* build.xcconfig */;
			buildSettings = {
				CLANG_ENABLE_MODULES = YES;
				CLANG_ENABLE_OBJC_ARC = YES;
				CLANG_WARN_BOOL_CONVERSION = YES;
				CLANG_WARN_CONSTANT_CONVERSION = YES;
				CLANG_WARN_EMPTY_BODY = YES;
				CLANG_WARN_ENUM_CONVERSION = YES;
				CLANG_WARN_INT_CONVERSION = YES;
				CLANG_WARN__DUPLICATE_METHOD_MATCH = YES;
				GCC_C_LANGUAGE_STANDARD = c99;
				GCC_THUMB_SUPPORT = NO;
				GCC_VERSION = "";
				GCC_WARN_ABOUT_RETURN_TYPE = YES;
				GCC_WARN_UNDECLARED_SELECTOR = YES;
				GCC_WARN_UNINITIALIZED_AUTOS = YES;
				GCC_WARN_UNUSED_FUNCTION = YES;
				GCC_WARN_UNUSED_VARIABLE = YES;
				ONLY_ACTIVE_ARCH = YES;
				SDKROOT = iphoneos;
				SKIP_INSTALL = NO;
			};
			name = Debug;
		};
		C01FCF5008A954540054247B /* Release */ = {
			isa = XCBuildConfiguration;
			baseConfigurationReference = 3047A5111AB8059700498E2A /* build.xcconfig */;
			buildSettings = {
				CLANG_ENABLE_MODULES = YES;
				CLANG_ENABLE_OBJC_ARC = YES;
				CLANG_WARN_BOOL_CONVERSION = YES;
				CLANG_WARN_CONSTANT_CONVERSION = YES;
				CLANG_WARN_EMPTY_BODY = YES;
				CLANG_WARN_ENUM_CONVERSION = YES;
				CLANG_WARN_INT_CONVERSION = YES;
				CLANG_WARN__DUPLICATE_METHOD_MATCH = YES;
				GCC_C_LANGUAGE_STANDARD = c99;
				GCC_THUMB_SUPPORT = NO;
				GCC_VERSION = "";
				GCC_WARN_ABOUT_RETURN_TYPE = YES;
				GCC_WARN_UNDECLARED_SELECTOR = YES;
				GCC_WARN_UNINITIALIZED_AUTOS = YES;
				GCC_WARN_UNUSED_FUNCTION = YES;
				GCC_WARN_UNUSED_VARIABLE = YES;
				SDKROOT = iphoneos;
				SKIP_INSTALL = NO;
			};
			name = Release;
		};
/* End XCBuildConfiguration section */

/* Begin XCConfigurationList section */
		1D6058960D05DD3E006BFB54 /* Build configuration list for PBXNativeTarget "MHB_Mobile_W" */ = {
			isa = XCConfigurationList;
			buildConfigurations = (
				1D6058940D05DD3E006BFB54 /* Debug */,
				1D6058950D05DD3E006BFB54 /* Release */,
			);
			defaultConfigurationIsVisible = 0;
			defaultConfigurationName = Release;
		};
		C01FCF4E08A954540054247B /* Build configuration list for PBXProject "__NON-CLI__" */ = {
			isa = XCConfigurationList;
			buildConfigurations = (
				C01FCF4F08A954540054247B /* Debug */,
				C01FCF5008A954540054247B /* Release */,
			);
			defaultConfigurationIsVisible = 0;
			defaultConfigurationName = Release;
		};
/* End XCConfigurationList section */
	};
	rootObject = 29B97313FDCFA39411CA2CEA /* Project object */;
}
